// !$*UTF8*$!
{
	archiveVersion = 1;
	classes = {
	};
	objectVersion = 50;
	objects = {

/* Begin PBXBuildFile section */
		540FF471245A2C4A00690EDA /* NSFileManager+SafeCopy.m in Sources */ = {isa = PBXBuildFile; fileRef = 540FF470245A2C4A00690EDA /* NSFileManager+SafeCopy.m */; };
		54394F21253DB815009D1CF1 /* IMPDecision.m in Sources */ = {isa = PBXBuildFile; fileRef = 54394F20253DB815009D1CF1 /* IMPDecision.m */; };
		54394F252540767F009D1CF1 /* IMPDecisionModel.m in Sources */ = {isa = PBXBuildFile; fileRef = 54394F242540767F009D1CF1 /* IMPDecisionModel.m */; };
		54394F2925407690009D1CF1 /* IMPDecisionTracker.m in Sources */ = {isa = PBXBuildFile; fileRef = 54394F2825407690009D1CF1 /* IMPDecisionTracker.m */; };
		54394F7125489960009D1CF1 /* IMPScoredVariant.m in Sources */ = {isa = PBXBuildFile; fileRef = 54394F7025489960009D1CF1 /* IMPScoredVariant.m */; };
		54394F99254AA752009D1CF1 /* IMPDecisionTrackerTest.m in Sources */ = {isa = PBXBuildFile; fileRef = 54394F94254AA633009D1CF1 /* IMPDecisionTrackerTest.m */; };
		54394F9E254AA893009D1CF1 /* IMPDecisionModelTest.m in Sources */ = {isa = PBXBuildFile; fileRef = 54394F9D254AA893009D1CF1 /* IMPDecisionModelTest.m */; };
		54394FA1254AAB8C009D1CF1 /* IMPDecisionTest.m in Sources */ = {isa = PBXBuildFile; fileRef = 54394FA0254AAB8C009D1CF1 /* IMPDecisionTest.m */; };
		54394FA3254AAC8A009D1CF1 /* IMPTracker.m in Sources */ = {isa = PBXBuildFile; fileRef = E7FC760B251D9765001A8431 /* IMPTracker.m */; };
		544A0E8024BB7B5E007BB69D /* LoggingTest.m in Sources */ = {isa = PBXBuildFile; fileRef = 544A0E7F24BB7B5E007BB69D /* LoggingTest.m */; };
		5463D5772528D70400722CD7 /* MeditationTrials.json in Resources */ = {isa = PBXBuildFile; fileRef = 5463D5762528D70400722CD7 /* MeditationTrials.json */; };
		548BEE232412442300EFD26A /* MLDictionaryFeatureProvider+Utils.m in Sources */ = {isa = PBXBuildFile; fileRef = 548BEE222412442300EFD26A /* MLDictionaryFeatureProvider+Utils.m */; };
		548BEE2624127C8300EFD26A /* IMPEncodedFeatureProvider.m in Sources */ = {isa = PBXBuildFile; fileRef = 548BEE2524127C8300EFD26A /* IMPEncodedFeatureProvider.m */; };
		548DA93C23EB4EF000825370 /* IMPMatrix.m in Sources */ = {isa = PBXBuildFile; fileRef = 548DA93B23EB4EF000825370 /* IMPMatrix.m */; };
		548DA93E23EB570400825370 /* DataTests.m in Sources */ = {isa = PBXBuildFile; fileRef = 548DA93D23EB570400825370 /* DataTests.m */; };
		5496CE5723EC04EE004E96C5 /* IMPMatrixBatchProvider.m in Sources */ = {isa = PBXBuildFile; fileRef = 5496CE5623EC04EE004E96C5 /* IMPMatrixBatchProvider.m */; };
		5496CE5A23EC7CE7004E96C5 /* NSArray+Random.m in Sources */ = {isa = PBXBuildFile; fileRef = 5496CE5923EC7CE7004E96C5 /* NSArray+Random.m */; };
		549EE78023EF3DD60040D880 /* IMPModelDownloader.m in Sources */ = {isa = PBXBuildFile; fileRef = 549EE77F23EF3DD60040D880 /* IMPModelDownloader.m */; };
		549EE78223F1C4AC0040D880 /* DownloaderTest.m in Sources */ = {isa = PBXBuildFile; fileRef = 549EE78123F1C4AC0040D880 /* DownloaderTest.m */; };
		54A39AC525338DB800F895FF /* TestModel.mlmodel in Resources */ = {isa = PBXBuildFile; fileRef = 548BEE1E241241F500EFD26A /* TestModel.mlmodel */; };
		54A39ACB253498E700F895FF /* SHA1.m in Sources */ = {isa = PBXBuildFile; fileRef = 54A39ACA253498E700F895FF /* SHA1.m */; };
		54A4D3F62403D56400BC1FA8 /* IMPModelMetadata.m in Sources */ = {isa = PBXBuildFile; fileRef = 54A4D3F52403D56400BC1FA8 /* IMPModelMetadata.m */; };
		54AC4DDD24537B80007CB073 /* TestUtils.m in Sources */ = {isa = PBXBuildFile; fileRef = 54AC4DDC24537B80007CB073 /* TestUtils.m */; };
		54BEA57E24BDCFBB00F8A52C /* IMPScoredObject.m in Sources */ = {isa = PBXBuildFile; fileRef = 54BEA57C24BDCFBB00F8A52C /* IMPScoredObject.m */; };
		54CB9B3D23D988F10005BB94 /* IMPMurmurHash.mm in Sources */ = {isa = PBXBuildFile; fileRef = 54CB9B2C23D988F00005BB94 /* IMPMurmurHash.mm */; };
		54CB9B3E23D988F10005BB94 /* MurmurHash3.cpp in Sources */ = {isa = PBXBuildFile; fileRef = 54CB9B2E23D988F00005BB94 /* MurmurHash3.cpp */; };
		54CB9B3F23D988F10005BB94 /* NSArray+Padding.m in Sources */ = {isa = PBXBuildFile; fileRef = 54CB9B3023D988F00005BB94 /* NSArray+Padding.m */; };
		54CB9B4023D988F10005BB94 /* IMPFeatureHasher.mm in Sources */ = {isa = PBXBuildFile; fileRef = 54CB9B3523D988F10005BB94 /* IMPFeatureHasher.mm */; };
		54CB9B4123D988F10005BB94 /* IMPJSONFlattener.m in Sources */ = {isa = PBXBuildFile; fileRef = 54CB9B3723D988F10005BB94 /* IMPJSONFlattener.m */; };
		54CB9B4223D988F10005BB94 /* IMPJSONUtils.m in Sources */ = {isa = PBXBuildFile; fileRef = 54CB9B3A23D988F10005BB94 /* IMPJSONUtils.m */; };
		54CB9B4323D988F10005BB94 /* IMPModel.m in Sources */ = {isa = PBXBuildFile; fileRef = 54CB9B3B23D988F10005BB94 /* IMPModel.m */; };
		54CB9B4B23D989140005BB94 /* FeatureHasherUnitTests.m in Sources */ = {isa = PBXBuildFile; fileRef = 54CB9B4623D989140005BB94 /* FeatureHasherUnitTests.m */; };
		54CB9B4D23D989140005BB94 /* JSONFlattenerTest.m in Sources */ = {isa = PBXBuildFile; fileRef = 54CB9B4823D989140005BB94 /* JSONFlattenerTest.m */; };
		54CB9B5323DA2D310005BB94 /* IMPChooser.m in Sources */ = {isa = PBXBuildFile; fileRef = 54CB9B5223DA2D310005BB94 /* IMPChooser.m */; };
		54CB9B5623DAE8170005BB94 /* MLMultiArray+NSArray.m in Sources */ = {isa = PBXBuildFile; fileRef = 54CB9B5523DAE8170005BB94 /* MLMultiArray+NSArray.m */; };
		54CB9B5923DB02D20005BB94 /* NSArray+Multidimensional.m in Sources */ = {isa = PBXBuildFile; fileRef = 54CB9B5823DB02D10005BB94 /* NSArray+Multidimensional.m */; };
		54D1A7162524D95200F8BF38 /* IMPModelTest.m in Sources */ = {isa = PBXBuildFile; fileRef = 54D1A7122524D47700F8BF38 /* IMPModelTest.m */; };
		54D1A7182525C68E00F8BF38 /* ChooserTest.m in Sources */ = {isa = PBXBuildFile; fileRef = 54CB9B6423DD9E0E0005BB94 /* ChooserTest.m */; };
		54E66A012401BEDD0032BC52 /* trials.json in Resources */ = {isa = PBXBuildFile; fileRef = 54E66A002401BEDC0032BC52 /* trials.json */; };
		54FCD00924C8464600D30031 /* MultitypeSortTestTrainingData.json in Resources */ = {isa = PBXBuildFile; fileRef = 54FCD00824C8464600D30031 /* MultitypeSortTestTrainingData.json */; };
		54FCD00B24C87D7C00D30031 /* MultitypeContextTestTrainingData.json in Resources */ = {isa = PBXBuildFile; fileRef = 54FCD00A24C87D7C00D30031 /* MultitypeContextTestTrainingData.json */; };
/* End PBXBuildFile section */

/* Begin PBXFileReference section */
		540B857E23E6CBF900D578A4 /* TestUtils.h */ = {isa = PBXFileReference; lastKnownFileType = sourcecode.c.h; path = TestUtils.h; sourceTree = "<group>"; };
		540FF46F245A2C4A00690EDA /* NSFileManager+SafeCopy.h */ = {isa = PBXFileReference; lastKnownFileType = sourcecode.c.h; path = "NSFileManager+SafeCopy.h"; sourceTree = "<group>"; };
		540FF470245A2C4A00690EDA /* NSFileManager+SafeCopy.m */ = {isa = PBXFileReference; lastKnownFileType = sourcecode.c.objc; path = "NSFileManager+SafeCopy.m"; sourceTree = "<group>"; };
		54394F1F253DB815009D1CF1 /* IMPDecision.h */ = {isa = PBXFileReference; lastKnownFileType = sourcecode.c.h; path = IMPDecision.h; sourceTree = "<group>"; };
		54394F20253DB815009D1CF1 /* IMPDecision.m */ = {isa = PBXFileReference; lastKnownFileType = sourcecode.c.objc; path = IMPDecision.m; sourceTree = "<group>"; };
		54394F232540767F009D1CF1 /* IMPDecisionModel.h */ = {isa = PBXFileReference; lastKnownFileType = sourcecode.c.h; path = IMPDecisionModel.h; sourceTree = "<group>"; };
		54394F242540767F009D1CF1 /* IMPDecisionModel.m */ = {isa = PBXFileReference; lastKnownFileType = sourcecode.c.objc; path = IMPDecisionModel.m; sourceTree = "<group>"; };
		54394F2725407690009D1CF1 /* IMPDecisionTracker.h */ = {isa = PBXFileReference; lastKnownFileType = sourcecode.c.h; path = IMPDecisionTracker.h; sourceTree = "<group>"; };
		54394F2825407690009D1CF1 /* IMPDecisionTracker.m */ = {isa = PBXFileReference; lastKnownFileType = sourcecode.c.objc; path = IMPDecisionTracker.m; sourceTree = "<group>"; };
		54394F6F25489960009D1CF1 /* IMPScoredVariant.h */ = {isa = PBXFileReference; lastKnownFileType = sourcecode.c.h; path = IMPScoredVariant.h; sourceTree = "<group>"; };
		54394F7025489960009D1CF1 /* IMPScoredVariant.m */ = {isa = PBXFileReference; lastKnownFileType = sourcecode.c.objc; path = IMPScoredVariant.m; sourceTree = "<group>"; };
		54394F94254AA633009D1CF1 /* IMPDecisionTrackerTest.m */ = {isa = PBXFileReference; lastKnownFileType = sourcecode.c.objc; path = IMPDecisionTrackerTest.m; sourceTree = "<group>"; };
		54394F9D254AA893009D1CF1 /* IMPDecisionModelTest.m */ = {isa = PBXFileReference; lastKnownFileType = sourcecode.c.objc; path = IMPDecisionModelTest.m; sourceTree = "<group>"; };
		54394FA0254AAB8C009D1CF1 /* IMPDecisionTest.m */ = {isa = PBXFileReference; lastKnownFileType = sourcecode.c.objc; path = IMPDecisionTest.m; sourceTree = "<group>"; };
		544A0E7E24B6FF8B007BB69D /* IMPLogging.h */ = {isa = PBXFileReference; lastKnownFileType = sourcecode.c.h; path = IMPLogging.h; sourceTree = "<group>"; };
		544A0E7F24BB7B5E007BB69D /* LoggingTest.m */ = {isa = PBXFileReference; lastKnownFileType = sourcecode.c.objc; path = LoggingTest.m; sourceTree = "<group>"; };
		5463D5762528D70400722CD7 /* MeditationTrials.json */ = {isa = PBXFileReference; lastKnownFileType = text.json; path = MeditationTrials.json; sourceTree = "<group>"; };
		548BEE1E241241F500EFD26A /* TestModel.mlmodel */ = {isa = PBXFileReference; lastKnownFileType = file.mlmodel; path = TestModel.mlmodel; sourceTree = "<group>"; };
		548BEE212412442300EFD26A /* MLDictionaryFeatureProvider+Utils.h */ = {isa = PBXFileReference; lastKnownFileType = sourcecode.c.h; path = "MLDictionaryFeatureProvider+Utils.h"; sourceTree = "<group>"; };
		548BEE222412442300EFD26A /* MLDictionaryFeatureProvider+Utils.m */ = {isa = PBXFileReference; lastKnownFileType = sourcecode.c.objc; path = "MLDictionaryFeatureProvider+Utils.m"; sourceTree = "<group>"; };
		548BEE2424127C8300EFD26A /* IMPEncodedFeatureProvider.h */ = {isa = PBXFileReference; lastKnownFileType = sourcecode.c.h; path = IMPEncodedFeatureProvider.h; sourceTree = "<group>"; };
		548BEE2524127C8300EFD26A /* IMPEncodedFeatureProvider.m */ = {isa = PBXFileReference; lastKnownFileType = sourcecode.c.objc; path = IMPEncodedFeatureProvider.m; sourceTree = "<group>"; };
		548DA93A23EB4EF000825370 /* IMPMatrix.h */ = {isa = PBXFileReference; lastKnownFileType = sourcecode.c.h; path = IMPMatrix.h; sourceTree = "<group>"; };
		548DA93B23EB4EF000825370 /* IMPMatrix.m */ = {isa = PBXFileReference; lastKnownFileType = sourcecode.c.objc; path = IMPMatrix.m; sourceTree = "<group>"; };
		548DA93D23EB570400825370 /* DataTests.m */ = {isa = PBXFileReference; lastKnownFileType = sourcecode.c.objc; path = DataTests.m; sourceTree = "<group>"; };
		5496CE5523EC04EE004E96C5 /* IMPMatrixBatchProvider.h */ = {isa = PBXFileReference; lastKnownFileType = sourcecode.c.h; path = IMPMatrixBatchProvider.h; sourceTree = "<group>"; };
		5496CE5623EC04EE004E96C5 /* IMPMatrixBatchProvider.m */ = {isa = PBXFileReference; lastKnownFileType = sourcecode.c.objc; path = IMPMatrixBatchProvider.m; sourceTree = "<group>"; };
		5496CE5823EC7CE7004E96C5 /* NSArray+Random.h */ = {isa = PBXFileReference; lastKnownFileType = sourcecode.c.h; path = "NSArray+Random.h"; sourceTree = "<group>"; };
		5496CE5923EC7CE7004E96C5 /* NSArray+Random.m */ = {isa = PBXFileReference; lastKnownFileType = sourcecode.c.objc; path = "NSArray+Random.m"; sourceTree = "<group>"; };
		5496CE5C23ED5FFE004E96C5 /* IMPCommon.h */ = {isa = PBXFileReference; lastKnownFileType = sourcecode.c.h; path = IMPCommon.h; sourceTree = "<group>"; };
		549EE77E23EF3DD60040D880 /* IMPModelDownloader.h */ = {isa = PBXFileReference; lastKnownFileType = sourcecode.c.h; path = IMPModelDownloader.h; sourceTree = "<group>"; };
		549EE77F23EF3DD60040D880 /* IMPModelDownloader.m */ = {isa = PBXFileReference; lastKnownFileType = sourcecode.c.objc; path = IMPModelDownloader.m; sourceTree = "<group>"; };
		549EE78123F1C4AC0040D880 /* DownloaderTest.m */ = {isa = PBXFileReference; lastKnownFileType = sourcecode.c.objc; path = DownloaderTest.m; sourceTree = "<group>"; };
		54A39AC9253498E700F895FF /* SHA1.h */ = {isa = PBXFileReference; lastKnownFileType = sourcecode.c.h; path = SHA1.h; sourceTree = "<group>"; };
		54A39ACA253498E700F895FF /* SHA1.m */ = {isa = PBXFileReference; lastKnownFileType = sourcecode.c.objc; path = SHA1.m; sourceTree = "<group>"; };
		54A4D3F42403D56400BC1FA8 /* IMPModelMetadata.h */ = {isa = PBXFileReference; lastKnownFileType = sourcecode.c.h; path = IMPModelMetadata.h; sourceTree = "<group>"; };
		54A4D3F52403D56400BC1FA8 /* IMPModelMetadata.m */ = {isa = PBXFileReference; lastKnownFileType = sourcecode.c.objc; path = IMPModelMetadata.m; sourceTree = "<group>"; };
		54AC4DDC24537B80007CB073 /* TestUtils.m */ = {isa = PBXFileReference; lastKnownFileType = sourcecode.c.objc; path = TestUtils.m; sourceTree = "<group>"; };
		54BEA57B24BD9E5600F8A52C /* Tests.pch */ = {isa = PBXFileReference; lastKnownFileType = sourcecode.c.h; path = Tests.pch; sourceTree = "<group>"; };
		54BEA57C24BDCFBB00F8A52C /* IMPScoredObject.m */ = {isa = PBXFileReference; fileEncoding = 4; lastKnownFileType = sourcecode.c.objc; path = IMPScoredObject.m; sourceTree = "<group>"; };
		54BEA57D24BDCFBB00F8A52C /* IMPScoredObject.h */ = {isa = PBXFileReference; fileEncoding = 4; lastKnownFileType = sourcecode.c.h; path = IMPScoredObject.h; sourceTree = "<group>"; };
		54CA20F223FDB63300723655 /* libarchive.2.tbd */ = {isa = PBXFileReference; lastKnownFileType = "sourcecode.text-based-dylib-definition"; name = libarchive.2.tbd; path = usr/lib/libarchive.2.tbd; sourceTree = SDKROOT; };
		54CB9B1F23D987800005BB94 /* ImproveUnitTests.xctest */ = {isa = PBXFileReference; explicitFileType = wrapper.cfbundle; includeInIndex = 0; path = ImproveUnitTests.xctest; sourceTree = BUILT_PRODUCTS_DIR; };
		54CB9B2423D987800005BB94 /* Info.plist */ = {isa = PBXFileReference; lastKnownFileType = text.plist.xml; path = Info.plist; sourceTree = "<group>"; };
		54CB9B2B23D988F00005BB94 /* IMPMurmurHash.h */ = {isa = PBXFileReference; fileEncoding = 4; lastKnownFileType = sourcecode.c.h; path = IMPMurmurHash.h; sourceTree = "<group>"; };
		54CB9B2C23D988F00005BB94 /* IMPMurmurHash.mm */ = {isa = PBXFileReference; fileEncoding = 4; lastKnownFileType = sourcecode.cpp.objcpp; path = IMPMurmurHash.mm; sourceTree = "<group>"; };
		54CB9B2D23D988F00005BB94 /* MurmurHash3.h */ = {isa = PBXFileReference; fileEncoding = 4; lastKnownFileType = sourcecode.c.h; path = MurmurHash3.h; sourceTree = "<group>"; };
		54CB9B2E23D988F00005BB94 /* MurmurHash3.cpp */ = {isa = PBXFileReference; fileEncoding = 4; lastKnownFileType = sourcecode.cpp.cpp; path = MurmurHash3.cpp; sourceTree = "<group>"; };
		54CB9B3023D988F00005BB94 /* NSArray+Padding.m */ = {isa = PBXFileReference; fileEncoding = 4; lastKnownFileType = sourcecode.c.objc; path = "NSArray+Padding.m"; sourceTree = "<group>"; };
		54CB9B3123D988F00005BB94 /* NSArray+Padding.h */ = {isa = PBXFileReference; fileEncoding = 4; lastKnownFileType = sourcecode.c.h; path = "NSArray+Padding.h"; sourceTree = "<group>"; };
		54CB9B3423D988F10005BB94 /* IMPFeatureHasher.h */ = {isa = PBXFileReference; fileEncoding = 4; lastKnownFileType = sourcecode.c.h; path = IMPFeatureHasher.h; sourceTree = "<group>"; };
		54CB9B3523D988F10005BB94 /* IMPFeatureHasher.mm */ = {isa = PBXFileReference; fileEncoding = 4; lastKnownFileType = sourcecode.cpp.objcpp; path = IMPFeatureHasher.mm; sourceTree = "<group>"; };
		54CB9B3723D988F10005BB94 /* IMPJSONFlattener.m */ = {isa = PBXFileReference; fileEncoding = 4; lastKnownFileType = sourcecode.c.objc; path = IMPJSONFlattener.m; sourceTree = "<group>"; };
		54CB9B3823D988F10005BB94 /* IMPJSONUtils.h */ = {isa = PBXFileReference; fileEncoding = 4; lastKnownFileType = sourcecode.c.h; path = IMPJSONUtils.h; sourceTree = "<group>"; };
		54CB9B3923D988F10005BB94 /* IMPJSONFlattener.h */ = {isa = PBXFileReference; fileEncoding = 4; lastKnownFileType = sourcecode.c.h; path = IMPJSONFlattener.h; sourceTree = "<group>"; };
		54CB9B3A23D988F10005BB94 /* IMPJSONUtils.m */ = {isa = PBXFileReference; fileEncoding = 4; lastKnownFileType = sourcecode.c.objc; path = IMPJSONUtils.m; sourceTree = "<group>"; };
		54CB9B3B23D988F10005BB94 /* IMPModel.m */ = {isa = PBXFileReference; fileEncoding = 4; lastKnownFileType = sourcecode.c.objc; path = IMPModel.m; sourceTree = "<group>"; };
		54CB9B3C23D988F10005BB94 /* IMPModel.h */ = {isa = PBXFileReference; fileEncoding = 4; lastKnownFileType = sourcecode.c.h; path = IMPModel.h; sourceTree = "<group>"; };
		54CB9B4623D989140005BB94 /* FeatureHasherUnitTests.m */ = {isa = PBXFileReference; fileEncoding = 4; lastKnownFileType = sourcecode.c.objc; path = FeatureHasherUnitTests.m; sourceTree = "<group>"; };
		54CB9B4823D989140005BB94 /* JSONFlattenerTest.m */ = {isa = PBXFileReference; fileEncoding = 4; lastKnownFileType = sourcecode.c.objc; path = JSONFlattenerTest.m; sourceTree = "<group>"; };
		54CB9B5123DA2D310005BB94 /* IMPChooser.h */ = {isa = PBXFileReference; lastKnownFileType = sourcecode.c.h; path = IMPChooser.h; sourceTree = "<group>"; };
		54CB9B5223DA2D310005BB94 /* IMPChooser.m */ = {isa = PBXFileReference; lastKnownFileType = sourcecode.c.objc; path = IMPChooser.m; sourceTree = "<group>"; };
		54CB9B5423DAE8170005BB94 /* MLMultiArray+NSArray.h */ = {isa = PBXFileReference; lastKnownFileType = sourcecode.c.h; path = "MLMultiArray+NSArray.h"; sourceTree = "<group>"; };
		54CB9B5523DAE8170005BB94 /* MLMultiArray+NSArray.m */ = {isa = PBXFileReference; lastKnownFileType = sourcecode.c.objc; path = "MLMultiArray+NSArray.m"; sourceTree = "<group>"; };
		54CB9B5723DB02D10005BB94 /* NSArray+Multidimensional.h */ = {isa = PBXFileReference; lastKnownFileType = sourcecode.c.h; path = "NSArray+Multidimensional.h"; sourceTree = "<group>"; };
		54CB9B5823DB02D10005BB94 /* NSArray+Multidimensional.m */ = {isa = PBXFileReference; lastKnownFileType = sourcecode.c.objc; path = "NSArray+Multidimensional.m"; sourceTree = "<group>"; };
		54CB9B6423DD9E0E0005BB94 /* ChooserTest.m */ = {isa = PBXFileReference; lastKnownFileType = sourcecode.c.objc; path = ChooserTest.m; sourceTree = "<group>"; };
		54D1A7122524D47700F8BF38 /* IMPModelTest.m */ = {isa = PBXFileReference; lastKnownFileType = sourcecode.c.objc; path = IMPModelTest.m; sourceTree = "<group>"; };
		54D1A7142524D4D800F8BF38 /* IMPTrackerTest.m */ = {isa = PBXFileReference; lastKnownFileType = sourcecode.c.objc; path = IMPTrackerTest.m; sourceTree = "<group>"; };
		54E66A002401BEDC0032BC52 /* trials.json */ = {isa = PBXFileReference; fileEncoding = 4; lastKnownFileType = text.json; name = trials.json; path = Python/trials.json; sourceTree = "<group>"; };
		54FCD00624C7401B00D30031 /* ImproveTrainingTest.m */ = {isa = PBXFileReference; lastKnownFileType = sourcecode.c.objc; path = ImproveTrainingTest.m; sourceTree = "<group>"; };
		54FCD00824C8464600D30031 /* MultitypeSortTestTrainingData.json */ = {isa = PBXFileReference; fileEncoding = 4; lastKnownFileType = text.json; name = MultitypeSortTestTrainingData.json; path = Python/MultitypeSortTestTrainingData.json; sourceTree = "<group>"; };
		54FCD00A24C87D7C00D30031 /* MultitypeContextTestTrainingData.json */ = {isa = PBXFileReference; fileEncoding = 4; lastKnownFileType = text.json; name = MultitypeContextTestTrainingData.json; path = Python/MultitypeContextTestTrainingData.json; sourceTree = "<group>"; };
		E7FC760A251D9765001A8431 /* IMPTracker.h */ = {isa = PBXFileReference; lastKnownFileType = sourcecode.c.h; path = IMPTracker.h; sourceTree = "<group>"; };
		E7FC760B251D9765001A8431 /* IMPTracker.m */ = {isa = PBXFileReference; lastKnownFileType = sourcecode.c.objc; path = IMPTracker.m; sourceTree = "<group>"; };
/* End PBXFileReference section */

/* Begin PBXFrameworksBuildPhase section */
		54CB9B1C23D987800005BB94 /* Frameworks */ = {
			isa = PBXFrameworksBuildPhase;
			buildActionMask = 2147483647;
			files = (
			);
			runOnlyForDeploymentPostprocessing = 0;
		};
/* End PBXFrameworksBuildPhase section */

/* Begin PBXGroup section */
		544D3B3223DEF35400CF95DB /* FeatureProviders */ = {
			isa = PBXGroup;
			children = (
				5496CE5523EC04EE004E96C5 /* IMPMatrixBatchProvider.h */,
				5496CE5623EC04EE004E96C5 /* IMPMatrixBatchProvider.m */,
				548BEE2424127C8300EFD26A /* IMPEncodedFeatureProvider.h */,
				548BEE2524127C8300EFD26A /* IMPEncodedFeatureProvider.m */,
			);
			path = FeatureProviders;
			sourceTree = "<group>";
		};
		548DA93923EB4E6E00825370 /* Data */ = {
			isa = PBXGroup;
			children = (
				548DA93A23EB4EF000825370 /* IMPMatrix.h */,
				548DA93B23EB4EF000825370 /* IMPMatrix.m */,
				54A4D3F42403D56400BC1FA8 /* IMPModelMetadata.h */,
				54A4D3F52403D56400BC1FA8 /* IMPModelMetadata.m */,
				54394F6F25489960009D1CF1 /* IMPScoredVariant.h */,
				54394F7025489960009D1CF1 /* IMPScoredVariant.m */,
			);
			path = Data;
			sourceTree = "<group>";
		};
		549EE77D23EF3D040040D880 /* Downloader */ = {
			isa = PBXGroup;
			children = (
				549EE77E23EF3DD60040D880 /* IMPModelDownloader.h */,
				549EE77F23EF3DD60040D880 /* IMPModelDownloader.m */,
			);
			path = Downloader;
			sourceTree = "<group>";
		};
		54CA20F123FDB63300723655 /* Frameworks */ = {
			isa = PBXGroup;
			children = (
				54CA20F223FDB63300723655 /* libarchive.2.tbd */,
			);
			name = Frameworks;
			sourceTree = "<group>";
		};
		54CB9B1423D987590005BB94 = {
			isa = PBXGroup;
			children = (
				54CB9B2823D988D10005BB94 /* Improve */,
				54CB9B2123D987800005BB94 /* ImproveUnitTests */,
				54CB9B2023D987800005BB94 /* Products */,
				54CA20F123FDB63300723655 /* Frameworks */,
			);
			sourceTree = "<group>";
		};
		54CB9B2023D987800005BB94 /* Products */ = {
			isa = PBXGroup;
			children = (
				54CB9B1F23D987800005BB94 /* ImproveUnitTests.xctest */,
			);
			name = Products;
			sourceTree = "<group>";
		};
		54CB9B2123D987800005BB94 /* ImproveUnitTests */ = {
			isa = PBXGroup;
			children = (
				54BEA57B24BD9E5600F8A52C /* Tests.pch */,
				540B857E23E6CBF900D578A4 /* TestUtils.h */,
				54AC4DDC24537B80007CB073 /* TestUtils.m */,
				54CB9B4623D989140005BB94 /* FeatureHasherUnitTests.m */,
				54CB9B4823D989140005BB94 /* JSONFlattenerTest.m */,
				54CB9B6423DD9E0E0005BB94 /* ChooserTest.m */,
				548DA93D23EB570400825370 /* DataTests.m */,
				549EE78123F1C4AC0040D880 /* DownloaderTest.m */,
				54D1A7122524D47700F8BF38 /* IMPModelTest.m */,
				54394F9D254AA893009D1CF1 /* IMPDecisionModelTest.m */,
				54D1A7142524D4D800F8BF38 /* IMPTrackerTest.m */,
				54394F94254AA633009D1CF1 /* IMPDecisionTrackerTest.m */,
				54394FA0254AAB8C009D1CF1 /* IMPDecisionTest.m */,
				54FCD00624C7401B00D30031 /* ImproveTrainingTest.m */,
				544A0E7F24BB7B5E007BB69D /* LoggingTest.m */,
				54BEA57D24BDCFBB00F8A52C /* IMPScoredObject.h */,
				54BEA57C24BDCFBB00F8A52C /* IMPScoredObject.m */,
				54E66A002401BEDC0032BC52 /* trials.json */,
				548BEE1E241241F500EFD26A /* TestModel.mlmodel */,
				5463D5762528D70400722CD7 /* MeditationTrials.json */,
				54FCD00824C8464600D30031 /* MultitypeSortTestTrainingData.json */,
				54FCD00A24C87D7C00D30031 /* MultitypeContextTestTrainingData.json */,
				54CB9B2423D987800005BB94 /* Info.plist */,
			);
			path = ImproveUnitTests;
			sourceTree = "<group>";
		};
		54CB9B2823D988D10005BB94 /* Improve */ = {
			isa = PBXGroup;
			children = (
				54CB9B2F23D988F00005BB94 /* Categories */,
				54CB9B3223D988F10005BB94 /* Classes */,
				54CB9B2923D988F00005BB94 /* ThirdParty */,
			);
			name = Improve;
			sourceTree = "<group>";
		};
		54CB9B2923D988F00005BB94 /* ThirdParty */ = {
			isa = PBXGroup;
			children = (
				54CB9B2A23D988F00005BB94 /* MurmurHash */,
			);
			name = ThirdParty;
			path = ../ThirdParty;
			sourceTree = "<group>";
		};
		54CB9B2A23D988F00005BB94 /* MurmurHash */ = {
			isa = PBXGroup;
			children = (
				54CB9B2B23D988F00005BB94 /* IMPMurmurHash.h */,
				54CB9B2C23D988F00005BB94 /* IMPMurmurHash.mm */,
				54CB9B2D23D988F00005BB94 /* MurmurHash3.h */,
				54CB9B2E23D988F00005BB94 /* MurmurHash3.cpp */,
			);
			path = MurmurHash;
			sourceTree = "<group>";
		};
		54CB9B2F23D988F00005BB94 /* Categories */ = {
			isa = PBXGroup;
			children = (
				54CB9B3123D988F00005BB94 /* NSArray+Padding.h */,
				54CB9B3023D988F00005BB94 /* NSArray+Padding.m */,
				54CB9B5723DB02D10005BB94 /* NSArray+Multidimensional.h */,
				54CB9B5823DB02D10005BB94 /* NSArray+Multidimensional.m */,
				54CB9B5423DAE8170005BB94 /* MLMultiArray+NSArray.h */,
				54CB9B5523DAE8170005BB94 /* MLMultiArray+NSArray.m */,
				548BEE212412442300EFD26A /* MLDictionaryFeatureProvider+Utils.h */,
				548BEE222412442300EFD26A /* MLDictionaryFeatureProvider+Utils.m */,
				5496CE5823EC7CE7004E96C5 /* NSArray+Random.h */,
				5496CE5923EC7CE7004E96C5 /* NSArray+Random.m */,
				540FF46F245A2C4A00690EDA /* NSFileManager+SafeCopy.h */,
				540FF470245A2C4A00690EDA /* NSFileManager+SafeCopy.m */,
			);
			name = Categories;
			path = ../Categories;
			sourceTree = "<group>";
		};
		54CB9B3223D988F10005BB94 /* Classes */ = {
			isa = PBXGroup;
			children = (
				54CB9B3323D988F10005BB94 /* FeatureHasher */,
				54CB9B3623D988F10005BB94 /* Utils */,
				54CB9B5023DA2D190005BB94 /* Chooser */,
				544D3B3223DEF35400CF95DB /* FeatureProviders */,
				548DA93923EB4E6E00825370 /* Data */,
				549EE77D23EF3D040040D880 /* Downloader */,
				54CB9B3C23D988F10005BB94 /* IMPModel.h */,
				54CB9B3B23D988F10005BB94 /* IMPModel.m */,
				E7FC760A251D9765001A8431 /* IMPTracker.h */,
				E7FC760B251D9765001A8431 /* IMPTracker.m */,
				54394F1F253DB815009D1CF1 /* IMPDecision.h */,
				54394F20253DB815009D1CF1 /* IMPDecision.m */,
				54394F232540767F009D1CF1 /* IMPDecisionModel.h */,
				54394F242540767F009D1CF1 /* IMPDecisionModel.m */,
				54394F2725407690009D1CF1 /* IMPDecisionTracker.h */,
				54394F2825407690009D1CF1 /* IMPDecisionTracker.m */,
			);
			name = Classes;
			path = ../Classes;
			sourceTree = "<group>";
		};
		54CB9B3323D988F10005BB94 /* FeatureHasher */ = {
			isa = PBXGroup;
			children = (
				54CB9B3423D988F10005BB94 /* IMPFeatureHasher.h */,
				54CB9B3523D988F10005BB94 /* IMPFeatureHasher.mm */,
			);
			path = FeatureHasher;
			sourceTree = "<group>";
		};
		54CB9B3623D988F10005BB94 /* Utils */ = {
			isa = PBXGroup;
			children = (
				5496CE5C23ED5FFE004E96C5 /* IMPCommon.h */,
				544A0E7E24B6FF8B007BB69D /* IMPLogging.h */,
				54CB9B3923D988F10005BB94 /* IMPJSONFlattener.h */,
				54CB9B3723D988F10005BB94 /* IMPJSONFlattener.m */,
				54CB9B3823D988F10005BB94 /* IMPJSONUtils.h */,
				54CB9B3A23D988F10005BB94 /* IMPJSONUtils.m */,
				54A39AC9253498E700F895FF /* SHA1.h */,
				54A39ACA253498E700F895FF /* SHA1.m */,
			);
			path = Utils;
			sourceTree = "<group>";
		};
		54CB9B5023DA2D190005BB94 /* Chooser */ = {
			isa = PBXGroup;
			children = (
				54CB9B5123DA2D310005BB94 /* IMPChooser.h */,
				54CB9B5223DA2D310005BB94 /* IMPChooser.m */,
			);
			path = Chooser;
			sourceTree = "<group>";
		};
/* End PBXGroup section */

/* Begin PBXNativeTarget section */
		54CB9B1E23D987800005BB94 /* ImproveUnitTests */ = {
			isa = PBXNativeTarget;
			buildConfigurationList = 54CB9B2523D987800005BB94 /* Build configuration list for PBXNativeTarget "ImproveUnitTests" */;
			buildPhases = (
				54CB9B1B23D987800005BB94 /* Sources */,
				54CB9B1C23D987800005BB94 /* Frameworks */,
				54CB9B1D23D987800005BB94 /* Resources */,
			);
			buildRules = (
			);
			dependencies = (
			);
			name = ImproveUnitTests;
			productName = ImproveUnitTests;
			productReference = 54CB9B1F23D987800005BB94 /* ImproveUnitTests.xctest */;
			productType = "com.apple.product-type.bundle.unit-test";
		};
/* End PBXNativeTarget section */

/* Begin PBXProject section */
		54CB9B1523D987590005BB94 /* Project object */ = {
			isa = PBXProject;
			attributes = {
				LastUpgradeCheck = 1140;
				ORGANIZATIONNAME = "Mind Blown Apps, LLC";
				TargetAttributes = {
					54CB9B1E23D987800005BB94 = {
						CreatedOnToolsVersion = 11.3.1;
					};
				};
			};
			buildConfigurationList = 54CB9B1823D987590005BB94 /* Build configuration list for PBXProject "Tests" */;
			compatibilityVersion = "Xcode 9.3";
			developmentRegion = en;
			hasScannedForEncodings = 0;
			knownRegions = (
				en,
				Base,
			);
			mainGroup = 54CB9B1423D987590005BB94;
			productRefGroup = 54CB9B2023D987800005BB94 /* Products */;
			projectDirPath = "";
			projectRoot = "";
			targets = (
				54CB9B1E23D987800005BB94 /* ImproveUnitTests */,
			);
		};
/* End PBXProject section */

/* Begin PBXResourcesBuildPhase section */
		54CB9B1D23D987800005BB94 /* Resources */ = {
			isa = PBXResourcesBuildPhase;
			buildActionMask = 2147483647;
			files = (
				54FCD00924C8464600D30031 /* MultitypeSortTestTrainingData.json in Resources */,
				54FCD00B24C87D7C00D30031 /* MultitypeContextTestTrainingData.json in Resources */,
				54E66A012401BEDD0032BC52 /* trials.json in Resources */,
				5463D5772528D70400722CD7 /* MeditationTrials.json in Resources */,
				54A39AC525338DB800F895FF /* TestModel.mlmodel in Resources */,
			);
			runOnlyForDeploymentPostprocessing = 0;
		};
/* End PBXResourcesBuildPhase section */

/* Begin PBXSourcesBuildPhase section */
		54CB9B1B23D987800005BB94 /* Sources */ = {
			isa = PBXSourcesBuildPhase;
			buildActionMask = 2147483647;
			files = (
				54A39ACB253498E700F895FF /* SHA1.m in Sources */,
				548BEE232412442300EFD26A /* MLDictionaryFeatureProvider+Utils.m in Sources */,
				54D1A7182525C68E00F8BF38 /* ChooserTest.m in Sources */,
				54394F2925407690009D1CF1 /* IMPDecisionTracker.m in Sources */,
				54394F7125489960009D1CF1 /* IMPScoredVariant.m in Sources */,
				54CB9B4123D988F10005BB94 /* IMPJSONFlattener.m in Sources */,
				54D1A7162524D95200F8BF38 /* IMPModelTest.m in Sources */,
				548BEE2624127C8300EFD26A /* IMPEncodedFeatureProvider.m in Sources */,
				54CB9B5923DB02D20005BB94 /* NSArray+Multidimensional.m in Sources */,
				54394F99254AA752009D1CF1 /* IMPDecisionTrackerTest.m in Sources */,
				54394F21253DB815009D1CF1 /* IMPDecision.m in Sources */,
				54394FA1254AAB8C009D1CF1 /* IMPDecisionTest.m in Sources */,
				54CB9B4D23D989140005BB94 /* JSONFlattenerTest.m in Sources */,
				548DA93C23EB4EF000825370 /* IMPMatrix.m in Sources */,
				544A0E8024BB7B5E007BB69D /* LoggingTest.m in Sources */,
				54394F9E254AA893009D1CF1 /* IMPDecisionModelTest.m in Sources */,
				54A4D3F62403D56400BC1FA8 /* IMPModelMetadata.m in Sources */,
				5496CE5723EC04EE004E96C5 /* IMPMatrixBatchProvider.m in Sources */,
				54CB9B3D23D988F10005BB94 /* IMPMurmurHash.mm in Sources */,
				549EE78023EF3DD60040D880 /* IMPModelDownloader.m in Sources */,
				549EE78223F1C4AC0040D880 /* DownloaderTest.m in Sources */,
				54CB9B3E23D988F10005BB94 /* MurmurHash3.cpp in Sources */,
				54CB9B4B23D989140005BB94 /* FeatureHasherUnitTests.m in Sources */,
				54394F252540767F009D1CF1 /* IMPDecisionModel.m in Sources */,
				54CB9B5323DA2D310005BB94 /* IMPChooser.m in Sources */,
				54CB9B4223D988F10005BB94 /* IMPJSONUtils.m in Sources */,
				540FF471245A2C4A00690EDA /* NSFileManager+SafeCopy.m in Sources */,
				54BEA57E24BDCFBB00F8A52C /* IMPScoredObject.m in Sources */,
				54CB9B4023D988F10005BB94 /* IMPFeatureHasher.mm in Sources */,
				54394FA3254AAC8A009D1CF1 /* IMPTracker.m in Sources */,
				548DA93E23EB570400825370 /* DataTests.m in Sources */,
				54CB9B3F23D988F10005BB94 /* NSArray+Padding.m in Sources */,
				54CB9B4323D988F10005BB94 /* IMPModel.m in Sources */,
				54AC4DDD24537B80007CB073 /* TestUtils.m in Sources */,
				54CB9B5623DAE8170005BB94 /* MLMultiArray+NSArray.m in Sources */,
				5496CE5A23EC7CE7004E96C5 /* NSArray+Random.m in Sources */,
			);
			runOnlyForDeploymentPostprocessing = 0;
		};
/* End PBXSourcesBuildPhase section */

/* Begin XCBuildConfiguration section */
		54CB9B1923D987590005BB94 /* Debug */ = {
			isa = XCBuildConfiguration;
			buildSettings = {
				CLANG_WARN_BLOCK_CAPTURE_AUTORELEASING = YES;
				CLANG_WARN_BOOL_CONVERSION = YES;
				CLANG_WARN_COMMA = YES;
				CLANG_WARN_CONSTANT_CONVERSION = YES;
				CLANG_WARN_DEPRECATED_OBJC_IMPLEMENTATIONS = YES;
				CLANG_WARN_EMPTY_BODY = YES;
				CLANG_WARN_ENUM_CONVERSION = YES;
				CLANG_WARN_INFINITE_RECURSION = YES;
				CLANG_WARN_INT_CONVERSION = YES;
				CLANG_WARN_NON_LITERAL_NULL_CONVERSION = YES;
				CLANG_WARN_OBJC_IMPLICIT_RETAIN_SELF = YES;
				CLANG_WARN_OBJC_LITERAL_CONVERSION = YES;
				CLANG_WARN_RANGE_LOOP_ANALYSIS = YES;
				CLANG_WARN_STRICT_PROTOTYPES = YES;
				CLANG_WARN_SUSPICIOUS_MOVE = YES;
				CLANG_WARN_UNREACHABLE_CODE = YES;
				CLANG_WARN__DUPLICATE_METHOD_MATCH = YES;
				ENABLE_STRICT_OBJC_MSGSEND = YES;
				ENABLE_TESTABILITY = YES;
				GCC_NO_COMMON_BLOCKS = YES;
				GCC_WARN_64_TO_32_BIT_CONVERSION = YES;
				GCC_WARN_ABOUT_RETURN_TYPE = YES;
				GCC_WARN_UNDECLARED_SELECTOR = YES;
				GCC_WARN_UNINITIALIZED_AUTOS = YES;
				GCC_WARN_UNUSED_FUNCTION = YES;
				GCC_WARN_UNUSED_VARIABLE = YES;
				IPHONEOS_DEPLOYMENT_TARGET = 12.0;
				ONLY_ACTIVE_ARCH = YES;
			};
			name = Debug;
		};
		54CB9B1A23D987590005BB94 /* Release */ = {
			isa = XCBuildConfiguration;
			buildSettings = {
				CLANG_WARN_BLOCK_CAPTURE_AUTORELEASING = YES;
				CLANG_WARN_BOOL_CONVERSION = YES;
				CLANG_WARN_COMMA = YES;
				CLANG_WARN_CONSTANT_CONVERSION = YES;
				CLANG_WARN_DEPRECATED_OBJC_IMPLEMENTATIONS = YES;
				CLANG_WARN_EMPTY_BODY = YES;
				CLANG_WARN_ENUM_CONVERSION = YES;
				CLANG_WARN_INFINITE_RECURSION = YES;
				CLANG_WARN_INT_CONVERSION = YES;
				CLANG_WARN_NON_LITERAL_NULL_CONVERSION = YES;
				CLANG_WARN_OBJC_IMPLICIT_RETAIN_SELF = YES;
				CLANG_WARN_OBJC_LITERAL_CONVERSION = YES;
				CLANG_WARN_RANGE_LOOP_ANALYSIS = YES;
				CLANG_WARN_STRICT_PROTOTYPES = YES;
				CLANG_WARN_SUSPICIOUS_MOVE = YES;
				CLANG_WARN_UNREACHABLE_CODE = YES;
				CLANG_WARN__DUPLICATE_METHOD_MATCH = YES;
				ENABLE_STRICT_OBJC_MSGSEND = YES;
				GCC_NO_COMMON_BLOCKS = YES;
				GCC_WARN_64_TO_32_BIT_CONVERSION = YES;
				GCC_WARN_ABOUT_RETURN_TYPE = YES;
				GCC_WARN_UNDECLARED_SELECTOR = YES;
				GCC_WARN_UNINITIALIZED_AUTOS = YES;
				GCC_WARN_UNUSED_FUNCTION = YES;
				GCC_WARN_UNUSED_VARIABLE = YES;
				IPHONEOS_DEPLOYMENT_TARGET = 12.0;
			};
			name = Release;
		};
		54CB9B2623D987800005BB94 /* Debug */ = {
			isa = XCBuildConfiguration;
			buildSettings = {
				ALWAYS_SEARCH_USER_PATHS = NO;
				CLANG_ANALYZER_NONNULL = YES;
				CLANG_ANALYZER_NUMBER_OBJECT_CONVERSION = YES_AGGRESSIVE;
				CLANG_CXX_LANGUAGE_STANDARD = "gnu++14";
				CLANG_CXX_LIBRARY = "libc++";
				CLANG_ENABLE_MODULES = YES;
				CLANG_ENABLE_OBJC_ARC = YES;
				CLANG_ENABLE_OBJC_WEAK = YES;
				CLANG_STATIC_ANALYZER_MODE = deep;
				CLANG_WARN_BLOCK_CAPTURE_AUTORELEASING = YES;
				CLANG_WARN_BOOL_CONVERSION = YES;
				CLANG_WARN_COMMA = YES;
				CLANG_WARN_CONSTANT_CONVERSION = YES;
				CLANG_WARN_DEPRECATED_OBJC_IMPLEMENTATIONS = YES;
				CLANG_WARN_DIRECT_OBJC_ISA_USAGE = YES_ERROR;
				CLANG_WARN_DOCUMENTATION_COMMENTS = YES;
				CLANG_WARN_EMPTY_BODY = YES;
				CLANG_WARN_ENUM_CONVERSION = YES;
				CLANG_WARN_INFINITE_RECURSION = YES;
				CLANG_WARN_INT_CONVERSION = YES;
				CLANG_WARN_NON_LITERAL_NULL_CONVERSION = YES;
				CLANG_WARN_OBJC_IMPLICIT_RETAIN_SELF = YES;
				CLANG_WARN_OBJC_LITERAL_CONVERSION = YES;
				CLANG_WARN_OBJC_ROOT_CLASS = YES_ERROR;
				CLANG_WARN_RANGE_LOOP_ANALYSIS = YES;
				CLANG_WARN_STRICT_PROTOTYPES = YES;
				CLANG_WARN_SUSPICIOUS_MOVE = YES;
				CLANG_WARN_UNGUARDED_AVAILABILITY = YES_AGGRESSIVE;
				CLANG_WARN_UNREACHABLE_CODE = YES;
				CLANG_WARN__DUPLICATE_METHOD_MATCH = YES;
				CODE_SIGN_STYLE = Automatic;
				COMBINE_HIDPI_IMAGES = YES;
				COPY_PHASE_STRIP = NO;
				DEBUG_INFORMATION_FORMAT = dwarf;
				DEVELOPMENT_TEAM = 95528648JL;
				ENABLE_STRICT_OBJC_MSGSEND = YES;
				ENABLE_TESTABILITY = YES;
				GCC_C_LANGUAGE_STANDARD = gnu11;
				GCC_DYNAMIC_NO_PIC = NO;
				GCC_NO_COMMON_BLOCKS = YES;
				GCC_OPTIMIZATION_LEVEL = 0;
				GCC_PREFIX_HEADER = ImproveUnitTests/Tests.pch;
				GCC_PREPROCESSOR_DEFINITIONS = (
					"DEBUG=1",
					"$(inherited)",
				);
				GCC_WARN_64_TO_32_BIT_CONVERSION = YES;
				GCC_WARN_ABOUT_RETURN_TYPE = YES_ERROR;
				GCC_WARN_UNDECLARED_SELECTOR = YES;
				GCC_WARN_UNINITIALIZED_AUTOS = YES_AGGRESSIVE;
				GCC_WARN_UNUSED_FUNCTION = YES;
				GCC_WARN_UNUSED_VARIABLE = YES;
				HEADER_SEARCH_PATHS = "$(PROJECT_DIR)/../../**";
				INFOPLIST_FILE = ImproveUnitTests/Info.plist;
				IPHONEOS_DEPLOYMENT_TARGET = 12.0;
				LD_RUNPATH_SEARCH_PATHS = (
					"$(inherited)",
					"@loader_path/../../ThirdParty",
					"@loader_path/../Frameworks",
				);
				LIBRARY_SEARCH_PATHS = "$(PROJECT_DIR)/../ThirdParty/**";
				MACOSX_DEPLOYMENT_TARGET = 10.15;
				MTL_ENABLE_DEBUG_INFO = INCLUDE_SOURCE;
				MTL_FAST_MATH = YES;
				ONLY_ACTIVE_ARCH = YES;
				PRODUCT_BUNDLE_IDENTIFIER = mindblownapps.ImproveUnitTests;
				PRODUCT_NAME = "$(TARGET_NAME)";
				RUN_CLANG_STATIC_ANALYZER = YES;
				SDKROOT = iphoneos;
			};
			name = Debug;
		};
		54CB9B2723D987800005BB94 /* Release */ = {
			isa = XCBuildConfiguration;
			buildSettings = {
				ALWAYS_SEARCH_USER_PATHS = NO;
				CLANG_ANALYZER_NONNULL = YES;
				CLANG_ANALYZER_NUMBER_OBJECT_CONVERSION = YES_AGGRESSIVE;
				CLANG_CXX_LANGUAGE_STANDARD = "gnu++14";
				CLANG_CXX_LIBRARY = "libc++";
				CLANG_ENABLE_MODULES = YES;
				CLANG_ENABLE_OBJC_ARC = YES;
				CLANG_ENABLE_OBJC_WEAK = YES;
				CLANG_STATIC_ANALYZER_MODE = deep;
				CLANG_WARN_BLOCK_CAPTURE_AUTORELEASING = YES;
				CLANG_WARN_BOOL_CONVERSION = YES;
				CLANG_WARN_COMMA = YES;
				CLANG_WARN_CONSTANT_CONVERSION = YES;
				CLANG_WARN_DEPRECATED_OBJC_IMPLEMENTATIONS = YES;
				CLANG_WARN_DIRECT_OBJC_ISA_USAGE = YES_ERROR;
				CLANG_WARN_DOCUMENTATION_COMMENTS = YES;
				CLANG_WARN_EMPTY_BODY = YES;
				CLANG_WARN_ENUM_CONVERSION = YES;
				CLANG_WARN_INFINITE_RECURSION = YES;
				CLANG_WARN_INT_CONVERSION = YES;
				CLANG_WARN_NON_LITERAL_NULL_CONVERSION = YES;
				CLANG_WARN_OBJC_IMPLICIT_RETAIN_SELF = YES;
				CLANG_WARN_OBJC_LITERAL_CONVERSION = YES;
				CLANG_WARN_OBJC_ROOT_CLASS = YES_ERROR;
				CLANG_WARN_RANGE_LOOP_ANALYSIS = YES;
				CLANG_WARN_STRICT_PROTOTYPES = YES;
				CLANG_WARN_SUSPICIOUS_MOVE = YES;
				CLANG_WARN_UNGUARDED_AVAILABILITY = YES_AGGRESSIVE;
				CLANG_WARN_UNREACHABLE_CODE = YES;
				CLANG_WARN__DUPLICATE_METHOD_MATCH = YES;
				CODE_SIGN_STYLE = Automatic;
				COMBINE_HIDPI_IMAGES = YES;
				COPY_PHASE_STRIP = NO;
				DEBUG_INFORMATION_FORMAT = "dwarf-with-dsym";
				DEVELOPMENT_TEAM = 95528648JL;
				ENABLE_NS_ASSERTIONS = NO;
				ENABLE_STRICT_OBJC_MSGSEND = YES;
				GCC_C_LANGUAGE_STANDARD = gnu11;
				GCC_NO_COMMON_BLOCKS = YES;
				GCC_PREFIX_HEADER = ImproveUnitTests/Tests.pch;
				GCC_WARN_64_TO_32_BIT_CONVERSION = YES;
				GCC_WARN_ABOUT_RETURN_TYPE = YES_ERROR;
				GCC_WARN_UNDECLARED_SELECTOR = YES;
				GCC_WARN_UNINITIALIZED_AUTOS = YES_AGGRESSIVE;
				GCC_WARN_UNUSED_FUNCTION = YES;
				GCC_WARN_UNUSED_VARIABLE = YES;
				HEADER_SEARCH_PATHS = "$(PROJECT_DIR)/../../**";
				INFOPLIST_FILE = ImproveUnitTests/Info.plist;
				IPHONEOS_DEPLOYMENT_TARGET = 12.0;
				LD_RUNPATH_SEARCH_PATHS = (
					"$(inherited)",
					"@loader_path/../../ThirdParty",
					"@loader_path/../Frameworks",
				);
				LIBRARY_SEARCH_PATHS = "$(PROJECT_DIR)/../ThirdParty/**";
				MACOSX_DEPLOYMENT_TARGET = 10.15;
				MTL_ENABLE_DEBUG_INFO = NO;
				MTL_FAST_MATH = YES;
				PRODUCT_BUNDLE_IDENTIFIER = mindblownapps.ImproveUnitTests;
				PRODUCT_NAME = "$(TARGET_NAME)";
				RUN_CLANG_STATIC_ANALYZER = YES;
				SDKROOT = iphoneos;
			};
			name = Release;
		};
/* End XCBuildConfiguration section */

/* Begin XCConfigurationList section */
		54CB9B1823D987590005BB94 /* Build configuration list for PBXProject "Tests" */ = {
			isa = XCConfigurationList;
			buildConfigurations = (
				54CB9B1923D987590005BB94 /* Debug */,
				54CB9B1A23D987590005BB94 /* Release */,
			);
			defaultConfigurationIsVisible = 0;
			defaultConfigurationName = Release;
		};
		54CB9B2523D987800005BB94 /* Build configuration list for PBXNativeTarget "ImproveUnitTests" */ = {
			isa = XCConfigurationList;
			buildConfigurations = (
				54CB9B2623D987800005BB94 /* Debug */,
				54CB9B2723D987800005BB94 /* Release */,
			);
			defaultConfigurationIsVisible = 0;
			defaultConfigurationName = Release;
		};
/* End XCConfigurationList section */
	};
	rootObject = 54CB9B1523D987590005BB94 /* Project object */;
}
