// !$*UTF8*$!
{
	archiveVersion = 1;
	classes = {
	};
	objectVersion = 51;
	objects = {

/* Begin PBXBuildFile section */
		51E7842A2CA6E605201CF52F /* Pods_IMPSwiftExample.framework in Frameworks */ = {isa = PBXBuildFile; fileRef = 1A6ED3EA0FFF515252A2B953 /* Pods_IMPSwiftExample.framework */; };
		AA6BB1DC4C5FF116086FFC7F /* Pods_IMPSwiftExample_IMPSwiftExampleUITests.framework in Frameworks */ = {isa = PBXBuildFile; fileRef = 2EB1622E9A8A0302ACACD864 /* Pods_IMPSwiftExample_IMPSwiftExampleUITests.framework */; };
		B36BCD04263C3EA300BB5F17 /* AppDelegate.swift in Sources */ = {isa = PBXBuildFile; fileRef = B36BCD03263C3EA300BB5F17 /* AppDelegate.swift */; };
		B36BCD06263C3EA300BB5F17 /* SceneDelegate.swift in Sources */ = {isa = PBXBuildFile; fileRef = B36BCD05263C3EA300BB5F17 /* SceneDelegate.swift */; };
		B36BCD08263C3EA300BB5F17 /* ViewController.swift in Sources */ = {isa = PBXBuildFile; fileRef = B36BCD07263C3EA300BB5F17 /* ViewController.swift */; };
		B36BCD0B263C3EA300BB5F17 /* Main.storyboard in Resources */ = {isa = PBXBuildFile; fileRef = B36BCD09263C3EA300BB5F17 /* Main.storyboard */; };
		B36BCD0D263C3EA700BB5F17 /* Assets.xcassets in Resources */ = {isa = PBXBuildFile; fileRef = B36BCD0C263C3EA700BB5F17 /* Assets.xcassets */; };
		B36BCD10263C3EA700BB5F17 /* LaunchScreen.storyboard in Resources */ = {isa = PBXBuildFile; fileRef = B36BCD0E263C3EA700BB5F17 /* LaunchScreen.storyboard */; };
		B36BCD1B263C3EA700BB5F17 /* IMPSwiftExampleTests.swift in Sources */ = {isa = PBXBuildFile; fileRef = B36BCD1A263C3EA700BB5F17 /* IMPSwiftExampleTests.swift */; };
		B36BCD26263C3EA700BB5F17 /* IMPSwiftExampleUITests.swift in Sources */ = {isa = PBXBuildFile; fileRef = B36BCD25263C3EA700BB5F17 /* IMPSwiftExampleUITests.swift */; };
		B36BCD43263C403F00BB5F17 /* NSObject+AnyObjectiveCFile.m in Sources */ = {isa = PBXBuildFile; fileRef = B36BCD42263C403F00BB5F17 /* NSObject+AnyObjectiveCFile.m */; };
		EE0B905F734F25B79D28DB63 /* Pods_IMPSwiftExampleTests.framework in Frameworks */ = {isa = PBXBuildFile; fileRef = D23E1E6CD13961E11DD323FC /* Pods_IMPSwiftExampleTests.framework */; };
/* End PBXBuildFile section */

/* Begin PBXContainerItemProxy section */
		B36BCD17263C3EA700BB5F17 /* PBXContainerItemProxy */ = {
			isa = PBXContainerItemProxy;
			containerPortal = B36BCCF8263C3EA300BB5F17 /* Project object */;
			proxyType = 1;
			remoteGlobalIDString = B36BCCFF263C3EA300BB5F17;
			remoteInfo = IMPSwiftExample;
		};
		B36BCD22263C3EA700BB5F17 /* PBXContainerItemProxy */ = {
			isa = PBXContainerItemProxy;
			containerPortal = B36BCCF8263C3EA300BB5F17 /* Project object */;
			proxyType = 1;
			remoteGlobalIDString = B36BCCFF263C3EA300BB5F17;
			remoteInfo = IMPSwiftExample;
		};
/* End PBXContainerItemProxy section */

/* Begin PBXFileReference section */
		1A6ED3EA0FFF515252A2B953 /* Pods_IMPSwiftExample.framework */ = {isa = PBXFileReference; explicitFileType = wrapper.framework; includeInIndex = 0; path = Pods_IMPSwiftExample.framework; sourceTree = BUILT_PRODUCTS_DIR; };
		293649B4AEF5B901AAF28DE8 /* Pods-IMPSwiftExample.release.xcconfig */ = {isa = PBXFileReference; includeInIndex = 1; lastKnownFileType = text.xcconfig; name = "Pods-IMPSwiftExample.release.xcconfig"; path = "Target Support Files/Pods-IMPSwiftExample/Pods-IMPSwiftExample.release.xcconfig"; sourceTree = "<group>"; };
		2EB1622E9A8A0302ACACD864 /* Pods_IMPSwiftExample_IMPSwiftExampleUITests.framework */ = {isa = PBXFileReference; explicitFileType = wrapper.framework; includeInIndex = 0; path = Pods_IMPSwiftExample_IMPSwiftExampleUITests.framework; sourceTree = BUILT_PRODUCTS_DIR; };
		4225213A4E719791C655F54E /* Pods-IMPSwiftExample.debug.xcconfig */ = {isa = PBXFileReference; includeInIndex = 1; lastKnownFileType = text.xcconfig; name = "Pods-IMPSwiftExample.debug.xcconfig"; path = "Target Support Files/Pods-IMPSwiftExample/Pods-IMPSwiftExample.debug.xcconfig"; sourceTree = "<group>"; };
		B36BCD00263C3EA300BB5F17 /* IMPSwiftExample.app */ = {isa = PBXFileReference; explicitFileType = wrapper.application; includeInIndex = 0; path = IMPSwiftExample.app; sourceTree = BUILT_PRODUCTS_DIR; };
		B36BCD03263C3EA300BB5F17 /* AppDelegate.swift */ = {isa = PBXFileReference; lastKnownFileType = sourcecode.swift; path = AppDelegate.swift; sourceTree = "<group>"; };
		B36BCD05263C3EA300BB5F17 /* SceneDelegate.swift */ = {isa = PBXFileReference; lastKnownFileType = sourcecode.swift; path = SceneDelegate.swift; sourceTree = "<group>"; };
		B36BCD07263C3EA300BB5F17 /* ViewController.swift */ = {isa = PBXFileReference; lastKnownFileType = sourcecode.swift; path = ViewController.swift; sourceTree = "<group>"; };
		B36BCD0A263C3EA300BB5F17 /* Base */ = {isa = PBXFileReference; lastKnownFileType = file.storyboard; name = Base; path = Base.lproj/Main.storyboard; sourceTree = "<group>"; };
		B36BCD0C263C3EA700BB5F17 /* Assets.xcassets */ = {isa = PBXFileReference; lastKnownFileType = folder.assetcatalog; path = Assets.xcassets; sourceTree = "<group>"; };
		B36BCD0F263C3EA700BB5F17 /* Base */ = {isa = PBXFileReference; lastKnownFileType = file.storyboard; name = Base; path = Base.lproj/LaunchScreen.storyboard; sourceTree = "<group>"; };
		B36BCD11263C3EA700BB5F17 /* Info.plist */ = {isa = PBXFileReference; lastKnownFileType = text.plist.xml; path = Info.plist; sourceTree = "<group>"; };
		B36BCD16263C3EA700BB5F17 /* IMPSwiftExampleTests.xctest */ = {isa = PBXFileReference; explicitFileType = wrapper.cfbundle; includeInIndex = 0; path = IMPSwiftExampleTests.xctest; sourceTree = BUILT_PRODUCTS_DIR; };
		B36BCD1A263C3EA700BB5F17 /* IMPSwiftExampleTests.swift */ = {isa = PBXFileReference; lastKnownFileType = sourcecode.swift; path = IMPSwiftExampleTests.swift; sourceTree = "<group>"; };
		B36BCD1C263C3EA700BB5F17 /* Info.plist */ = {isa = PBXFileReference; lastKnownFileType = text.plist.xml; path = Info.plist; sourceTree = "<group>"; };
		B36BCD21263C3EA700BB5F17 /* IMPSwiftExampleUITests.xctest */ = {isa = PBXFileReference; explicitFileType = wrapper.cfbundle; includeInIndex = 0; path = IMPSwiftExampleUITests.xctest; sourceTree = BUILT_PRODUCTS_DIR; };
		B36BCD25263C3EA700BB5F17 /* IMPSwiftExampleUITests.swift */ = {isa = PBXFileReference; lastKnownFileType = sourcecode.swift; path = IMPSwiftExampleUITests.swift; sourceTree = "<group>"; };
		B36BCD27263C3EA700BB5F17 /* Info.plist */ = {isa = PBXFileReference; lastKnownFileType = text.plist.xml; path = Info.plist; sourceTree = "<group>"; };
		B36BCD40263C403F00BB5F17 /* IMPSwiftExample-Bridging-Header.h */ = {isa = PBXFileReference; lastKnownFileType = sourcecode.c.h; path = "IMPSwiftExample-Bridging-Header.h"; sourceTree = "<group>"; };
		B36BCD41263C403F00BB5F17 /* NSObject+AnyObjectiveCFile.h */ = {isa = PBXFileReference; lastKnownFileType = sourcecode.c.h; path = "NSObject+AnyObjectiveCFile.h"; sourceTree = "<group>"; };
		B36BCD42263C403F00BB5F17 /* NSObject+AnyObjectiveCFile.m */ = {isa = PBXFileReference; lastKnownFileType = sourcecode.c.objc; path = "NSObject+AnyObjectiveCFile.m"; sourceTree = "<group>"; };
		D23E1E6CD13961E11DD323FC /* Pods_IMPSwiftExampleTests.framework */ = {isa = PBXFileReference; explicitFileType = wrapper.framework; includeInIndex = 0; path = Pods_IMPSwiftExampleTests.framework; sourceTree = BUILT_PRODUCTS_DIR; };
		E19B1921AE8A81C497CE3ABE /* Pods-IMPSwiftExampleTests.release.xcconfig */ = {isa = PBXFileReference; includeInIndex = 1; lastKnownFileType = text.xcconfig; name = "Pods-IMPSwiftExampleTests.release.xcconfig"; path = "Target Support Files/Pods-IMPSwiftExampleTests/Pods-IMPSwiftExampleTests.release.xcconfig"; sourceTree = "<group>"; };
		E73861D7208F0ABE9821F53E /* Pods-IMPSwiftExample-IMPSwiftExampleUITests.debug.xcconfig */ = {isa = PBXFileReference; includeInIndex = 1; lastKnownFileType = text.xcconfig; name = "Pods-IMPSwiftExample-IMPSwiftExampleUITests.debug.xcconfig"; path = "Target Support Files/Pods-IMPSwiftExample-IMPSwiftExampleUITests/Pods-IMPSwiftExample-IMPSwiftExampleUITests.debug.xcconfig"; sourceTree = "<group>"; };
		EA6E9B1CB4C2194B1B7582FC /* Pods-IMPSwiftExampleTests.debug.xcconfig */ = {isa = PBXFileReference; includeInIndex = 1; lastKnownFileType = text.xcconfig; name = "Pods-IMPSwiftExampleTests.debug.xcconfig"; path = "Target Support Files/Pods-IMPSwiftExampleTests/Pods-IMPSwiftExampleTests.debug.xcconfig"; sourceTree = "<group>"; };
		F2092858EAD817487D12C72D /* Pods-IMPSwiftExample-IMPSwiftExampleUITests.release.xcconfig */ = {isa = PBXFileReference; includeInIndex = 1; lastKnownFileType = text.xcconfig; name = "Pods-IMPSwiftExample-IMPSwiftExampleUITests.release.xcconfig"; path = "Target Support Files/Pods-IMPSwiftExample-IMPSwiftExampleUITests/Pods-IMPSwiftExample-IMPSwiftExampleUITests.release.xcconfig"; sourceTree = "<group>"; };
/* End PBXFileReference section */

/* Begin PBXFrameworksBuildPhase section */
		B36BCCFD263C3EA300BB5F17 /* Frameworks */ = {
			isa = PBXFrameworksBuildPhase;
			buildActionMask = 2147483647;
			files = (
				51E7842A2CA6E605201CF52F /* Pods_IMPSwiftExample.framework in Frameworks */,
			);
			runOnlyForDeploymentPostprocessing = 0;
		};
		B36BCD13263C3EA700BB5F17 /* Frameworks */ = {
			isa = PBXFrameworksBuildPhase;
			buildActionMask = 2147483647;
			files = (
				EE0B905F734F25B79D28DB63 /* Pods_IMPSwiftExampleTests.framework in Frameworks */,
			);
			runOnlyForDeploymentPostprocessing = 0;
		};
		B36BCD1E263C3EA700BB5F17 /* Frameworks */ = {
			isa = PBXFrameworksBuildPhase;
			buildActionMask = 2147483647;
			files = (
				AA6BB1DC4C5FF116086FFC7F /* Pods_IMPSwiftExample_IMPSwiftExampleUITests.framework in Frameworks */,
			);
			runOnlyForDeploymentPostprocessing = 0;
		};
/* End PBXFrameworksBuildPhase section */

/* Begin PBXGroup section */
		9F748FC2007D600C25ABC6A4 /* Pods */ = {
			isa = PBXGroup;
			children = (
				4225213A4E719791C655F54E /* Pods-IMPSwiftExample.debug.xcconfig */,
				293649B4AEF5B901AAF28DE8 /* Pods-IMPSwiftExample.release.xcconfig */,
				E73861D7208F0ABE9821F53E /* Pods-IMPSwiftExample-IMPSwiftExampleUITests.debug.xcconfig */,
				F2092858EAD817487D12C72D /* Pods-IMPSwiftExample-IMPSwiftExampleUITests.release.xcconfig */,
				EA6E9B1CB4C2194B1B7582FC /* Pods-IMPSwiftExampleTests.debug.xcconfig */,
				E19B1921AE8A81C497CE3ABE /* Pods-IMPSwiftExampleTests.release.xcconfig */,
			);
			path = Pods;
			sourceTree = "<group>";
		};
		B36BCCF7263C3EA300BB5F17 = {
			isa = PBXGroup;
			children = (
				B36BCD02263C3EA300BB5F17 /* IMPSwiftExample */,
				B36BCD19263C3EA700BB5F17 /* IMPSwiftExampleTests */,
				B36BCD24263C3EA700BB5F17 /* IMPSwiftExampleUITests */,
				B36BCD01263C3EA300BB5F17 /* Products */,
				9F748FC2007D600C25ABC6A4 /* Pods */,
				D9055010C92559DE5E963F8A /* Frameworks */,
			);
			sourceTree = "<group>";
		};
		B36BCD01263C3EA300BB5F17 /* Products */ = {
			isa = PBXGroup;
			children = (
				B36BCD00263C3EA300BB5F17 /* IMPSwiftExample.app */,
				B36BCD16263C3EA700BB5F17 /* IMPSwiftExampleTests.xctest */,
				B36BCD21263C3EA700BB5F17 /* IMPSwiftExampleUITests.xctest */,
			);
			name = Products;
			sourceTree = "<group>";
		};
		B36BCD02263C3EA300BB5F17 /* IMPSwiftExample */ = {
			isa = PBXGroup;
			children = (
				B36BCD03263C3EA300BB5F17 /* AppDelegate.swift */,
				B36BCD05263C3EA300BB5F17 /* SceneDelegate.swift */,
				B36BCD07263C3EA300BB5F17 /* ViewController.swift */,
				B36BCD09263C3EA300BB5F17 /* Main.storyboard */,
				B36BCD0C263C3EA700BB5F17 /* Assets.xcassets */,
				B36BCD0E263C3EA700BB5F17 /* LaunchScreen.storyboard */,
				B36BCD11263C3EA700BB5F17 /* Info.plist */,
				B36BCD41263C403F00BB5F17 /* NSObject+AnyObjectiveCFile.h */,
				B36BCD42263C403F00BB5F17 /* NSObject+AnyObjectiveCFile.m */,
				B36BCD40263C403F00BB5F17 /* IMPSwiftExample-Bridging-Header.h */,
			);
			path = IMPSwiftExample;
			sourceTree = "<group>";
		};
		B36BCD19263C3EA700BB5F17 /* IMPSwiftExampleTests */ = {
			isa = PBXGroup;
			children = (
				B36BCD1A263C3EA700BB5F17 /* IMPSwiftExampleTests.swift */,
				B36BCD1C263C3EA700BB5F17 /* Info.plist */,
			);
			path = IMPSwiftExampleTests;
			sourceTree = "<group>";
		};
		B36BCD24263C3EA700BB5F17 /* IMPSwiftExampleUITests */ = {
			isa = PBXGroup;
			children = (
				B36BCD25263C3EA700BB5F17 /* IMPSwiftExampleUITests.swift */,
				B36BCD27263C3EA700BB5F17 /* Info.plist */,
			);
			path = IMPSwiftExampleUITests;
			sourceTree = "<group>";
		};
		D9055010C92559DE5E963F8A /* Frameworks */ = {
			isa = PBXGroup;
			children = (
				1A6ED3EA0FFF515252A2B953 /* Pods_IMPSwiftExample.framework */,
				2EB1622E9A8A0302ACACD864 /* Pods_IMPSwiftExample_IMPSwiftExampleUITests.framework */,
				D23E1E6CD13961E11DD323FC /* Pods_IMPSwiftExampleTests.framework */,
			);
			name = Frameworks;
			sourceTree = "<group>";
		};
/* End PBXGroup section */

/* Begin PBXNativeTarget section */
		B36BCCFF263C3EA300BB5F17 /* IMPSwiftExample */ = {
			isa = PBXNativeTarget;
			buildConfigurationList = B36BCD2A263C3EA700BB5F17 /* Build configuration list for PBXNativeTarget "IMPSwiftExample" */;
			buildPhases = (
				BB3C74FEF84B00989B5E2E91 /* [CP] Check Pods Manifest.lock */,
				B36BCCFC263C3EA300BB5F17 /* Sources */,
				B36BCCFD263C3EA300BB5F17 /* Frameworks */,
				B36BCCFE263C3EA300BB5F17 /* Resources */,
				A6FA77163059B93871B6569C /* [CP] Embed Pods Frameworks */,
			);
			buildRules = (
			);
			dependencies = (
			);
			name = IMPSwiftExample;
			productName = IMPSwiftExample;
			productReference = B36BCD00263C3EA300BB5F17 /* IMPSwiftExample.app */;
			productType = "com.apple.product-type.application";
		};
		B36BCD15263C3EA700BB5F17 /* IMPSwiftExampleTests */ = {
			isa = PBXNativeTarget;
			buildConfigurationList = B36BCD2D263C3EA700BB5F17 /* Build configuration list for PBXNativeTarget "IMPSwiftExampleTests" */;
			buildPhases = (
				E019A92475AE8FF39DD5BFB5 /* [CP] Check Pods Manifest.lock */,
				B36BCD12263C3EA700BB5F17 /* Sources */,
				B36BCD13263C3EA700BB5F17 /* Frameworks */,
				B36BCD14263C3EA700BB5F17 /* Resources */,
			);
			buildRules = (
			);
			dependencies = (
				B36BCD18263C3EA700BB5F17 /* PBXTargetDependency */,
			);
			name = IMPSwiftExampleTests;
			productName = IMPSwiftExampleTests;
			productReference = B36BCD16263C3EA700BB5F17 /* IMPSwiftExampleTests.xctest */;
			productType = "com.apple.product-type.bundle.unit-test";
		};
		B36BCD20263C3EA700BB5F17 /* IMPSwiftExampleUITests */ = {
			isa = PBXNativeTarget;
			buildConfigurationList = B36BCD30263C3EA700BB5F17 /* Build configuration list for PBXNativeTarget "IMPSwiftExampleUITests" */;
			buildPhases = (
				B5BBA589D6E59A61E4B75737 /* [CP] Check Pods Manifest.lock */,
				B36BCD1D263C3EA700BB5F17 /* Sources */,
				B36BCD1E263C3EA700BB5F17 /* Frameworks */,
				B36BCD1F263C3EA700BB5F17 /* Resources */,
				326CF5D2CFC06174D4287A0F /* [CP] Embed Pods Frameworks */,
			);
			buildRules = (
			);
			dependencies = (
				B36BCD23263C3EA700BB5F17 /* PBXTargetDependency */,
			);
			name = IMPSwiftExampleUITests;
			productName = IMPSwiftExampleUITests;
			productReference = B36BCD21263C3EA700BB5F17 /* IMPSwiftExampleUITests.xctest */;
			productType = "com.apple.product-type.bundle.ui-testing";
		};
/* End PBXNativeTarget section */

/* Begin PBXProject section */
		B36BCCF8263C3EA300BB5F17 /* Project object */ = {
			isa = PBXProject;
			attributes = {
				LastSwiftUpdateCheck = 1240;
				LastUpgradeCheck = 1240;
				TargetAttributes = {
					B36BCCFF263C3EA300BB5F17 = {
						CreatedOnToolsVersion = 12.4;
						LastSwiftMigration = 1240;
					};
					B36BCD15263C3EA700BB5F17 = {
						CreatedOnToolsVersion = 12.4;
						TestTargetID = B36BCCFF263C3EA300BB5F17;
					};
					B36BCD20263C3EA700BB5F17 = {
						CreatedOnToolsVersion = 12.4;
						TestTargetID = B36BCCFF263C3EA300BB5F17;
					};
				};
			};
			buildConfigurationList = B36BCCFB263C3EA300BB5F17 /* Build configuration list for PBXProject "IMPSwiftExample" */;
			compatibilityVersion = "Xcode 9.3";
			developmentRegion = en;
			hasScannedForEncodings = 0;
			knownRegions = (
				en,
				Base,
			);
			mainGroup = B36BCCF7263C3EA300BB5F17;
			productRefGroup = B36BCD01263C3EA300BB5F17 /* Products */;
			projectDirPath = "";
			projectRoot = "";
			targets = (
				B36BCCFF263C3EA300BB5F17 /* IMPSwiftExample */,
				B36BCD15263C3EA700BB5F17 /* IMPSwiftExampleTests */,
				B36BCD20263C3EA700BB5F17 /* IMPSwiftExampleUITests */,
			);
		};
/* End PBXProject section */

/* Begin PBXResourcesBuildPhase section */
		B36BCCFE263C3EA300BB5F17 /* Resources */ = {
			isa = PBXResourcesBuildPhase;
			buildActionMask = 2147483647;
			files = (
				B36BCD10263C3EA700BB5F17 /* LaunchScreen.storyboard in Resources */,
				B36BCD0D263C3EA700BB5F17 /* Assets.xcassets in Resources */,
				B36BCD0B263C3EA300BB5F17 /* Main.storyboard in Resources */,
			);
			runOnlyForDeploymentPostprocessing = 0;
		};
		B36BCD14263C3EA700BB5F17 /* Resources */ = {
			isa = PBXResourcesBuildPhase;
			buildActionMask = 2147483647;
			files = (
			);
			runOnlyForDeploymentPostprocessing = 0;
		};
		B36BCD1F263C3EA700BB5F17 /* Resources */ = {
			isa = PBXResourcesBuildPhase;
			buildActionMask = 2147483647;
			files = (
			);
			runOnlyForDeploymentPostprocessing = 0;
		};
/* End PBXResourcesBuildPhase section */

/* Begin PBXShellScriptBuildPhase section */
		326CF5D2CFC06174D4287A0F /* [CP] Embed Pods Frameworks */ = {
			isa = PBXShellScriptBuildPhase;
			buildActionMask = 2147483647;
			files = (
			);
			inputFileListPaths = (
				"${PODS_ROOT}/Target Support Files/Pods-IMPSwiftExample-IMPSwiftExampleUITests/Pods-IMPSwiftExample-IMPSwiftExampleUITests-frameworks-${CONFIGURATION}-input-files.xcfilelist",
			);
			name = "[CP] Embed Pods Frameworks";
			outputFileListPaths = (
				"${PODS_ROOT}/Target Support Files/Pods-IMPSwiftExample-IMPSwiftExampleUITests/Pods-IMPSwiftExample-IMPSwiftExampleUITests-frameworks-${CONFIGURATION}-output-files.xcfilelist",
			);
			runOnlyForDeploymentPostprocessing = 0;
			shellPath = /bin/sh;
			shellScript = "\"${PODS_ROOT}/Target Support Files/Pods-IMPSwiftExample-IMPSwiftExampleUITests/Pods-IMPSwiftExample-IMPSwiftExampleUITests-frameworks.sh\"\n";
			showEnvVarsInLog = 0;
		};
		A6FA77163059B93871B6569C /* [CP] Embed Pods Frameworks */ = {
			isa = PBXShellScriptBuildPhase;
			buildActionMask = 2147483647;
			files = (
			);
			inputFileListPaths = (
				"${PODS_ROOT}/Target Support Files/Pods-IMPSwiftExample/Pods-IMPSwiftExample-frameworks-${CONFIGURATION}-input-files.xcfilelist",
			);
			name = "[CP] Embed Pods Frameworks";
			outputFileListPaths = (
				"${PODS_ROOT}/Target Support Files/Pods-IMPSwiftExample/Pods-IMPSwiftExample-frameworks-${CONFIGURATION}-output-files.xcfilelist",
			);
			runOnlyForDeploymentPostprocessing = 0;
			shellPath = /bin/sh;
			shellScript = "\"${PODS_ROOT}/Target Support Files/Pods-IMPSwiftExample/Pods-IMPSwiftExample-frameworks.sh\"\n";
			showEnvVarsInLog = 0;
		};
		B5BBA589D6E59A61E4B75737 /* [CP] Check Pods Manifest.lock */ = {
			isa = PBXShellScriptBuildPhase;
			buildActionMask = 2147483647;
			files = (
			);
			inputFileListPaths = (
			);
			inputPaths = (
				"${PODS_PODFILE_DIR_PATH}/Podfile.lock",
				"${PODS_ROOT}/Manifest.lock",
			);
			name = "[CP] Check Pods Manifest.lock";
			outputFileListPaths = (
			);
			outputPaths = (
				"$(DERIVED_FILE_DIR)/Pods-IMPSwiftExample-IMPSwiftExampleUITests-checkManifestLockResult.txt",
			);
			runOnlyForDeploymentPostprocessing = 0;
			shellPath = /bin/sh;
			shellScript = "diff \"${PODS_PODFILE_DIR_PATH}/Podfile.lock\" \"${PODS_ROOT}/Manifest.lock\" > /dev/null\nif [ $? != 0 ] ; then\n    # print error to STDERR\n    echo \"error: The sandbox is not in sync with the Podfile.lock. Run 'pod install' or update your CocoaPods installation.\" >&2\n    exit 1\nfi\n# This output is used by Xcode 'outputs' to avoid re-running this script phase.\necho \"SUCCESS\" > \"${SCRIPT_OUTPUT_FILE_0}\"\n";
			showEnvVarsInLog = 0;
		};
		BB3C74FEF84B00989B5E2E91 /* [CP] Check Pods Manifest.lock */ = {
			isa = PBXShellScriptBuildPhase;
			buildActionMask = 2147483647;
			files = (
			);
			inputFileListPaths = (
			);
			inputPaths = (
				"${PODS_PODFILE_DIR_PATH}/Podfile.lock",
				"${PODS_ROOT}/Manifest.lock",
			);
			name = "[CP] Check Pods Manifest.lock";
			outputFileListPaths = (
			);
			outputPaths = (
				"$(DERIVED_FILE_DIR)/Pods-IMPSwiftExample-checkManifestLockResult.txt",
			);
			runOnlyForDeploymentPostprocessing = 0;
			shellPath = /bin/sh;
			shellScript = "diff \"${PODS_PODFILE_DIR_PATH}/Podfile.lock\" \"${PODS_ROOT}/Manifest.lock\" > /dev/null\nif [ $? != 0 ] ; then\n    # print error to STDERR\n    echo \"error: The sandbox is not in sync with the Podfile.lock. Run 'pod install' or update your CocoaPods installation.\" >&2\n    exit 1\nfi\n# This output is used by Xcode 'outputs' to avoid re-running this script phase.\necho \"SUCCESS\" > \"${SCRIPT_OUTPUT_FILE_0}\"\n";
			showEnvVarsInLog = 0;
		};
		E019A92475AE8FF39DD5BFB5 /* [CP] Check Pods Manifest.lock */ = {
			isa = PBXShellScriptBuildPhase;
			buildActionMask = 2147483647;
			files = (
			);
			inputFileListPaths = (
			);
			inputPaths = (
				"${PODS_PODFILE_DIR_PATH}/Podfile.lock",
				"${PODS_ROOT}/Manifest.lock",
			);
			name = "[CP] Check Pods Manifest.lock";
			outputFileListPaths = (
			);
			outputPaths = (
				"$(DERIVED_FILE_DIR)/Pods-IMPSwiftExampleTests-checkManifestLockResult.txt",
			);
			runOnlyForDeploymentPostprocessing = 0;
			shellPath = /bin/sh;
			shellScript = "diff \"${PODS_PODFILE_DIR_PATH}/Podfile.lock\" \"${PODS_ROOT}/Manifest.lock\" > /dev/null\nif [ $? != 0 ] ; then\n    # print error to STDERR\n    echo \"error: The sandbox is not in sync with the Podfile.lock. Run 'pod install' or update your CocoaPods installation.\" >&2\n    exit 1\nfi\n# This output is used by Xcode 'outputs' to avoid re-running this script phase.\necho \"SUCCESS\" > \"${SCRIPT_OUTPUT_FILE_0}\"\n";
			showEnvVarsInLog = 0;
		};
/* End PBXShellScriptBuildPhase section */

/* Begin PBXSourcesBuildPhase section */
		B36BCCFC263C3EA300BB5F17 /* Sources */ = {
			isa = PBXSourcesBuildPhase;
			buildActionMask = 2147483647;
			files = (
				B36BCD43263C403F00BB5F17 /* NSObject+AnyObjectiveCFile.m in Sources */,
				B36BCD08263C3EA300BB5F17 /* ViewController.swift in Sources */,
				B36BCD04263C3EA300BB5F17 /* AppDelegate.swift in Sources */,
				B36BCD06263C3EA300BB5F17 /* SceneDelegate.swift in Sources */,
			);
			runOnlyForDeploymentPostprocessing = 0;
		};
		B36BCD12263C3EA700BB5F17 /* Sources */ = {
			isa = PBXSourcesBuildPhase;
			buildActionMask = 2147483647;
			files = (
				B36BCD1B263C3EA700BB5F17 /* IMPSwiftExampleTests.swift in Sources */,
			);
			runOnlyForDeploymentPostprocessing = 0;
		};
		B36BCD1D263C3EA700BB5F17 /* Sources */ = {
			isa = PBXSourcesBuildPhase;
			buildActionMask = 2147483647;
			files = (
				B36BCD26263C3EA700BB5F17 /* IMPSwiftExampleUITests.swift in Sources */,
			);
			runOnlyForDeploymentPostprocessing = 0;
		};
/* End PBXSourcesBuildPhase section */

/* Begin PBXTargetDependency section */
		B36BCD18263C3EA700BB5F17 /* PBXTargetDependency */ = {
			isa = PBXTargetDependency;
			target = B36BCCFF263C3EA300BB5F17 /* IMPSwiftExample */;
			targetProxy = B36BCD17263C3EA700BB5F17 /* PBXContainerItemProxy */;
		};
		B36BCD23263C3EA700BB5F17 /* PBXTargetDependency */ = {
			isa = PBXTargetDependency;
			target = B36BCCFF263C3EA300BB5F17 /* IMPSwiftExample */;
			targetProxy = B36BCD22263C3EA700BB5F17 /* PBXContainerItemProxy */;
		};
/* End PBXTargetDependency section */

/* Begin PBXVariantGroup section */
		B36BCD09263C3EA300BB5F17 /* Main.storyboard */ = {
			isa = PBXVariantGroup;
			children = (
				B36BCD0A263C3EA300BB5F17 /* Base */,
			);
			name = Main.storyboard;
			sourceTree = "<group>";
		};
		B36BCD0E263C3EA700BB5F17 /* LaunchScreen.storyboard */ = {
			isa = PBXVariantGroup;
			children = (
				B36BCD0F263C3EA700BB5F17 /* Base */,
			);
			name = LaunchScreen.storyboard;
			sourceTree = "<group>";
		};
/* End PBXVariantGroup section */

/* Begin XCBuildConfiguration section */
		B36BCD28263C3EA700BB5F17 /* Debug */ = {
			isa = XCBuildConfiguration;
			buildSettings = {
				ALWAYS_SEARCH_USER_PATHS = NO;
				CLANG_ANALYZER_NONNULL = YES;
				CLANG_ANALYZER_NUMBER_OBJECT_CONVERSION = YES_AGGRESSIVE;
				CLANG_CXX_LANGUAGE_STANDARD = "gnu++14";
				CLANG_CXX_LIBRARY = "libc++";
				CLANG_ENABLE_MODULES = YES;
				CLANG_ENABLE_OBJC_ARC = YES;
				CLANG_ENABLE_OBJC_WEAK = YES;
				CLANG_WARN_BLOCK_CAPTURE_AUTORELEASING = YES;
				CLANG_WARN_BOOL_CONVERSION = YES;
				CLANG_WARN_COMMA = YES;
				CLANG_WARN_CONSTANT_CONVERSION = YES;
				CLANG_WARN_DEPRECATED_OBJC_IMPLEMENTATIONS = YES;
				CLANG_WARN_DIRECT_OBJC_ISA_USAGE = YES_ERROR;
				CLANG_WARN_DOCUMENTATION_COMMENTS = YES;
				CLANG_WARN_EMPTY_BODY = YES;
				CLANG_WARN_ENUM_CONVERSION = YES;
				CLANG_WARN_INFINITE_RECURSION = YES;
				CLANG_WARN_INT_CONVERSION = YES;
				CLANG_WARN_NON_LITERAL_NULL_CONVERSION = YES;
				CLANG_WARN_OBJC_IMPLICIT_RETAIN_SELF = YES;
				CLANG_WARN_OBJC_LITERAL_CONVERSION = YES;
				CLANG_WARN_OBJC_ROOT_CLASS = YES_ERROR;
				CLANG_WARN_QUOTED_INCLUDE_IN_FRAMEWORK_HEADER = YES;
				CLANG_WARN_RANGE_LOOP_ANALYSIS = YES;
				CLANG_WARN_STRICT_PROTOTYPES = YES;
				CLANG_WARN_SUSPICIOUS_MOVE = YES;
				CLANG_WARN_UNGUARDED_AVAILABILITY = YES_AGGRESSIVE;
				CLANG_WARN_UNREACHABLE_CODE = YES;
				CLANG_WARN__DUPLICATE_METHOD_MATCH = YES;
				COPY_PHASE_STRIP = NO;
				DEBUG_INFORMATION_FORMAT = dwarf;
				ENABLE_STRICT_OBJC_MSGSEND = YES;
				ENABLE_TESTABILITY = YES;
				GCC_C_LANGUAGE_STANDARD = gnu11;
				GCC_DYNAMIC_NO_PIC = NO;
				GCC_NO_COMMON_BLOCKS = YES;
				GCC_OPTIMIZATION_LEVEL = 0;
				GCC_PREPROCESSOR_DEFINITIONS = (
					"DEBUG=1",
					"$(inherited)",
				);
				GCC_WARN_64_TO_32_BIT_CONVERSION = YES;
				GCC_WARN_ABOUT_RETURN_TYPE = YES_ERROR;
				GCC_WARN_UNDECLARED_SELECTOR = YES;
				GCC_WARN_UNINITIALIZED_AUTOS = YES_AGGRESSIVE;
				GCC_WARN_UNUSED_FUNCTION = YES;
				GCC_WARN_UNUSED_VARIABLE = YES;
				IPHONEOS_DEPLOYMENT_TARGET = 14.4;
				MTL_ENABLE_DEBUG_INFO = INCLUDE_SOURCE;
				MTL_FAST_MATH = YES;
				ONLY_ACTIVE_ARCH = YES;
				SDKROOT = iphoneos;
				SWIFT_ACTIVE_COMPILATION_CONDITIONS = DEBUG;
				SWIFT_OPTIMIZATION_LEVEL = "-Onone";
			};
			name = Debug;
		};
		B36BCD29263C3EA700BB5F17 /* Release */ = {
			isa = XCBuildConfiguration;
			buildSettings = {
				ALWAYS_SEARCH_USER_PATHS = NO;
				CLANG_ANALYZER_NONNULL = YES;
				CLANG_ANALYZER_NUMBER_OBJECT_CONVERSION = YES_AGGRESSIVE;
				CLANG_CXX_LANGUAGE_STANDARD = "gnu++14";
				CLANG_CXX_LIBRARY = "libc++";
				CLANG_ENABLE_MODULES = YES;
				CLANG_ENABLE_OBJC_ARC = YES;
				CLANG_ENABLE_OBJC_WEAK = YES;
				CLANG_WARN_BLOCK_CAPTURE_AUTORELEASING = YES;
				CLANG_WARN_BOOL_CONVERSION = YES;
				CLANG_WARN_COMMA = YES;
				CLANG_WARN_CONSTANT_CONVERSION = YES;
				CLANG_WARN_DEPRECATED_OBJC_IMPLEMENTATIONS = YES;
				CLANG_WARN_DIRECT_OBJC_ISA_USAGE = YES_ERROR;
				CLANG_WARN_DOCUMENTATION_COMMENTS = YES;
				CLANG_WARN_EMPTY_BODY = YES;
				CLANG_WARN_ENUM_CONVERSION = YES;
				CLANG_WARN_INFINITE_RECURSION = YES;
				CLANG_WARN_INT_CONVERSION = YES;
				CLANG_WARN_NON_LITERAL_NULL_CONVERSION = YES;
				CLANG_WARN_OBJC_IMPLICIT_RETAIN_SELF = YES;
				CLANG_WARN_OBJC_LITERAL_CONVERSION = YES;
				CLANG_WARN_OBJC_ROOT_CLASS = YES_ERROR;
				CLANG_WARN_QUOTED_INCLUDE_IN_FRAMEWORK_HEADER = YES;
				CLANG_WARN_RANGE_LOOP_ANALYSIS = YES;
				CLANG_WARN_STRICT_PROTOTYPES = YES;
				CLANG_WARN_SUSPICIOUS_MOVE = YES;
				CLANG_WARN_UNGUARDED_AVAILABILITY = YES_AGGRESSIVE;
				CLANG_WARN_UNREACHABLE_CODE = YES;
				CLANG_WARN__DUPLICATE_METHOD_MATCH = YES;
				COPY_PHASE_STRIP = NO;
				DEBUG_INFORMATION_FORMAT = "dwarf-with-dsym";
				ENABLE_NS_ASSERTIONS = NO;
				ENABLE_STRICT_OBJC_MSGSEND = YES;
				GCC_C_LANGUAGE_STANDARD = gnu11;
				GCC_NO_COMMON_BLOCKS = YES;
				GCC_WARN_64_TO_32_BIT_CONVERSION = YES;
				GCC_WARN_ABOUT_RETURN_TYPE = YES_ERROR;
				GCC_WARN_UNDECLARED_SELECTOR = YES;
				GCC_WARN_UNINITIALIZED_AUTOS = YES_AGGRESSIVE;
				GCC_WARN_UNUSED_FUNCTION = YES;
				GCC_WARN_UNUSED_VARIABLE = YES;
				IPHONEOS_DEPLOYMENT_TARGET = 14.4;
				MTL_ENABLE_DEBUG_INFO = NO;
				MTL_FAST_MATH = YES;
				SDKROOT = iphoneos;
				SWIFT_COMPILATION_MODE = wholemodule;
				SWIFT_OPTIMIZATION_LEVEL = "-O";
				VALIDATE_PRODUCT = YES;
			};
			name = Release;
		};
		B36BCD2B263C3EA700BB5F17 /* Debug */ = {
			isa = XCBuildConfiguration;
			baseConfigurationReference = 4225213A4E719791C655F54E /* Pods-IMPSwiftExample.debug.xcconfig */;
			buildSettings = {
				ASSETCATALOG_COMPILER_APPICON_NAME = AppIcon;
				ASSETCATALOG_COMPILER_GLOBAL_ACCENT_COLOR_NAME = AccentColor;
				CLANG_ENABLE_MODULES = YES;
				CODE_SIGN_STYLE = Automatic;
				INFOPLIST_FILE = IMPSwiftExample/Info.plist;
				LD_RUNPATH_SEARCH_PATHS = (
					"$(inherited)",
					"@executable_path/Frameworks",
				);
				PRODUCT_BUNDLE_IDENTIFIER = com.panhongx.IMPSwiftExample;
				PRODUCT_NAME = "$(TARGET_NAME)";
				SWIFT_OBJC_BRIDGING_HEADER = "IMPSwiftExample/IMPSwiftExample-Bridging-Header.h";
				SWIFT_OPTIMIZATION_LEVEL = "-Onone";
				SWIFT_VERSION = 5.0;
				TARGETED_DEVICE_FAMILY = "1,2";
			};
			name = Debug;
		};
		B36BCD2C263C3EA700BB5F17 /* Release */ = {
			isa = XCBuildConfiguration;
			baseConfigurationReference = 293649B4AEF5B901AAF28DE8 /* Pods-IMPSwiftExample.release.xcconfig */;
			buildSettings = {
				ASSETCATALOG_COMPILER_APPICON_NAME = AppIcon;
				ASSETCATALOG_COMPILER_GLOBAL_ACCENT_COLOR_NAME = AccentColor;
				CLANG_ENABLE_MODULES = YES;
				CODE_SIGN_STYLE = Automatic;
				INFOPLIST_FILE = IMPSwiftExample/Info.plist;
				LD_RUNPATH_SEARCH_PATHS = (
					"$(inherited)",
					"@executable_path/Frameworks",
				);
				PRODUCT_BUNDLE_IDENTIFIER = com.panhongx.IMPSwiftExample;
				PRODUCT_NAME = "$(TARGET_NAME)";
				SWIFT_OBJC_BRIDGING_HEADER = "IMPSwiftExample/IMPSwiftExample-Bridging-Header.h";
				SWIFT_VERSION = 5.0;
				TARGETED_DEVICE_FAMILY = "1,2";
			};
			name = Release;
		};
		B36BCD2E263C3EA700BB5F17 /* Debug */ = {
			isa = XCBuildConfiguration;
			baseConfigurationReference = EA6E9B1CB4C2194B1B7582FC /* Pods-IMPSwiftExampleTests.debug.xcconfig */;
			buildSettings = {
				ALWAYS_EMBED_SWIFT_STANDARD_LIBRARIES = YES;
				BUNDLE_LOADER = "$(TEST_HOST)";
				CODE_SIGN_STYLE = Automatic;
				INFOPLIST_FILE = IMPSwiftExampleTests/Info.plist;
				IPHONEOS_DEPLOYMENT_TARGET = 14.4;
				LD_RUNPATH_SEARCH_PATHS = (
					"$(inherited)",
					"@executable_path/Frameworks",
					"@loader_path/Frameworks",
				);
				PRODUCT_BUNDLE_IDENTIFIER = com.panhongx.IMPSwiftExampleTests;
				PRODUCT_NAME = "$(TARGET_NAME)";
				SWIFT_VERSION = 5.0;
				TARGETED_DEVICE_FAMILY = "1,2";
				TEST_HOST = "$(BUILT_PRODUCTS_DIR)/IMPSwiftExample.app/IMPSwiftExample";
			};
			name = Debug;
		};
		B36BCD2F263C3EA700BB5F17 /* Release */ = {
			isa = XCBuildConfiguration;
			baseConfigurationReference = E19B1921AE8A81C497CE3ABE /* Pods-IMPSwiftExampleTests.release.xcconfig */;
			buildSettings = {
				ALWAYS_EMBED_SWIFT_STANDARD_LIBRARIES = YES;
				BUNDLE_LOADER = "$(TEST_HOST)";
				CODE_SIGN_STYLE = Automatic;
				INFOPLIST_FILE = IMPSwiftExampleTests/Info.plist;
				IPHONEOS_DEPLOYMENT_TARGET = 14.4;
				LD_RUNPATH_SEARCH_PATHS = (
					"$(inherited)",
					"@executable_path/Frameworks",
					"@loader_path/Frameworks",
				);
				PRODUCT_BUNDLE_IDENTIFIER = com.panhongx.IMPSwiftExampleTests;
				PRODUCT_NAME = "$(TARGET_NAME)";
				SWIFT_VERSION = 5.0;
				TARGETED_DEVICE_FAMILY = "1,2";
				TEST_HOST = "$(BUILT_PRODUCTS_DIR)/IMPSwiftExample.app/IMPSwiftExample";
			};
			name = Release;
		};
		B36BCD31263C3EA700BB5F17 /* Debug */ = {
			isa = XCBuildConfiguration;
			baseConfigurationReference = E73861D7208F0ABE9821F53E /* Pods-IMPSwiftExample-IMPSwiftExampleUITests.debug.xcconfig */;
			buildSettings = {
				ALWAYS_EMBED_SWIFT_STANDARD_LIBRARIES = YES;
				CODE_SIGN_STYLE = Automatic;
				INFOPLIST_FILE = IMPSwiftExampleUITests/Info.plist;
				LD_RUNPATH_SEARCH_PATHS = (
					"$(inherited)",
					"@executable_path/Frameworks",
					"@loader_path/Frameworks",
				);
				PRODUCT_BUNDLE_IDENTIFIER = com.panhongx.IMPSwiftExampleUITests;
				PRODUCT_NAME = "$(TARGET_NAME)";
				SWIFT_VERSION = 5.0;
				TARGETED_DEVICE_FAMILY = "1,2";
				TEST_TARGET_NAME = IMPSwiftExample;
			};
			name = Debug;
		};
		B36BCD32263C3EA700BB5F17 /* Release */ = {
			isa = XCBuildConfiguration;
			baseConfigurationReference = F2092858EAD817487D12C72D /* Pods-IMPSwiftExample-IMPSwiftExampleUITests.release.xcconfig */;
			buildSettings = {
				ALWAYS_EMBED_SWIFT_STANDARD_LIBRARIES = YES;
				CODE_SIGN_STYLE = Automatic;
				INFOPLIST_FILE = IMPSwiftExampleUITests/Info.plist;
				LD_RUNPATH_SEARCH_PATHS = (
					"$(inherited)",
					"@executable_path/Frameworks",
					"@loader_path/Frameworks",
				);
				PRODUCT_BUNDLE_IDENTIFIER = com.panhongx.IMPSwiftExampleUITests;
				PRODUCT_NAME = "$(TARGET_NAME)";
				SWIFT_VERSION = 5.0;
				TARGETED_DEVICE_FAMILY = "1,2";
				TEST_TARGET_NAME = IMPSwiftExample;
			};
			name = Release;
		};
/* End XCBuildConfiguration section */

/* Begin XCConfigurationList section */
		B36BCCFB263C3EA300BB5F17 /* Build configuration list for PBXProject "IMPSwiftExample" */ = {
			isa = XCConfigurationList;
			buildConfigurations = (
				B36BCD28263C3EA700BB5F17 /* Debug */,
				B36BCD29263C3EA700BB5F17 /* Release */,
			);
			defaultConfigurationIsVisible = 0;
			defaultConfigurationName = Release;
		};
		B36BCD2A263C3EA700BB5F17 /* Build configuration list for PBXNativeTarget "IMPSwiftExample" */ = {
			isa = XCConfigurationList;
			buildConfigurations = (
				B36BCD2B263C3EA700BB5F17 /* Debug */,
				B36BCD2C263C3EA700BB5F17 /* Release */,
			);
			defaultConfigurationIsVisible = 0;
			defaultConfigurationName = Release;
		};
		B36BCD2D263C3EA700BB5F17 /* Build configuration list for PBXNativeTarget "IMPSwiftExampleTests" */ = {
			isa = XCConfigurationList;
			buildConfigurations = (
				B36BCD2E263C3EA700BB5F17 /* Debug */,
				B36BCD2F263C3EA700BB5F17 /* Release */,
			);
			defaultConfigurationIsVisible = 0;
			defaultConfigurationName = Release;
		};
		B36BCD30263C3EA700BB5F17 /* Build configuration list for PBXNativeTarget "IMPSwiftExampleUITests" */ = {
			isa = XCConfigurationList;
			buildConfigurations = (
				B36BCD31263C3EA700BB5F17 /* Debug */,
				B36BCD32263C3EA700BB5F17 /* Release */,
			);
			defaultConfigurationIsVisible = 0;
			defaultConfigurationName = Release;
		};
/* End XCConfigurationList section */
	};
	rootObject = B36BCCF8263C3EA300BB5F17 /* Project object */;
}
