// !$*UTF8*$!
{
	archiveVersion = 1;
	classes = {
	};
	objectVersion = 50;
	objects = {

/* Begin PBXBuildFile section */
		54394F21253DB815009D1CF1 /* IMPDecision.m in Sources */ = {isa = PBXBuildFile; fileRef = 54394F20253DB815009D1CF1 /* IMPDecision.m */; };
		54394F252540767F009D1CF1 /* IMPDecisionModel.m in Sources */ = {isa = PBXBuildFile; fileRef = 54394F242540767F009D1CF1 /* IMPDecisionModel.m */; };
		54394F2925407690009D1CF1 /* IMPDecisionTracker.m in Sources */ = {isa = PBXBuildFile; fileRef = 54394F2825407690009D1CF1 /* IMPDecisionTracker.m */; };
		54394F99254AA752009D1CF1 /* IMPDecisionTrackerTest.m in Sources */ = {isa = PBXBuildFile; fileRef = 54394F94254AA633009D1CF1 /* IMPDecisionTrackerTest.m */; };
		544A0E8024BB7B5E007BB69D /* LoggingTest.m in Sources */ = {isa = PBXBuildFile; fileRef = 544A0E7F24BB7B5E007BB69D /* LoggingTest.m */; };
		5496CE5A23EC7CE7004E96C5 /* NSArray+Random.m in Sources */ = {isa = PBXBuildFile; fileRef = 5496CE5923EC7CE7004E96C5 /* NSArray+Random.m */; };
		549EE78023EF3DD60040D880 /* IMPModelDownloader.m in Sources */ = {isa = PBXBuildFile; fileRef = 549EE77F23EF3DD60040D880 /* IMPModelDownloader.m */; };
		549EE78223F1C4AC0040D880 /* DownloaderTest.m in Sources */ = {isa = PBXBuildFile; fileRef = 549EE78123F1C4AC0040D880 /* DownloaderTest.m */; };
		54A39AC525338DB800F895FF /* TestModel.mlmodel in Resources */ = {isa = PBXBuildFile; fileRef = 548BEE1E241241F500EFD26A /* TestModel.mlmodel */; };
		54AC4DDD24537B80007CB073 /* TestUtils.m in Sources */ = {isa = PBXBuildFile; fileRef = 54AC4DDC24537B80007CB073 /* TestUtils.m */; };
		54CB9B4223D988F10005BB94 /* IMPJSONUtils.m in Sources */ = {isa = PBXBuildFile; fileRef = 54CB9B3A23D988F10005BB94 /* IMPJSONUtils.m */; };
		B3052C23279142810069FC51 /* IMPDecisionContext.m in Sources */ = {isa = PBXBuildFile; fileRef = B3052C222791427F0069FC51 /* IMPDecisionContext.m */; };
		B3052C26279163EF0069FC51 /* IMPDecisionContextTest.m in Sources */ = {isa = PBXBuildFile; fileRef = B3052C25279163EF0069FC51 /* IMPDecisionContextTest.m */; };
		B3213C7C2608D67900052770 /* IMPDecisionModelTest.m in Sources */ = {isa = PBXBuildFile; fileRef = B3213C7B2608D67900052770 /* IMPDecisionModelTest.m */; };
		B3213C8526099B3800052770 /* IMPUtils.m in Sources */ = {isa = PBXBuildFile; fileRef = B3213C8426099B3800052770 /* IMPUtils.m */; };
		B32938E12612D80F0071F78E /* NSData+GZIP.m in Sources */ = {isa = PBXBuildFile; fileRef = B32938E02612D80F0071F78E /* NSData+GZIP.m */; };
		B32938EA2613EA930071F78E /* IMPStreamDownloadHandler.m in Sources */ = {isa = PBXBuildFile; fileRef = B32938E92613EA930071F78E /* IMPStreamDownloadHandler.m */; };
		B352915E26453300000274D6 /* IMPDecisionTest.m in Sources */ = {isa = PBXBuildFile; fileRef = B352915D26453300000274D6 /* IMPDecisionTest.m */; };
		B355488A27A0FBF000A6E6C3 /* a_z.json in Resources */ = {isa = PBXBuildFile; fileRef = B355488927A0FBF000A6E6C3 /* a_z.json */; };
		B355488D27A0FBFB00A6E6C3 /* a_z_model.mlmodel.gz in Resources */ = {isa = PBXBuildFile; fileRef = B355488C27A0FBFB00A6E6C3 /* a_z_model.mlmodel.gz */; };
		B3675EA725FE2E460040FDBB /* xxhash.c in Sources */ = {isa = PBXBuildFile; fileRef = B3675EA325FE2E460040FDBB /* xxhash.c */; };
		B3675EBA25FE2E900040FDBB /* IMPFeatureEncoder.m in Sources */ = {isa = PBXBuildFile; fileRef = B3675EB825FE2E900040FDBB /* IMPFeatureEncoder.m */; };
		B3675EBD25FE2EA80040FDBB /* FeatureEncoderTest.m in Sources */ = {isa = PBXBuildFile; fileRef = B3675EBC25FE2EA80040FDBB /* FeatureEncoderTest.m */; };
		B371835A2734F51800FE03F1 /* NSString+KSUID.m in Sources */ = {isa = PBXBuildFile; fileRef = B37183592734F51800FE03F1 /* NSString+KSUID.m */; };
		B371835E2734F8E000FE03F1 /* KSUIDTest.m in Sources */ = {isa = PBXBuildFile; fileRef = B371835D2734F8E000FE03F1 /* KSUIDTest.m */; };
		B37E1335262EDF5E0042B761 /* IMPStreamDownloadManager.m in Sources */ = {isa = PBXBuildFile; fileRef = B37E1334262EDF5D0042B761 /* IMPStreamDownloadManager.m */; };
		B38D664728487C2700AFA725 /* version_6_0.mlmodel in Sources */ = {isa = PBXBuildFile; fileRef = B38D664628487C2700AFA725 /* version_6_0.mlmodel */; };
		B3C412C8273E76B300CC7DCD /* model_test_suite.txt in Resources */ = {isa = PBXBuildFile; fileRef = B3C412C7273E76B200CC7DCD /* model_test_suite.txt */; };
		B3C412D3273E814B00CC7DCD /* 2_nested_dict_variants_20_random_nested_dict_givens_large_binary_reward in Resources */ = {isa = PBXBuildFile; fileRef = B3C412D2273E814B00CC7DCD /* 2_nested_dict_variants_20_random_nested_dict_givens_large_binary_reward */; };
		B3C412D8273E84F500CC7DCD /* 0_and_nan in Resources */ = {isa = PBXBuildFile; fileRef = B3C412D7273E84F500CC7DCD /* 0_and_nan */; };
		B3C412E4273E853D00CC7DCD /* 2_numeric_variants_no_givens_binary_reward in Resources */ = {isa = PBXBuildFile; fileRef = B3C412DB273E853B00CC7DCD /* 2_numeric_variants_no_givens_binary_reward */; };
		B3C412E5273E853D00CC7DCD /* 1000_list_of_numeric_variants_20_same_nested_givens_binary_reward in Resources */ = {isa = PBXBuildFile; fileRef = B3C412DC273E853B00CC7DCD /* 1000_list_of_numeric_variants_20_same_nested_givens_binary_reward */; };
		B3C412E6273E853D00CC7DCD /* 2_numeric_variants_no_givens_large_binary_reward in Resources */ = {isa = PBXBuildFile; fileRef = B3C412DD273E853B00CC7DCD /* 2_numeric_variants_no_givens_large_binary_reward */; };
		B3C412E7273E853D00CC7DCD /* primitive_variants_no_givens_binary_reward in Resources */ = {isa = PBXBuildFile; fileRef = B3C412DE273E853C00CC7DCD /* primitive_variants_no_givens_binary_reward */; };
		B3C412E8273E853D00CC7DCD /* 1000_numeric_variants_20_same_nested_givens_large_binary_reward in Resources */ = {isa = PBXBuildFile; fileRef = B3C412DF273E853C00CC7DCD /* 1000_numeric_variants_20_same_nested_givens_large_binary_reward */; };
		B3C412E9273E853D00CC7DCD /* 1000_numeric_variants_no_givens_small_binary_reward in Resources */ = {isa = PBXBuildFile; fileRef = B3C412E0273E853C00CC7DCD /* 1000_numeric_variants_no_givens_small_binary_reward */; };
		B3C412EA273E853D00CC7DCD /* 1000_numeric_variants_20_random_nested_givens_small_binary_reward in Resources */ = {isa = PBXBuildFile; fileRef = B3C412E1273E853C00CC7DCD /* 1000_numeric_variants_20_random_nested_givens_small_binary_reward */; };
		B3C412EB273E853D00CC7DCD /* 2_numeric_variants_100_random_nested_dict_givens_binary_reward in Resources */ = {isa = PBXBuildFile; fileRef = B3C412E2273E853C00CC7DCD /* 2_numeric_variants_100_random_nested_dict_givens_binary_reward */; };
		B3C412EC273E853D00CC7DCD /* 2_variants_20_huge_givens in Resources */ = {isa = PBXBuildFile; fileRef = B3C412E3273E853C00CC7DCD /* 2_variants_20_huge_givens */; };
		B3CB2829272A80C00081C29F /* IMPConstants.m in Sources */ = {isa = PBXBuildFile; fileRef = B3AD6AFC26BBD477008FCFF6 /* IMPConstants.m */; };
		B3CB282C272A83620081C29F /* AppGivensProviderTest.m in Sources */ = {isa = PBXBuildFile; fileRef = B3CB282B272A83620081C29F /* AppGivensProviderTest.m */; };
		B3DADC4626298C7E004A82FA /* feature_encoder_test_suite.txt in Resources */ = {isa = PBXBuildFile; fileRef = B3DADC0726298C78004A82FA /* feature_encoder_test_suite.txt */; };
		B3E850F72733DAAC002F02CF /* base62.c in Sources */ = {isa = PBXBuildFile; fileRef = B3E850F62733DAAC002F02CF /* base62.c */; };
		B3E850FB2733DDF6002F02CF /* ksuid.c in Sources */ = {isa = PBXBuildFile; fileRef = B3E850FA2733DDF6002F02CF /* ksuid.c */; };
		B3F34BD1271EB0D1006636D8 /* TestModel.dat in Resources */ = {isa = PBXBuildFile; fileRef = B3F34BCF271EAE06006636D8 /* TestModel.dat */; };
		B3F34BD5271EB2D7006636D8 /* InvalidModel.dat in Resources */ = {isa = PBXBuildFile; fileRef = B3F34BD3271EB236006636D8 /* InvalidModel.dat */; };
		B3F34BD8271EB53B006636D8 /* TestModel.mlmodel.gz in Resources */ = {isa = PBXBuildFile; fileRef = B3F34BD7271EB53B006636D8 /* TestModel.mlmodel.gz */; };
		B3F34C572727ECE0006636D8 /* IMPModelDictionary.m in Sources */ = {isa = PBXBuildFile; fileRef = B3F34C562727ECE0006636D8 /* IMPModelDictionary.m */; };
		B3F34C6227294A5D006636D8 /* AppGivensProvider.m in Sources */ = {isa = PBXBuildFile; fileRef = B3F34C6127294A5D006636D8 /* AppGivensProvider.m */; };
		B3F34C6627294D73006636D8 /* IMPGivensProvider.m in Sources */ = {isa = PBXBuildFile; fileRef = B3F34C6527294D73006636D8 /* IMPGivensProvider.m */; };
		B3F51D53269B590000049F17 /* nested_list.json in Resources */ = {isa = PBXBuildFile; fileRef = B3F51D08269B58F200049F17 /* nested_list.json */; };
		B3F51D54269B590000049F17 /* noise_2_256.json in Resources */ = {isa = PBXBuildFile; fileRef = B3F51D09269B58F300049F17 /* noise_2_256.json */; };
		B3F51D55269B590000049F17 /* nested_dict_string_keys.json in Resources */ = {isa = PBXBuildFile; fileRef = B3F51D0A269B58F300049F17 /* nested_dict_string_keys.json */; };
		B3F51D56269B590000049F17 /* primitive_dict_unicode_string_02.json in Resources */ = {isa = PBXBuildFile; fileRef = B3F51D0B269B58F300049F17 /* primitive_dict_unicode_string_02.json */; };
		B3F51D57269B590000049F17 /* foo_bar.json in Resources */ = {isa = PBXBuildFile; fileRef = B3F51D0C269B58F300049F17 /* foo_bar.json */; };
		B3F51D58269B590000049F17 /* big_int_positive.json in Resources */ = {isa = PBXBuildFile; fileRef = B3F51D0D269B58F300049F17 /* big_int_positive.json */; };
		B3F51D59269B590000049F17 /* bool_true.json in Resources */ = {isa = PBXBuildFile; fileRef = B3F51D0E269B58F300049F17 /* bool_true.json */; };
		B3F51D5A269B590000049F17 /* unicode_string_with_u0000.json in Resources */ = {isa = PBXBuildFile; fileRef = B3F51D0F269B58F300049F17 /* unicode_string_with_u0000.json */; };
		B3F51D5B269B590000049F17 /* npnan.json in Resources */ = {isa = PBXBuildFile; fileRef = B3F51D10269B58F300049F17 /* npnan.json */; };
		B3F51D5C269B590000049F17 /* primitive_dict_int_1.json in Resources */ = {isa = PBXBuildFile; fileRef = B3F51D11269B58F400049F17 /* primitive_dict_int_1.json */; };
		B3F51D5D269B590000049F17 /* empty_list.json in Resources */ = {isa = PBXBuildFile; fileRef = B3F51D12269B58F400049F17 /* empty_list.json */; };
		B3F51D5E269B590000049F17 /* noise_2_128.json in Resources */ = {isa = PBXBuildFile; fileRef = B3F51D13269B58F400049F17 /* noise_2_128.json */; };
		B3F51D5F269B590000049F17 /* primitive_dict_newline_tab_return_symbols_string.json in Resources */ = {isa = PBXBuildFile; fileRef = B3F51D14269B58F400049F17 /* primitive_dict_newline_tab_return_symbols_string.json */; };
		B3F51D60269B590000049F17 /* primitive_dict_float_0.json in Resources */ = {isa = PBXBuildFile; fileRef = B3F51D15269B58F400049F17 /* primitive_dict_float_0.json */; };
		B3F51D61269B590000049F17 /* string.json in Resources */ = {isa = PBXBuildFile; fileRef = B3F51D16269B58F400049F17 /* string.json */; };
		B3F51D62269B590000049F17 /* primitive_dict_unicode_string_01.json in Resources */ = {isa = PBXBuildFile; fileRef = B3F51D17269B58F500049F17 /* primitive_dict_unicode_string_01.json */; };
		B3F51D63269B590000049F17 /* unicode_emoji_01.json in Resources */ = {isa = PBXBuildFile; fileRef = B3F51D18269B58F500049F17 /* unicode_emoji_01.json */; };
		B3F51D64269B590000049F17 /* primitive_dict_big_float.json in Resources */ = {isa = PBXBuildFile; fileRef = B3F51D19269B58F500049F17 /* primitive_dict_big_float.json */; };
		B3F51D65269B590000049F17 /* external_collisions_01.json in Resources */ = {isa = PBXBuildFile; fileRef = B3F51D1A269B58F500049F17 /* external_collisions_01.json */; };
		B3F51D66269B590000049F17 /* primitive_dict_int64_big.json in Resources */ = {isa = PBXBuildFile; fileRef = B3F51D1B269B58F500049F17 /* primitive_dict_int64_big.json */; };
		B3F51D67269B590000049F17 /* primitive_dict_special_characters_string.json in Resources */ = {isa = PBXBuildFile; fileRef = B3F51D1C269B58F500049F17 /* primitive_dict_special_characters_string.json */; };
		B3F51D68269B590000049F17 /* primitive_dict_float_m1.json in Resources */ = {isa = PBXBuildFile; fileRef = B3F51D1D269B58F500049F17 /* primitive_dict_float_m1.json */; };
		B3F51D69269B590000049F17 /* unicode_emoji_in_key.json in Resources */ = {isa = PBXBuildFile; fileRef = B3F51D1E269B58F600049F17 /* unicode_emoji_in_key.json */; };
		B3F51D6A269B590000049F17 /* primitive_dict_unicode_emoji_01.json in Resources */ = {isa = PBXBuildFile; fileRef = B3F51D1F269B58F600049F17 /* primitive_dict_unicode_emoji_01.json */; };
		B3F51D6B269B590000049F17 /* internal_collisions_03.json in Resources */ = {isa = PBXBuildFile; fileRef = B3F51D20269B58F600049F17 /* internal_collisions_03.json */; };
		B3F51D6C269B590000049F17 /* primitive_dict_big_int_positive.json in Resources */ = {isa = PBXBuildFile; fileRef = B3F51D21269B58F600049F17 /* primitive_dict_big_int_positive.json */; };
		B3F51D6D269B590000049F17 /* encode_feature_vector.json in Resources */ = {isa = PBXBuildFile; fileRef = B3F51D22269B58F600049F17 /* encode_feature_vector.json */; };
		B3F51D6E269B590000049F17 /* leading_zeros_in_feature_names_01.json in Resources */ = {isa = PBXBuildFile; fileRef = B3F51D23269B58F600049F17 /* leading_zeros_in_feature_names_01.json */; };
		B3F51D6F269B590000049F17 /* noise_3_128.json in Resources */ = {isa = PBXBuildFile; fileRef = B3F51D24269B58F600049F17 /* noise_3_128.json */; };
		B3F51D70269B590000049F17 /* primitive_dict_string.json in Resources */ = {isa = PBXBuildFile; fileRef = B3F51D25269B58F700049F17 /* primitive_dict_string.json */; };
		B3F51D71269B590000049F17 /* noise_1_string.json in Resources */ = {isa = PBXBuildFile; fileRef = B3F51D26269B58F700049F17 /* noise_1_string.json */; };
		B3F51D72269B590000049F17 /* float_m1.json in Resources */ = {isa = PBXBuildFile; fileRef = B3F51D27269B58F700049F17 /* float_m1.json */; };
		B3F51D73269B590000049F17 /* float_1.json in Resources */ = {isa = PBXBuildFile; fileRef = B3F51D28269B58F700049F17 /* float_1.json */; };
		B3F51D74269B590000049F17 /* sprinkled_equals_zero.json in Resources */ = {isa = PBXBuildFile; fileRef = B3F51D29269B58F700049F17 /* sprinkled_equals_zero.json */; };
		B3F51D75269B590000049F17 /* primitive_dict_int_0.json in Resources */ = {isa = PBXBuildFile; fileRef = B3F51D2A269B58F700049F17 /* primitive_dict_int_0.json */; };
		B3F51D76269B590000049F17 /* primitive_dict_small_float.json in Resources */ = {isa = PBXBuildFile; fileRef = B3F51D2B269B58F700049F17 /* primitive_dict_small_float.json */; };
		B3F51D77269B590000049F17 /* primitive_dict_unicode_emoji_02.json in Resources */ = {isa = PBXBuildFile; fileRef = B3F51D2C269B58F700049F17 /* primitive_dict_unicode_emoji_02.json */; };
		B3F51D78269B590000049F17 /* special_characters_in_key_string.json in Resources */ = {isa = PBXBuildFile; fileRef = B3F51D2D269B58F800049F17 /* special_characters_in_key_string.json */; };
		B3F51D79269B590000049F17 /* internal_collisions_01.json in Resources */ = {isa = PBXBuildFile; fileRef = B3F51D2E269B58F800049F17 /* internal_collisions_01.json */; };
		B3F51D7A269B590000049F17 /* int_0.json in Resources */ = {isa = PBXBuildFile; fileRef = B3F51D2F269B58F800049F17 /* int_0.json */; };
		B3F51D7B269B590000049F17 /* noise_3_256.json in Resources */ = {isa = PBXBuildFile; fileRef = B3F51D30269B58F800049F17 /* noise_3_256.json */; };
		B3F51D7C269B590000049F17 /* unicode_string_02.json in Resources */ = {isa = PBXBuildFile; fileRef = B3F51D31269B58F900049F17 /* unicode_string_02.json */; };
		B3F51D7D269B590000049F17 /* unicode_string_01.json in Resources */ = {isa = PBXBuildFile; fileRef = B3F51D32269B58F900049F17 /* unicode_string_01.json */; };
		B3F51D7E269B590000049F17 /* primitive_dict_zero_length_string.json in Resources */ = {isa = PBXBuildFile; fileRef = B3F51D33269B58F900049F17 /* primitive_dict_zero_length_string.json */; };
		B3F51D7F269B590000049F17 /* primitive_dict_bool_true.json in Resources */ = {isa = PBXBuildFile; fileRef = B3F51D34269B58F900049F17 /* primitive_dict_bool_true.json */; };
		B3F51D80269B590000049F17 /* dict_foo_bar.json in Resources */ = {isa = PBXBuildFile; fileRef = B3F51D35269B58FA00049F17 /* dict_foo_bar.json */; };
		B3F51D81269B590000049F17 /* int_1.json in Resources */ = {isa = PBXBuildFile; fileRef = B3F51D36269B58FA00049F17 /* int_1.json */; };
		B3F51D82269B590000049F17 /* primitive_dict_int64_small.json in Resources */ = {isa = PBXBuildFile; fileRef = B3F51D37269B58FA00049F17 /* primitive_dict_int64_small.json */; };
		B3F51D83269B590000049F17 /* unicode_u0000.json in Resources */ = {isa = PBXBuildFile; fileRef = B3F51D38269B58FA00049F17 /* unicode_u0000.json */; };
		B3F51D84269B590000049F17 /* primitive_dict_int_m1.json in Resources */ = {isa = PBXBuildFile; fileRef = B3F51D39269B58FB00049F17 /* primitive_dict_int_m1.json */; };
		B3F51D85269B590000049F17 /* primitive_dict_big_int_negative.json in Resources */ = {isa = PBXBuildFile; fileRef = B3F51D3A269B58FB00049F17 /* primitive_dict_big_int_negative.json */; };
		B3F51D86269B590000049F17 /* internal_collisions_02.json in Resources */ = {isa = PBXBuildFile; fileRef = B3F51D3B269B58FB00049F17 /* internal_collisions_02.json */; };
		B3F51D87269B590000049F17 /* external_collisions_02.json in Resources */ = {isa = PBXBuildFile; fileRef = B3F51D3C269B58FB00049F17 /* external_collisions_02.json */; };
		B3F51D88269B590000049F17 /* big_float.json in Resources */ = {isa = PBXBuildFile; fileRef = B3F51D3D269B58FB00049F17 /* big_float.json */; };
		B3F51D89269B590000049F17 /* zero_length_string.json in Resources */ = {isa = PBXBuildFile; fileRef = B3F51D3E269B58FB00049F17 /* zero_length_string.json */; };
		B3F51D8A269B590000049F17 /* small_float.json in Resources */ = {isa = PBXBuildFile; fileRef = B3F51D3F269B58FC00049F17 /* small_float.json */; };
		B3F51D8B269B590000049F17 /* primitive_dict_bool_false.json in Resources */ = {isa = PBXBuildFile; fileRef = B3F51D40269B58FC00049F17 /* primitive_dict_bool_false.json */; };
		B3F51D8C269B590000049F17 /* noise_0_string.json in Resources */ = {isa = PBXBuildFile; fileRef = B3F51D41269B58FC00049F17 /* noise_0_string.json */; };
		B3F51D8D269B590000049F17 /* primitive_dict_unicode_string_with_u0000.json in Resources */ = {isa = PBXBuildFile; fileRef = B3F51D42269B58FD00049F17 /* primitive_dict_unicode_string_with_u0000.json */; };
		B3F51D8E269B590000049F17 /* primitive_dict_unicode_u0000.json in Resources */ = {isa = PBXBuildFile; fileRef = B3F51D43269B58FD00049F17 /* primitive_dict_unicode_u0000.json */; };
		B3F51D8F269B590000049F17 /* special_characters_string.json in Resources */ = {isa = PBXBuildFile; fileRef = B3F51D44269B58FD00049F17 /* special_characters_string.json */; };
		B3F51D90269B590000049F17 /* seed_int32_big.json in Resources */ = {isa = PBXBuildFile; fileRef = B3F51D45269B58FD00049F17 /* seed_int32_big.json */; };
		B3F51D91269B590000049F17 /* int_m1.json in Resources */ = {isa = PBXBuildFile; fileRef = B3F51D46269B58FD00049F17 /* int_m1.json */; };
		B3F51D92269B590000049F17 /* unicode_emoji_02.json in Resources */ = {isa = PBXBuildFile; fileRef = B3F51D47269B58FD00049F17 /* unicode_emoji_02.json */; };
		B3F51D93269B590000049F17 /* primitive_dict_foo_bar.json in Resources */ = {isa = PBXBuildFile; fileRef = B3F51D48269B58FE00049F17 /* primitive_dict_foo_bar.json */; };
		B3F51D94269B590000049F17 /* empty_dict.json in Resources */ = {isa = PBXBuildFile; fileRef = B3F51D49269B58FE00049F17 /* empty_dict.json */; };
		B3F51D95269B590000049F17 /* leading_zeros_in_feature_names_02.json in Resources */ = {isa = PBXBuildFile; fileRef = B3F51D4A269B58FE00049F17 /* leading_zeros_in_feature_names_02.json */; };
		B3F51D96269B590000049F17 /* none.json in Resources */ = {isa = PBXBuildFile; fileRef = B3F51D4B269B58FF00049F17 /* none.json */; };
		B3F51D97269B590000049F17 /* int64_big.json in Resources */ = {isa = PBXBuildFile; fileRef = B3F51D4C269B58FF00049F17 /* int64_big.json */; };
		B3F51D98269B590000049F17 /* float_0.json in Resources */ = {isa = PBXBuildFile; fileRef = B3F51D4D269B58FF00049F17 /* float_0.json */; };
		B3F51D99269B590000049F17 /* big_int_negative.json in Resources */ = {isa = PBXBuildFile; fileRef = B3F51D4E269B58FF00049F17 /* big_int_negative.json */; };
		B3F51D9A269B590000049F17 /* primitive_dict_float_1.json in Resources */ = {isa = PBXBuildFile; fileRef = B3F51D4F269B58FF00049F17 /* primitive_dict_float_1.json */; };
		B3F51D9B269B590000049F17 /* bool_false.json in Resources */ = {isa = PBXBuildFile; fileRef = B3F51D50269B58FF00049F17 /* bool_false.json */; };
		B3F51D9C269B590000049F17 /* newline_tab_return_symbols_string.json in Resources */ = {isa = PBXBuildFile; fileRef = B3F51D51269B590000049F17 /* newline_tab_return_symbols_string.json */; };
		B3F51D9D269B590000049F17 /* int64_small.json in Resources */ = {isa = PBXBuildFile; fileRef = B3F51D52269B590000049F17 /* int64_small.json */; };
		B3F51DA326A077B000049F17 /* feature_names.txt in Resources */ = {isa = PBXBuildFile; fileRef = B3F51DA226A077B000049F17 /* feature_names.txt */; };
		E761D2FF2600454700F6F238 /* NSDictionary+MLFeatureProvider.m in Sources */ = {isa = PBXBuildFile; fileRef = E761D2FE2600454700F6F238 /* NSDictionary+MLFeatureProvider.m */; };
/* End PBXBuildFile section */

/* Begin PBXFileReference section */
		540B857E23E6CBF900D578A4 /* TestUtils.h */ = {isa = PBXFileReference; lastKnownFileType = sourcecode.c.h; path = TestUtils.h; sourceTree = "<group>"; };
		54394F1F253DB815009D1CF1 /* IMPDecision.h */ = {isa = PBXFileReference; lastKnownFileType = sourcecode.c.h; path = IMPDecision.h; sourceTree = "<group>"; };
		54394F20253DB815009D1CF1 /* IMPDecision.m */ = {isa = PBXFileReference; lastKnownFileType = sourcecode.c.objc; path = IMPDecision.m; sourceTree = "<group>"; };
		54394F232540767F009D1CF1 /* IMPDecisionModel.h */ = {isa = PBXFileReference; lastKnownFileType = sourcecode.c.h; path = IMPDecisionModel.h; sourceTree = "<group>"; };
		54394F242540767F009D1CF1 /* IMPDecisionModel.m */ = {isa = PBXFileReference; lastKnownFileType = sourcecode.c.objc; path = IMPDecisionModel.m; sourceTree = "<group>"; };
		54394F2725407690009D1CF1 /* IMPDecisionTracker.h */ = {isa = PBXFileReference; lastKnownFileType = sourcecode.c.h; path = IMPDecisionTracker.h; sourceTree = "<group>"; };
		54394F2825407690009D1CF1 /* IMPDecisionTracker.m */ = {isa = PBXFileReference; lastKnownFileType = sourcecode.c.objc; path = IMPDecisionTracker.m; sourceTree = "<group>"; };
		54394F94254AA633009D1CF1 /* IMPDecisionTrackerTest.m */ = {isa = PBXFileReference; lastKnownFileType = sourcecode.c.objc; path = IMPDecisionTrackerTest.m; sourceTree = "<group>"; };
		544A0E7E24B6FF8B007BB69D /* IMPLogging.h */ = {isa = PBXFileReference; lastKnownFileType = sourcecode.c.h; path = IMPLogging.h; sourceTree = "<group>"; };
		544A0E7F24BB7B5E007BB69D /* LoggingTest.m */ = {isa = PBXFileReference; lastKnownFileType = sourcecode.c.objc; path = LoggingTest.m; sourceTree = "<group>"; };
		548BEE1E241241F500EFD26A /* TestModel.mlmodel */ = {isa = PBXFileReference; lastKnownFileType = file.mlmodel; path = TestModel.mlmodel; sourceTree = "<group>"; };
		5496CE5823EC7CE7004E96C5 /* NSArray+Random.h */ = {isa = PBXFileReference; lastKnownFileType = sourcecode.c.h; path = "NSArray+Random.h"; sourceTree = "<group>"; };
		5496CE5923EC7CE7004E96C5 /* NSArray+Random.m */ = {isa = PBXFileReference; lastKnownFileType = sourcecode.c.objc; path = "NSArray+Random.m"; sourceTree = "<group>"; };
		5496CE5C23ED5FFE004E96C5 /* IMPCommon.h */ = {isa = PBXFileReference; lastKnownFileType = sourcecode.c.h; path = IMPCommon.h; sourceTree = "<group>"; };
		549EE77E23EF3DD60040D880 /* IMPModelDownloader.h */ = {isa = PBXFileReference; lastKnownFileType = sourcecode.c.h; path = IMPModelDownloader.h; sourceTree = "<group>"; };
		549EE77F23EF3DD60040D880 /* IMPModelDownloader.m */ = {isa = PBXFileReference; lastKnownFileType = sourcecode.c.objc; path = IMPModelDownloader.m; sourceTree = "<group>"; };
		549EE78123F1C4AC0040D880 /* DownloaderTest.m */ = {isa = PBXFileReference; lastKnownFileType = sourcecode.c.objc; path = DownloaderTest.m; sourceTree = "<group>"; };
		54AC4DDC24537B80007CB073 /* TestUtils.m */ = {isa = PBXFileReference; lastKnownFileType = sourcecode.c.objc; path = TestUtils.m; sourceTree = "<group>"; };
		54BEA57B24BD9E5600F8A52C /* Tests.pch */ = {isa = PBXFileReference; lastKnownFileType = sourcecode.c.h; path = Tests.pch; sourceTree = "<group>"; };
		54CA20F223FDB63300723655 /* libarchive.2.tbd */ = {isa = PBXFileReference; lastKnownFileType = "sourcecode.text-based-dylib-definition"; name = libarchive.2.tbd; path = usr/lib/libarchive.2.tbd; sourceTree = SDKROOT; };
		54CB9B1F23D987800005BB94 /* ImproveUnitTests.xctest */ = {isa = PBXFileReference; explicitFileType = wrapper.cfbundle; includeInIndex = 0; path = ImproveUnitTests.xctest; sourceTree = BUILT_PRODUCTS_DIR; };
		54CB9B2423D987800005BB94 /* Info.plist */ = {isa = PBXFileReference; lastKnownFileType = text.plist.xml; path = Info.plist; sourceTree = "<group>"; };
		54CB9B3823D988F10005BB94 /* IMPJSONUtils.h */ = {isa = PBXFileReference; fileEncoding = 4; lastKnownFileType = sourcecode.c.h; path = IMPJSONUtils.h; sourceTree = "<group>"; };
		54CB9B3A23D988F10005BB94 /* IMPJSONUtils.m */ = {isa = PBXFileReference; fileEncoding = 4; lastKnownFileType = sourcecode.c.objc; path = IMPJSONUtils.m; sourceTree = "<group>"; };
		54FCD00624C7401B00D30031 /* ImproveTrainingTest.m */ = {isa = PBXFileReference; lastKnownFileType = sourcecode.c.objc; path = ImproveTrainingTest.m; sourceTree = "<group>"; };
		B3052C212791427F0069FC51 /* IMPDecisionContext.h */ = {isa = PBXFileReference; lastKnownFileType = sourcecode.c.h; path = IMPDecisionContext.h; sourceTree = "<group>"; };
		B3052C222791427F0069FC51 /* IMPDecisionContext.m */ = {isa = PBXFileReference; lastKnownFileType = sourcecode.c.objc; path = IMPDecisionContext.m; sourceTree = "<group>"; };
		B3052C25279163EF0069FC51 /* IMPDecisionContextTest.m */ = {isa = PBXFileReference; lastKnownFileType = sourcecode.c.objc; path = IMPDecisionContextTest.m; sourceTree = "<group>"; };
		B3213C7B2608D67900052770 /* IMPDecisionModelTest.m */ = {isa = PBXFileReference; lastKnownFileType = sourcecode.c.objc; path = IMPDecisionModelTest.m; sourceTree = "<group>"; };
		B3213C8326099B3800052770 /* IMPUtils.h */ = {isa = PBXFileReference; lastKnownFileType = sourcecode.c.h; path = IMPUtils.h; sourceTree = "<group>"; };
		B3213C8426099B3800052770 /* IMPUtils.m */ = {isa = PBXFileReference; lastKnownFileType = sourcecode.c.objc; path = IMPUtils.m; sourceTree = "<group>"; };
		B32938DF2612D80F0071F78E /* NSData+GZIP.h */ = {isa = PBXFileReference; fileEncoding = 4; lastKnownFileType = sourcecode.c.h; path = "NSData+GZIP.h"; sourceTree = "<group>"; };
		B32938E02612D80F0071F78E /* NSData+GZIP.m */ = {isa = PBXFileReference; fileEncoding = 4; lastKnownFileType = sourcecode.c.objc; path = "NSData+GZIP.m"; sourceTree = "<group>"; };
		B32938E82613EA930071F78E /* IMPStreamDownloadHandler.h */ = {isa = PBXFileReference; lastKnownFileType = sourcecode.c.h; path = IMPStreamDownloadHandler.h; sourceTree = "<group>"; };
		B32938E92613EA930071F78E /* IMPStreamDownloadHandler.m */ = {isa = PBXFileReference; lastKnownFileType = sourcecode.c.objc; path = IMPStreamDownloadHandler.m; sourceTree = "<group>"; };
		B352915D26453300000274D6 /* IMPDecisionTest.m */ = {isa = PBXFileReference; lastKnownFileType = sourcecode.c.objc; path = IMPDecisionTest.m; sourceTree = "<group>"; };
		B352916226455F3B000274D6 /* ImproveUnitTests-Bridging-Header.h */ = {isa = PBXFileReference; lastKnownFileType = sourcecode.c.h; path = "ImproveUnitTests-Bridging-Header.h"; sourceTree = "<group>"; };
		B355488927A0FBF000A6E6C3 /* a_z.json */ = {isa = PBXFileReference; fileEncoding = 4; lastKnownFileType = text.json; path = a_z.json; sourceTree = "<group>"; };
		B355488C27A0FBFB00A6E6C3 /* a_z_model.mlmodel.gz */ = {isa = PBXFileReference; lastKnownFileType = archive.gzip; path = a_z_model.mlmodel.gz; sourceTree = "<group>"; };
		B3675EA125FE2E450040FDBB /* xxhash.h */ = {isa = PBXFileReference; fileEncoding = 4; lastKnownFileType = sourcecode.c.h; path = xxhash.h; sourceTree = "<group>"; };
		B3675EA325FE2E460040FDBB /* xxhash.c */ = {isa = PBXFileReference; fileEncoding = 4; lastKnownFileType = sourcecode.c.c; path = xxhash.c; sourceTree = "<group>"; };
		B3675EB825FE2E900040FDBB /* IMPFeatureEncoder.m */ = {isa = PBXFileReference; fileEncoding = 4; lastKnownFileType = sourcecode.c.objc; path = IMPFeatureEncoder.m; sourceTree = "<group>"; };
		B3675EB925FE2E900040FDBB /* IMPFeatureEncoder.h */ = {isa = PBXFileReference; fileEncoding = 4; lastKnownFileType = sourcecode.c.h; path = IMPFeatureEncoder.h; sourceTree = "<group>"; };
		B3675EBC25FE2EA80040FDBB /* FeatureEncoderTest.m */ = {isa = PBXFileReference; fileEncoding = 4; lastKnownFileType = sourcecode.c.objc; path = FeatureEncoderTest.m; sourceTree = "<group>"; };
		B36C84CD2674614800D0801B /* IMPConstants.h */ = {isa = PBXFileReference; lastKnownFileType = sourcecode.c.h; path = IMPConstants.h; sourceTree = "<group>"; };
		B37183582734F51800FE03F1 /* NSString+KSUID.h */ = {isa = PBXFileReference; lastKnownFileType = sourcecode.c.h; path = "NSString+KSUID.h"; sourceTree = "<group>"; };
		B37183592734F51800FE03F1 /* NSString+KSUID.m */ = {isa = PBXFileReference; lastKnownFileType = sourcecode.c.objc; path = "NSString+KSUID.m"; sourceTree = "<group>"; };
		B371835D2734F8E000FE03F1 /* KSUIDTest.m */ = {isa = PBXFileReference; lastKnownFileType = sourcecode.c.objc; path = KSUIDTest.m; sourceTree = "<group>"; };
		B37E1333262EDF5D0042B761 /* IMPStreamDownloadManager.h */ = {isa = PBXFileReference; lastKnownFileType = sourcecode.c.h; path = IMPStreamDownloadManager.h; sourceTree = "<group>"; };
		B37E1334262EDF5D0042B761 /* IMPStreamDownloadManager.m */ = {isa = PBXFileReference; lastKnownFileType = sourcecode.c.objc; path = IMPStreamDownloadManager.m; sourceTree = "<group>"; };
		B38D664628487C2700AFA725 /* version_6_0.mlmodel */ = {isa = PBXFileReference; lastKnownFileType = file.mlmodel; path = version_6_0.mlmodel; sourceTree = "<group>"; };
		B3AD6AFC26BBD477008FCFF6 /* IMPConstants.m */ = {isa = PBXFileReference; lastKnownFileType = sourcecode.c.objc; path = IMPConstants.m; sourceTree = "<group>"; };
		B3C412C7273E76B200CC7DCD /* model_test_suite.txt */ = {isa = PBXFileReference; fileEncoding = 4; lastKnownFileType = text; path = model_test_suite.txt; sourceTree = "<group>"; };
		B3C412D2273E814B00CC7DCD /* 2_nested_dict_variants_20_random_nested_dict_givens_large_binary_reward */ = {isa = PBXFileReference; lastKnownFileType = folder; path = 2_nested_dict_variants_20_random_nested_dict_givens_large_binary_reward; sourceTree = "<group>"; };
		B3C412D7273E84F500CC7DCD /* 0_and_nan */ = {isa = PBXFileReference; lastKnownFileType = folder; path = 0_and_nan; sourceTree = "<group>"; };
		B3C412DB273E853B00CC7DCD /* 2_numeric_variants_no_givens_binary_reward */ = {isa = PBXFileReference; lastKnownFileType = folder; path = 2_numeric_variants_no_givens_binary_reward; sourceTree = "<group>"; };
		B3C412DC273E853B00CC7DCD /* 1000_list_of_numeric_variants_20_same_nested_givens_binary_reward */ = {isa = PBXFileReference; lastKnownFileType = folder; path = 1000_list_of_numeric_variants_20_same_nested_givens_binary_reward; sourceTree = "<group>"; };
		B3C412DD273E853B00CC7DCD /* 2_numeric_variants_no_givens_large_binary_reward */ = {isa = PBXFileReference; lastKnownFileType = folder; path = 2_numeric_variants_no_givens_large_binary_reward; sourceTree = "<group>"; };
		B3C412DE273E853C00CC7DCD /* primitive_variants_no_givens_binary_reward */ = {isa = PBXFileReference; lastKnownFileType = folder; path = primitive_variants_no_givens_binary_reward; sourceTree = "<group>"; };
		B3C412DF273E853C00CC7DCD /* 1000_numeric_variants_20_same_nested_givens_large_binary_reward */ = {isa = PBXFileReference; lastKnownFileType = folder; path = 1000_numeric_variants_20_same_nested_givens_large_binary_reward; sourceTree = "<group>"; };
		B3C412E0273E853C00CC7DCD /* 1000_numeric_variants_no_givens_small_binary_reward */ = {isa = PBXFileReference; lastKnownFileType = folder; path = 1000_numeric_variants_no_givens_small_binary_reward; sourceTree = "<group>"; };
		B3C412E1273E853C00CC7DCD /* 1000_numeric_variants_20_random_nested_givens_small_binary_reward */ = {isa = PBXFileReference; lastKnownFileType = folder; path = 1000_numeric_variants_20_random_nested_givens_small_binary_reward; sourceTree = "<group>"; };
		B3C412E2273E853C00CC7DCD /* 2_numeric_variants_100_random_nested_dict_givens_binary_reward */ = {isa = PBXFileReference; lastKnownFileType = folder; path = 2_numeric_variants_100_random_nested_dict_givens_binary_reward; sourceTree = "<group>"; };
		B3C412E3273E853C00CC7DCD /* 2_variants_20_huge_givens */ = {isa = PBXFileReference; lastKnownFileType = folder; path = 2_variants_20_huge_givens; sourceTree = "<group>"; };
		B3CB282B272A83620081C29F /* AppGivensProviderTest.m */ = {isa = PBXFileReference; lastKnownFileType = sourcecode.c.objc; path = AppGivensProviderTest.m; sourceTree = "<group>"; };
		B3DADC0726298C78004A82FA /* feature_encoder_test_suite.txt */ = {isa = PBXFileReference; fileEncoding = 4; lastKnownFileType = text; path = feature_encoder_test_suite.txt; sourceTree = "<group>"; };
		B3E850F52733DAAC002F02CF /* base62.h */ = {isa = PBXFileReference; lastKnownFileType = sourcecode.c.h; path = base62.h; sourceTree = "<group>"; };
		B3E850F62733DAAC002F02CF /* base62.c */ = {isa = PBXFileReference; lastKnownFileType = sourcecode.c.c; path = base62.c; sourceTree = "<group>"; };
		B3E850F92733DDF6002F02CF /* ksuid.h */ = {isa = PBXFileReference; lastKnownFileType = sourcecode.c.h; path = ksuid.h; sourceTree = "<group>"; };
		B3E850FA2733DDF6002F02CF /* ksuid.c */ = {isa = PBXFileReference; lastKnownFileType = sourcecode.c.c; path = ksuid.c; sourceTree = "<group>"; };
		B3F34BCF271EAE06006636D8 /* TestModel.dat */ = {isa = PBXFileReference; lastKnownFileType = file; path = TestModel.dat; sourceTree = "<group>"; };
		B3F34BD3271EB236006636D8 /* InvalidModel.dat */ = {isa = PBXFileReference; lastKnownFileType = file; path = InvalidModel.dat; sourceTree = "<group>"; };
		B3F34BD7271EB53B006636D8 /* TestModel.mlmodel.gz */ = {isa = PBXFileReference; lastKnownFileType = archive.gzip; path = TestModel.mlmodel.gz; sourceTree = "<group>"; };
		B3F34C562727ECE0006636D8 /* IMPModelDictionary.m */ = {isa = PBXFileReference; lastKnownFileType = sourcecode.c.objc; path = IMPModelDictionary.m; sourceTree = "<group>"; };
		B3F34C592727ECFA006636D8 /* IMPModelDictionary.h */ = {isa = PBXFileReference; lastKnownFileType = sourcecode.c.h; path = IMPModelDictionary.h; sourceTree = "<group>"; };
		B3F34C5E27294924006636D8 /* IMPGivensProvider.h */ = {isa = PBXFileReference; lastKnownFileType = sourcecode.c.h; path = IMPGivensProvider.h; sourceTree = "<group>"; };
		B3F34C6027294A5D006636D8 /* AppGivensProvider.h */ = {isa = PBXFileReference; lastKnownFileType = sourcecode.c.h; path = AppGivensProvider.h; sourceTree = "<group>"; };
		B3F34C6127294A5D006636D8 /* AppGivensProvider.m */ = {isa = PBXFileReference; lastKnownFileType = sourcecode.c.objc; path = AppGivensProvider.m; sourceTree = "<group>"; };
		B3F34C6527294D73006636D8 /* IMPGivensProvider.m */ = {isa = PBXFileReference; lastKnownFileType = sourcecode.c.objc; path = IMPGivensProvider.m; sourceTree = "<group>"; };
		B3F51D08269B58F200049F17 /* nested_list.json */ = {isa = PBXFileReference; fileEncoding = 4; lastKnownFileType = text.json; path = nested_list.json; sourceTree = "<group>"; };
		B3F51D09269B58F300049F17 /* noise_2_256.json */ = {isa = PBXFileReference; fileEncoding = 4; lastKnownFileType = text.json; path = noise_2_256.json; sourceTree = "<group>"; };
		B3F51D0A269B58F300049F17 /* nested_dict_string_keys.json */ = {isa = PBXFileReference; fileEncoding = 4; lastKnownFileType = text.json; path = nested_dict_string_keys.json; sourceTree = "<group>"; };
		B3F51D0B269B58F300049F17 /* primitive_dict_unicode_string_02.json */ = {isa = PBXFileReference; fileEncoding = 4; lastKnownFileType = text.json; path = primitive_dict_unicode_string_02.json; sourceTree = "<group>"; };
		B3F51D0C269B58F300049F17 /* foo_bar.json */ = {isa = PBXFileReference; fileEncoding = 4; lastKnownFileType = text.json; path = foo_bar.json; sourceTree = "<group>"; };
		B3F51D0D269B58F300049F17 /* big_int_positive.json */ = {isa = PBXFileReference; fileEncoding = 4; lastKnownFileType = text.json; path = big_int_positive.json; sourceTree = "<group>"; };
		B3F51D0E269B58F300049F17 /* bool_true.json */ = {isa = PBXFileReference; fileEncoding = 4; lastKnownFileType = text.json; path = bool_true.json; sourceTree = "<group>"; };
		B3F51D0F269B58F300049F17 /* unicode_string_with_u0000.json */ = {isa = PBXFileReference; fileEncoding = 4; lastKnownFileType = text.json; path = unicode_string_with_u0000.json; sourceTree = "<group>"; };
		B3F51D10269B58F300049F17 /* npnan.json */ = {isa = PBXFileReference; fileEncoding = 4; lastKnownFileType = text.json; path = npnan.json; sourceTree = "<group>"; };
		B3F51D11269B58F400049F17 /* primitive_dict_int_1.json */ = {isa = PBXFileReference; fileEncoding = 4; lastKnownFileType = text.json; path = primitive_dict_int_1.json; sourceTree = "<group>"; };
		B3F51D12269B58F400049F17 /* empty_list.json */ = {isa = PBXFileReference; fileEncoding = 4; lastKnownFileType = text.json; path = empty_list.json; sourceTree = "<group>"; };
		B3F51D13269B58F400049F17 /* noise_2_128.json */ = {isa = PBXFileReference; fileEncoding = 4; lastKnownFileType = text.json; path = noise_2_128.json; sourceTree = "<group>"; };
		B3F51D14269B58F400049F17 /* primitive_dict_newline_tab_return_symbols_string.json */ = {isa = PBXFileReference; fileEncoding = 4; lastKnownFileType = text.json; path = primitive_dict_newline_tab_return_symbols_string.json; sourceTree = "<group>"; };
		B3F51D15269B58F400049F17 /* primitive_dict_float_0.json */ = {isa = PBXFileReference; fileEncoding = 4; lastKnownFileType = text.json; path = primitive_dict_float_0.json; sourceTree = "<group>"; };
		B3F51D16269B58F400049F17 /* string.json */ = {isa = PBXFileReference; fileEncoding = 4; lastKnownFileType = text.json; path = string.json; sourceTree = "<group>"; };
		B3F51D17269B58F500049F17 /* primitive_dict_unicode_string_01.json */ = {isa = PBXFileReference; fileEncoding = 4; lastKnownFileType = text.json; path = primitive_dict_unicode_string_01.json; sourceTree = "<group>"; };
		B3F51D18269B58F500049F17 /* unicode_emoji_01.json */ = {isa = PBXFileReference; fileEncoding = 4; lastKnownFileType = text.json; path = unicode_emoji_01.json; sourceTree = "<group>"; };
		B3F51D19269B58F500049F17 /* primitive_dict_big_float.json */ = {isa = PBXFileReference; fileEncoding = 4; lastKnownFileType = text.json; path = primitive_dict_big_float.json; sourceTree = "<group>"; };
		B3F51D1A269B58F500049F17 /* external_collisions_01.json */ = {isa = PBXFileReference; fileEncoding = 4; lastKnownFileType = text.json; path = external_collisions_01.json; sourceTree = "<group>"; };
		B3F51D1B269B58F500049F17 /* primitive_dict_int64_big.json */ = {isa = PBXFileReference; fileEncoding = 4; lastKnownFileType = text.json; path = primitive_dict_int64_big.json; sourceTree = "<group>"; };
		B3F51D1C269B58F500049F17 /* primitive_dict_special_characters_string.json */ = {isa = PBXFileReference; fileEncoding = 4; lastKnownFileType = text.json; path = primitive_dict_special_characters_string.json; sourceTree = "<group>"; };
		B3F51D1D269B58F500049F17 /* primitive_dict_float_m1.json */ = {isa = PBXFileReference; fileEncoding = 4; lastKnownFileType = text.json; path = primitive_dict_float_m1.json; sourceTree = "<group>"; };
		B3F51D1E269B58F600049F17 /* unicode_emoji_in_key.json */ = {isa = PBXFileReference; fileEncoding = 4; lastKnownFileType = text.json; path = unicode_emoji_in_key.json; sourceTree = "<group>"; };
		B3F51D1F269B58F600049F17 /* primitive_dict_unicode_emoji_01.json */ = {isa = PBXFileReference; fileEncoding = 4; lastKnownFileType = text.json; path = primitive_dict_unicode_emoji_01.json; sourceTree = "<group>"; };
		B3F51D20269B58F600049F17 /* internal_collisions_03.json */ = {isa = PBXFileReference; fileEncoding = 4; lastKnownFileType = text.json; path = internal_collisions_03.json; sourceTree = "<group>"; };
		B3F51D21269B58F600049F17 /* primitive_dict_big_int_positive.json */ = {isa = PBXFileReference; fileEncoding = 4; lastKnownFileType = text.json; path = primitive_dict_big_int_positive.json; sourceTree = "<group>"; };
		B3F51D22269B58F600049F17 /* encode_feature_vector.json */ = {isa = PBXFileReference; fileEncoding = 4; lastKnownFileType = text.json; path = encode_feature_vector.json; sourceTree = "<group>"; };
		B3F51D23269B58F600049F17 /* leading_zeros_in_feature_names_01.json */ = {isa = PBXFileReference; fileEncoding = 4; lastKnownFileType = text.json; path = leading_zeros_in_feature_names_01.json; sourceTree = "<group>"; };
		B3F51D24269B58F600049F17 /* noise_3_128.json */ = {isa = PBXFileReference; fileEncoding = 4; lastKnownFileType = text.json; path = noise_3_128.json; sourceTree = "<group>"; };
		B3F51D25269B58F700049F17 /* primitive_dict_string.json */ = {isa = PBXFileReference; fileEncoding = 4; lastKnownFileType = text.json; path = primitive_dict_string.json; sourceTree = "<group>"; };
		B3F51D26269B58F700049F17 /* noise_1_string.json */ = {isa = PBXFileReference; fileEncoding = 4; lastKnownFileType = text.json; path = noise_1_string.json; sourceTree = "<group>"; };
		B3F51D27269B58F700049F17 /* float_m1.json */ = {isa = PBXFileReference; fileEncoding = 4; lastKnownFileType = text.json; path = float_m1.json; sourceTree = "<group>"; };
		B3F51D28269B58F700049F17 /* float_1.json */ = {isa = PBXFileReference; fileEncoding = 4; lastKnownFileType = text.json; path = float_1.json; sourceTree = "<group>"; };
		B3F51D29269B58F700049F17 /* sprinkled_equals_zero.json */ = {isa = PBXFileReference; fileEncoding = 4; lastKnownFileType = text.json; path = sprinkled_equals_zero.json; sourceTree = "<group>"; };
		B3F51D2A269B58F700049F17 /* primitive_dict_int_0.json */ = {isa = PBXFileReference; fileEncoding = 4; lastKnownFileType = text.json; path = primitive_dict_int_0.json; sourceTree = "<group>"; };
		B3F51D2B269B58F700049F17 /* primitive_dict_small_float.json */ = {isa = PBXFileReference; fileEncoding = 4; lastKnownFileType = text.json; path = primitive_dict_small_float.json; sourceTree = "<group>"; };
		B3F51D2C269B58F700049F17 /* primitive_dict_unicode_emoji_02.json */ = {isa = PBXFileReference; fileEncoding = 4; lastKnownFileType = text.json; path = primitive_dict_unicode_emoji_02.json; sourceTree = "<group>"; };
		B3F51D2D269B58F800049F17 /* special_characters_in_key_string.json */ = {isa = PBXFileReference; fileEncoding = 4; lastKnownFileType = text.json; path = special_characters_in_key_string.json; sourceTree = "<group>"; };
		B3F51D2E269B58F800049F17 /* internal_collisions_01.json */ = {isa = PBXFileReference; fileEncoding = 4; lastKnownFileType = text.json; path = internal_collisions_01.json; sourceTree = "<group>"; };
		B3F51D2F269B58F800049F17 /* int_0.json */ = {isa = PBXFileReference; fileEncoding = 4; lastKnownFileType = text.json; path = int_0.json; sourceTree = "<group>"; };
		B3F51D30269B58F800049F17 /* noise_3_256.json */ = {isa = PBXFileReference; fileEncoding = 4; lastKnownFileType = text.json; path = noise_3_256.json; sourceTree = "<group>"; };
		B3F51D31269B58F900049F17 /* unicode_string_02.json */ = {isa = PBXFileReference; fileEncoding = 4; lastKnownFileType = text.json; path = unicode_string_02.json; sourceTree = "<group>"; };
		B3F51D32269B58F900049F17 /* unicode_string_01.json */ = {isa = PBXFileReference; fileEncoding = 4; lastKnownFileType = text.json; path = unicode_string_01.json; sourceTree = "<group>"; };
		B3F51D33269B58F900049F17 /* primitive_dict_zero_length_string.json */ = {isa = PBXFileReference; fileEncoding = 4; lastKnownFileType = text.json; path = primitive_dict_zero_length_string.json; sourceTree = "<group>"; };
		B3F51D34269B58F900049F17 /* primitive_dict_bool_true.json */ = {isa = PBXFileReference; fileEncoding = 4; lastKnownFileType = text.json; path = primitive_dict_bool_true.json; sourceTree = "<group>"; };
		B3F51D35269B58FA00049F17 /* dict_foo_bar.json */ = {isa = PBXFileReference; fileEncoding = 4; lastKnownFileType = text.json; path = dict_foo_bar.json; sourceTree = "<group>"; };
		B3F51D36269B58FA00049F17 /* int_1.json */ = {isa = PBXFileReference; fileEncoding = 4; lastKnownFileType = text.json; path = int_1.json; sourceTree = "<group>"; };
		B3F51D37269B58FA00049F17 /* primitive_dict_int64_small.json */ = {isa = PBXFileReference; fileEncoding = 4; lastKnownFileType = text.json; path = primitive_dict_int64_small.json; sourceTree = "<group>"; };
		B3F51D38269B58FA00049F17 /* unicode_u0000.json */ = {isa = PBXFileReference; fileEncoding = 4; lastKnownFileType = text.json; path = unicode_u0000.json; sourceTree = "<group>"; };
		B3F51D39269B58FB00049F17 /* primitive_dict_int_m1.json */ = {isa = PBXFileReference; fileEncoding = 4; lastKnownFileType = text.json; path = primitive_dict_int_m1.json; sourceTree = "<group>"; };
		B3F51D3A269B58FB00049F17 /* primitive_dict_big_int_negative.json */ = {isa = PBXFileReference; fileEncoding = 4; lastKnownFileType = text.json; path = primitive_dict_big_int_negative.json; sourceTree = "<group>"; };
		B3F51D3B269B58FB00049F17 /* internal_collisions_02.json */ = {isa = PBXFileReference; fileEncoding = 4; lastKnownFileType = text.json; path = internal_collisions_02.json; sourceTree = "<group>"; };
		B3F51D3C269B58FB00049F17 /* external_collisions_02.json */ = {isa = PBXFileReference; fileEncoding = 4; lastKnownFileType = text.json; path = external_collisions_02.json; sourceTree = "<group>"; };
		B3F51D3D269B58FB00049F17 /* big_float.json */ = {isa = PBXFileReference; fileEncoding = 4; lastKnownFileType = text.json; path = big_float.json; sourceTree = "<group>"; };
		B3F51D3E269B58FB00049F17 /* zero_length_string.json */ = {isa = PBXFileReference; fileEncoding = 4; lastKnownFileType = text.json; path = zero_length_string.json; sourceTree = "<group>"; };
		B3F51D3F269B58FC00049F17 /* small_float.json */ = {isa = PBXFileReference; fileEncoding = 4; lastKnownFileType = text.json; path = small_float.json; sourceTree = "<group>"; };
		B3F51D40269B58FC00049F17 /* primitive_dict_bool_false.json */ = {isa = PBXFileReference; fileEncoding = 4; lastKnownFileType = text.json; path = primitive_dict_bool_false.json; sourceTree = "<group>"; };
		B3F51D41269B58FC00049F17 /* noise_0_string.json */ = {isa = PBXFileReference; fileEncoding = 4; lastKnownFileType = text.json; path = noise_0_string.json; sourceTree = "<group>"; };
		B3F51D42269B58FD00049F17 /* primitive_dict_unicode_string_with_u0000.json */ = {isa = PBXFileReference; fileEncoding = 4; lastKnownFileType = text.json; path = primitive_dict_unicode_string_with_u0000.json; sourceTree = "<group>"; };
		B3F51D43269B58FD00049F17 /* primitive_dict_unicode_u0000.json */ = {isa = PBXFileReference; fileEncoding = 4; lastKnownFileType = text.json; path = primitive_dict_unicode_u0000.json; sourceTree = "<group>"; };
		B3F51D44269B58FD00049F17 /* special_characters_string.json */ = {isa = PBXFileReference; fileEncoding = 4; lastKnownFileType = text.json; path = special_characters_string.json; sourceTree = "<group>"; };
		B3F51D45269B58FD00049F17 /* seed_int32_big.json */ = {isa = PBXFileReference; fileEncoding = 4; lastKnownFileType = text.json; path = seed_int32_big.json; sourceTree = "<group>"; };
		B3F51D46269B58FD00049F17 /* int_m1.json */ = {isa = PBXFileReference; fileEncoding = 4; lastKnownFileType = text.json; path = int_m1.json; sourceTree = "<group>"; };
		B3F51D47269B58FD00049F17 /* unicode_emoji_02.json */ = {isa = PBXFileReference; fileEncoding = 4; lastKnownFileType = text.json; path = unicode_emoji_02.json; sourceTree = "<group>"; };
		B3F51D48269B58FE00049F17 /* primitive_dict_foo_bar.json */ = {isa = PBXFileReference; fileEncoding = 4; lastKnownFileType = text.json; path = primitive_dict_foo_bar.json; sourceTree = "<group>"; };
		B3F51D49269B58FE00049F17 /* empty_dict.json */ = {isa = PBXFileReference; fileEncoding = 4; lastKnownFileType = text.json; path = empty_dict.json; sourceTree = "<group>"; };
		B3F51D4A269B58FE00049F17 /* leading_zeros_in_feature_names_02.json */ = {isa = PBXFileReference; fileEncoding = 4; lastKnownFileType = text.json; path = leading_zeros_in_feature_names_02.json; sourceTree = "<group>"; };
		B3F51D4B269B58FF00049F17 /* none.json */ = {isa = PBXFileReference; fileEncoding = 4; lastKnownFileType = text.json; path = none.json; sourceTree = "<group>"; };
		B3F51D4C269B58FF00049F17 /* int64_big.json */ = {isa = PBXFileReference; fileEncoding = 4; lastKnownFileType = text.json; path = int64_big.json; sourceTree = "<group>"; };
		B3F51D4D269B58FF00049F17 /* float_0.json */ = {isa = PBXFileReference; fileEncoding = 4; lastKnownFileType = text.json; path = float_0.json; sourceTree = "<group>"; };
		B3F51D4E269B58FF00049F17 /* big_int_negative.json */ = {isa = PBXFileReference; fileEncoding = 4; lastKnownFileType = text.json; path = big_int_negative.json; sourceTree = "<group>"; };
		B3F51D4F269B58FF00049F17 /* primitive_dict_float_1.json */ = {isa = PBXFileReference; fileEncoding = 4; lastKnownFileType = text.json; path = primitive_dict_float_1.json; sourceTree = "<group>"; };
		B3F51D50269B58FF00049F17 /* bool_false.json */ = {isa = PBXFileReference; fileEncoding = 4; lastKnownFileType = text.json; path = bool_false.json; sourceTree = "<group>"; };
		B3F51D51269B590000049F17 /* newline_tab_return_symbols_string.json */ = {isa = PBXFileReference; fileEncoding = 4; lastKnownFileType = text.json; path = newline_tab_return_symbols_string.json; sourceTree = "<group>"; };
		B3F51D52269B590000049F17 /* int64_small.json */ = {isa = PBXFileReference; fileEncoding = 4; lastKnownFileType = text.json; path = int64_small.json; sourceTree = "<group>"; };
		B3F51DA226A077B000049F17 /* feature_names.txt */ = {isa = PBXFileReference; fileEncoding = 4; lastKnownFileType = text; path = feature_names.txt; sourceTree = "<group>"; };
		E761D2FD2600454700F6F238 /* NSDictionary+MLFeatureProvider.h */ = {isa = PBXFileReference; lastKnownFileType = sourcecode.c.h; path = "NSDictionary+MLFeatureProvider.h"; sourceTree = "<group>"; };
		E761D2FE2600454700F6F238 /* NSDictionary+MLFeatureProvider.m */ = {isa = PBXFileReference; lastKnownFileType = sourcecode.c.objc; path = "NSDictionary+MLFeatureProvider.m"; sourceTree = "<group>"; };
/* End PBXFileReference section */

/* Begin PBXFrameworksBuildPhase section */
		54CB9B1C23D987800005BB94 /* Frameworks */ = {
			isa = PBXFrameworksBuildPhase;
			buildActionMask = 2147483647;
			files = (
			);
			runOnlyForDeploymentPostprocessing = 0;
		};
/* End PBXFrameworksBuildPhase section */

/* Begin PBXGroup section */
		549EE77D23EF3D040040D880 /* Downloader */ = {
			isa = PBXGroup;
			children = (
				549EE77E23EF3DD60040D880 /* IMPModelDownloader.h */,
				549EE77F23EF3DD60040D880 /* IMPModelDownloader.m */,
				B32938E82613EA930071F78E /* IMPStreamDownloadHandler.h */,
				B32938E92613EA930071F78E /* IMPStreamDownloadHandler.m */,
				B37E1333262EDF5D0042B761 /* IMPStreamDownloadManager.h */,
				B37E1334262EDF5D0042B761 /* IMPStreamDownloadManager.m */,
			);
			path = Downloader;
			sourceTree = "<group>";
		};
		54CA20F123FDB63300723655 /* Frameworks */ = {
			isa = PBXGroup;
			children = (
				54CA20F223FDB63300723655 /* libarchive.2.tbd */,
			);
			name = Frameworks;
			sourceTree = "<group>";
		};
		54CB9B1423D987590005BB94 = {
			isa = PBXGroup;
			children = (
				54CB9B2823D988D10005BB94 /* ImproveAI */,
				54CB9B2123D987800005BB94 /* ImproveUnitTests */,
				54CB9B2023D987800005BB94 /* Products */,
				54CA20F123FDB63300723655 /* Frameworks */,
			);
			sourceTree = "<group>";
		};
		54CB9B2023D987800005BB94 /* Products */ = {
			isa = PBXGroup;
			children = (
				54CB9B1F23D987800005BB94 /* ImproveUnitTests.xctest */,
			);
			name = Products;
			sourceTree = "<group>";
		};
		54CB9B2123D987800005BB94 /* ImproveUnitTests */ = {
			isa = PBXGroup;
			children = (
				B38D664528487C0400AFA725 /* resources */,
				B355488827A0FB7600A6E6C3 /* A-ZModel */,
				B3C4124E273E745D00CC7DCD /* ModelTestSuite */,
				B371835D2734F8E000FE03F1 /* KSUIDTest.m */,
				B3CB282B272A83620081C29F /* AppGivensProviderTest.m */,
				B3DADBE626298C45004A82FA /* FeatureEncoderTestSuite */,
				54BEA57B24BD9E5600F8A52C /* Tests.pch */,
				540B857E23E6CBF900D578A4 /* TestUtils.h */,
				54AC4DDC24537B80007CB073 /* TestUtils.m */,
				B3213C7B2608D67900052770 /* IMPDecisionModelTest.m */,
				B3F34BCF271EAE06006636D8 /* TestModel.dat */,
				B3F34BD3271EB236006636D8 /* InvalidModel.dat */,
				549EE78123F1C4AC0040D880 /* DownloaderTest.m */,
				54394F94254AA633009D1CF1 /* IMPDecisionTrackerTest.m */,
				54FCD00624C7401B00D30031 /* ImproveTrainingTest.m */,
				544A0E7F24BB7B5E007BB69D /* LoggingTest.m */,
				B3675EBC25FE2EA80040FDBB /* FeatureEncoderTest.m */,
				548BEE1E241241F500EFD26A /* TestModel.mlmodel */,
				B3F34BD7271EB53B006636D8 /* TestModel.mlmodel.gz */,
				54CB9B2423D987800005BB94 /* Info.plist */,
				B352915D26453300000274D6 /* IMPDecisionTest.m */,
				B352916226455F3B000274D6 /* ImproveUnitTests-Bridging-Header.h */,
				B3052C25279163EF0069FC51 /* IMPDecisionContextTest.m */,
			);
			path = ImproveUnitTests;
			sourceTree = "<group>";
		};
		54CB9B2823D988D10005BB94 /* ImproveAI */ = {
			isa = PBXGroup;
			children = (
				54CB9B2F23D988F00005BB94 /* Categories */,
				54CB9B3223D988F10005BB94 /* Classes */,
				54CB9B2923D988F00005BB94 /* ThirdParty */,
			);
			name = ImproveAI;
			sourceTree = "<group>";
		};
		54CB9B2923D988F00005BB94 /* ThirdParty */ = {
			isa = PBXGroup;
			children = (
				B3E850F42733DA6D002F02CF /* Ksuid */,
				B32938DE2612D75E0071F78E /* GZip */,
				B3675E9D25FE2C970040FDBB /* XXHash */,
			);
			name = ThirdParty;
			path = ../ThirdParty;
			sourceTree = "<group>";
		};
		54CB9B2F23D988F00005BB94 /* Categories */ = {
			isa = PBXGroup;
			children = (
				5496CE5823EC7CE7004E96C5 /* NSArray+Random.h */,
				5496CE5923EC7CE7004E96C5 /* NSArray+Random.m */,
				E761D2FD2600454700F6F238 /* NSDictionary+MLFeatureProvider.h */,
				E761D2FE2600454700F6F238 /* NSDictionary+MLFeatureProvider.m */,
				B37183582734F51800FE03F1 /* NSString+KSUID.h */,
				B37183592734F51800FE03F1 /* NSString+KSUID.m */,
			);
			name = Categories;
			path = ../Categories;
			sourceTree = "<group>";
		};
		54CB9B3223D988F10005BB94 /* Classes */ = {
			isa = PBXGroup;
			children = (
				B3F34C5D27294863006636D8 /* Provider */,
				E7D156A3271CABAA002A9FCD /* Tracker */,
				B3675EB725FE2E690040FDBB /* FeatureEncoder */,
				54CB9B3623D988F10005BB94 /* Utils */,
				549EE77D23EF3D040040D880 /* Downloader */,
				54394F20253DB815009D1CF1 /* IMPDecision.m */,
				54394F242540767F009D1CF1 /* IMPDecisionModel.m */,
				B3052C222791427F0069FC51 /* IMPDecisionContext.m */,
				B3F34C6527294D73006636D8 /* IMPGivensProvider.m */,
				B3F34C562727ECE0006636D8 /* IMPModelDictionary.m */,
				54394F1F253DB815009D1CF1 /* IMPDecision.h */,
				54394F232540767F009D1CF1 /* IMPDecisionModel.h */,
				B3052C212791427F0069FC51 /* IMPDecisionContext.h */,
				B3F34C5E27294924006636D8 /* IMPGivensProvider.h */,
				B3F34C592727ECFA006636D8 /* IMPModelDictionary.h */,
			);
			name = Classes;
			path = ../Classes;
			sourceTree = "<group>";
		};
		54CB9B3623D988F10005BB94 /* Utils */ = {
			isa = PBXGroup;
			children = (
				5496CE5C23ED5FFE004E96C5 /* IMPCommon.h */,
				544A0E7E24B6FF8B007BB69D /* IMPLogging.h */,
				54CB9B3823D988F10005BB94 /* IMPJSONUtils.h */,
				54CB9B3A23D988F10005BB94 /* IMPJSONUtils.m */,
				B3213C8326099B3800052770 /* IMPUtils.h */,
				B3213C8426099B3800052770 /* IMPUtils.m */,
				B36C84CD2674614800D0801B /* IMPConstants.h */,
				B3AD6AFC26BBD477008FCFF6 /* IMPConstants.m */,
			);
			path = Utils;
			sourceTree = "<group>";
		};
		B32938DE2612D75E0071F78E /* GZip */ = {
			isa = PBXGroup;
			children = (
				B32938DF2612D80F0071F78E /* NSData+GZIP.h */,
				B32938E02612D80F0071F78E /* NSData+GZIP.m */,
			);
			path = GZip;
			sourceTree = "<group>";
		};
		B355488827A0FB7600A6E6C3 /* A-ZModel */ = {
			isa = PBXGroup;
			children = (
				B355488C27A0FBFB00A6E6C3 /* a_z_model.mlmodel.gz */,
				B355488927A0FBF000A6E6C3 /* a_z.json */,
			);
			path = "A-ZModel";
			sourceTree = "<group>";
		};
		B3675E9D25FE2C970040FDBB /* XXHash */ = {
			isa = PBXGroup;
			children = (
				B3675EA325FE2E460040FDBB /* xxhash.c */,
				B3675EA125FE2E450040FDBB /* xxhash.h */,
			);
			path = XXHash;
			sourceTree = "<group>";
		};
		B3675EB725FE2E690040FDBB /* FeatureEncoder */ = {
			isa = PBXGroup;
			children = (
				B3675EB925FE2E900040FDBB /* IMPFeatureEncoder.h */,
				B3675EB825FE2E900040FDBB /* IMPFeatureEncoder.m */,
			);
			path = FeatureEncoder;
			sourceTree = "<group>";
		};
		B38D664528487C0400AFA725 /* resources */ = {
			isa = PBXGroup;
			children = (
				B38D664628487C2700AFA725 /* version_6_0.mlmodel */,
			);
			path = resources;
			sourceTree = "<group>";
		};
		B3C4124E273E745D00CC7DCD /* ModelTestSuite */ = {
			isa = PBXGroup;
			children = (
				B3C412E2273E853C00CC7DCD /* 2_numeric_variants_100_random_nested_dict_givens_binary_reward */,
				B3C412DB273E853B00CC7DCD /* 2_numeric_variants_no_givens_binary_reward */,
				B3C412DD273E853B00CC7DCD /* 2_numeric_variants_no_givens_large_binary_reward */,
				B3C412E3273E853C00CC7DCD /* 2_variants_20_huge_givens */,
				B3C412DC273E853B00CC7DCD /* 1000_list_of_numeric_variants_20_same_nested_givens_binary_reward */,
				B3C412E1273E853C00CC7DCD /* 1000_numeric_variants_20_random_nested_givens_small_binary_reward */,
				B3C412DF273E853C00CC7DCD /* 1000_numeric_variants_20_same_nested_givens_large_binary_reward */,
				B3C412E0273E853C00CC7DCD /* 1000_numeric_variants_no_givens_small_binary_reward */,
				B3C412DE273E853C00CC7DCD /* primitive_variants_no_givens_binary_reward */,
				B3C412D7273E84F500CC7DCD /* 0_and_nan */,
				B3C412D2273E814B00CC7DCD /* 2_nested_dict_variants_20_random_nested_dict_givens_large_binary_reward */,
				B3C412C7273E76B200CC7DCD /* model_test_suite.txt */,
			);
			path = ModelTestSuite;
			sourceTree = "<group>";
		};
		B3DADBE626298C45004A82FA /* FeatureEncoderTestSuite */ = {
			isa = PBXGroup;
			children = (
				B3F51DA226A077B000049F17 /* feature_names.txt */,
				B3F51D3D269B58FB00049F17 /* big_float.json */,
				B3F51D4E269B58FF00049F17 /* big_int_negative.json */,
				B3F51D0D269B58F300049F17 /* big_int_positive.json */,
				B3F51D50269B58FF00049F17 /* bool_false.json */,
				B3F51D0E269B58F300049F17 /* bool_true.json */,
				B3F51D35269B58FA00049F17 /* dict_foo_bar.json */,
				B3F51D49269B58FE00049F17 /* empty_dict.json */,
				B3F51D12269B58F400049F17 /* empty_list.json */,
				B3F51D22269B58F600049F17 /* encode_feature_vector.json */,
				B3F51D1A269B58F500049F17 /* external_collisions_01.json */,
				B3F51D3C269B58FB00049F17 /* external_collisions_02.json */,
				B3F51D4D269B58FF00049F17 /* float_0.json */,
				B3F51D28269B58F700049F17 /* float_1.json */,
				B3F51D27269B58F700049F17 /* float_m1.json */,
				B3F51D0C269B58F300049F17 /* foo_bar.json */,
				B3F51D2F269B58F800049F17 /* int_0.json */,
				B3F51D36269B58FA00049F17 /* int_1.json */,
				B3F51D46269B58FD00049F17 /* int_m1.json */,
				B3F51D4C269B58FF00049F17 /* int64_big.json */,
				B3F51D52269B590000049F17 /* int64_small.json */,
				B3F51D2E269B58F800049F17 /* internal_collisions_01.json */,
				B3F51D3B269B58FB00049F17 /* internal_collisions_02.json */,
				B3F51D20269B58F600049F17 /* internal_collisions_03.json */,
				B3F51D23269B58F600049F17 /* leading_zeros_in_feature_names_01.json */,
				B3F51D4A269B58FE00049F17 /* leading_zeros_in_feature_names_02.json */,
				B3F51D0A269B58F300049F17 /* nested_dict_string_keys.json */,
				B3F51D08269B58F200049F17 /* nested_list.json */,
				B3F51D51269B590000049F17 /* newline_tab_return_symbols_string.json */,
				B3F51D41269B58FC00049F17 /* noise_0_string.json */,
				B3F51D26269B58F700049F17 /* noise_1_string.json */,
				B3F51D13269B58F400049F17 /* noise_2_128.json */,
				B3F51D09269B58F300049F17 /* noise_2_256.json */,
				B3F51D24269B58F600049F17 /* noise_3_128.json */,
				B3F51D30269B58F800049F17 /* noise_3_256.json */,
				B3F51D4B269B58FF00049F17 /* none.json */,
				B3F51D10269B58F300049F17 /* npnan.json */,
				B3F51D19269B58F500049F17 /* primitive_dict_big_float.json */,
				B3F51D3A269B58FB00049F17 /* primitive_dict_big_int_negative.json */,
				B3F51D21269B58F600049F17 /* primitive_dict_big_int_positive.json */,
				B3F51D40269B58FC00049F17 /* primitive_dict_bool_false.json */,
				B3F51D34269B58F900049F17 /* primitive_dict_bool_true.json */,
				B3F51D15269B58F400049F17 /* primitive_dict_float_0.json */,
				B3F51D4F269B58FF00049F17 /* primitive_dict_float_1.json */,
				B3F51D1D269B58F500049F17 /* primitive_dict_float_m1.json */,
				B3F51D48269B58FE00049F17 /* primitive_dict_foo_bar.json */,
				B3F51D2A269B58F700049F17 /* primitive_dict_int_0.json */,
				B3F51D11269B58F400049F17 /* primitive_dict_int_1.json */,
				B3F51D39269B58FB00049F17 /* primitive_dict_int_m1.json */,
				B3F51D1B269B58F500049F17 /* primitive_dict_int64_big.json */,
				B3F51D37269B58FA00049F17 /* primitive_dict_int64_small.json */,
				B3F51D14269B58F400049F17 /* primitive_dict_newline_tab_return_symbols_string.json */,
				B3F51D2B269B58F700049F17 /* primitive_dict_small_float.json */,
				B3F51D1C269B58F500049F17 /* primitive_dict_special_characters_string.json */,
				B3F51D25269B58F700049F17 /* primitive_dict_string.json */,
				B3F51D1F269B58F600049F17 /* primitive_dict_unicode_emoji_01.json */,
				B3F51D2C269B58F700049F17 /* primitive_dict_unicode_emoji_02.json */,
				B3F51D17269B58F500049F17 /* primitive_dict_unicode_string_01.json */,
				B3F51D0B269B58F300049F17 /* primitive_dict_unicode_string_02.json */,
				B3F51D42269B58FD00049F17 /* primitive_dict_unicode_string_with_u0000.json */,
				B3F51D43269B58FD00049F17 /* primitive_dict_unicode_u0000.json */,
				B3F51D33269B58F900049F17 /* primitive_dict_zero_length_string.json */,
				B3F51D45269B58FD00049F17 /* seed_int32_big.json */,
				B3F51D3F269B58FC00049F17 /* small_float.json */,
				B3F51D2D269B58F800049F17 /* special_characters_in_key_string.json */,
				B3F51D44269B58FD00049F17 /* special_characters_string.json */,
				B3F51D29269B58F700049F17 /* sprinkled_equals_zero.json */,
				B3F51D16269B58F400049F17 /* string.json */,
				B3F51D18269B58F500049F17 /* unicode_emoji_01.json */,
				B3F51D47269B58FD00049F17 /* unicode_emoji_02.json */,
				B3F51D1E269B58F600049F17 /* unicode_emoji_in_key.json */,
				B3F51D32269B58F900049F17 /* unicode_string_01.json */,
				B3F51D31269B58F900049F17 /* unicode_string_02.json */,
				B3F51D0F269B58F300049F17 /* unicode_string_with_u0000.json */,
				B3F51D38269B58FA00049F17 /* unicode_u0000.json */,
				B3F51D3E269B58FB00049F17 /* zero_length_string.json */,
				B3DADC0726298C78004A82FA /* feature_encoder_test_suite.txt */,
			);
			path = FeatureEncoderTestSuite;
			sourceTree = "<group>";
		};
		B3E850F42733DA6D002F02CF /* Ksuid */ = {
			isa = PBXGroup;
			children = (
				B3E850F52733DAAC002F02CF /* base62.h */,
				B3E850F62733DAAC002F02CF /* base62.c */,
				B3E850F92733DDF6002F02CF /* ksuid.h */,
				B3E850FA2733DDF6002F02CF /* ksuid.c */,
			);
			path = Ksuid;
			sourceTree = "<group>";
		};
		B3F34C5D27294863006636D8 /* Provider */ = {
			isa = PBXGroup;
			children = (
				B3F34C6027294A5D006636D8 /* AppGivensProvider.h */,
				B3F34C6127294A5D006636D8 /* AppGivensProvider.m */,
			);
			path = Provider;
			sourceTree = "<group>";
		};
		E7D156A3271CABAA002A9FCD /* Tracker */ = {
			isa = PBXGroup;
			children = (
				54394F2725407690009D1CF1 /* IMPDecisionTracker.h */,
				54394F2825407690009D1CF1 /* IMPDecisionTracker.m */,
			);
			path = Tracker;
			sourceTree = "<group>";
		};
/* End PBXGroup section */

/* Begin PBXNativeTarget section */
		54CB9B1E23D987800005BB94 /* ImproveUnitTests */ = {
			isa = PBXNativeTarget;
			buildConfigurationList = 54CB9B2523D987800005BB94 /* Build configuration list for PBXNativeTarget "ImproveUnitTests" */;
			buildPhases = (
				54CB9B1B23D987800005BB94 /* Sources */,
				54CB9B1C23D987800005BB94 /* Frameworks */,
				54CB9B1D23D987800005BB94 /* Resources */,
			);
			buildRules = (
			);
			dependencies = (
			);
			name = ImproveUnitTests;
			productName = ImproveUnitTests;
			productReference = 54CB9B1F23D987800005BB94 /* ImproveUnitTests.xctest */;
			productType = "com.apple.product-type.bundle.unit-test";
		};
/* End PBXNativeTarget section */

/* Begin PBXProject section */
		54CB9B1523D987590005BB94 /* Project object */ = {
			isa = PBXProject;
			attributes = {
				LastUpgradeCheck = 1140;
				ORGANIZATIONNAME = "Mind Blown Apps, LLC";
				TargetAttributes = {
					54CB9B1E23D987800005BB94 = {
						CreatedOnToolsVersion = 11.3.1;
						LastSwiftMigration = 1240;
					};
				};
			};
			buildConfigurationList = 54CB9B1823D987590005BB94 /* Build configuration list for PBXProject "Tests" */;
			compatibilityVersion = "Xcode 9.3";
			developmentRegion = en;
			hasScannedForEncodings = 0;
			knownRegions = (
				en,
				Base,
			);
			mainGroup = 54CB9B1423D987590005BB94;
			productRefGroup = 54CB9B2023D987800005BB94 /* Products */;
			projectDirPath = "";
			projectRoot = "";
			targets = (
				54CB9B1E23D987800005BB94 /* ImproveUnitTests */,
			);
		};
/* End PBXProject section */

/* Begin PBXResourcesBuildPhase section */
		54CB9B1D23D987800005BB94 /* Resources */ = {
			isa = PBXResourcesBuildPhase;
			buildActionMask = 2147483647;
			files = (
				B3F34BD5271EB2D7006636D8 /* InvalidModel.dat in Resources */,
				B3F34BD1271EB0D1006636D8 /* TestModel.dat in Resources */,
				B3C412D3273E814B00CC7DCD /* 2_nested_dict_variants_20_random_nested_dict_givens_large_binary_reward in Resources */,
				B3F51D79269B590000049F17 /* internal_collisions_01.json in Resources */,
				B3F51D67269B590000049F17 /* primitive_dict_special_characters_string.json in Resources */,
				B3F51D6D269B590000049F17 /* encode_feature_vector.json in Resources */,
				B3F51D6C269B590000049F17 /* primitive_dict_big_int_positive.json in Resources */,
				B3F51D97269B590000049F17 /* int64_big.json in Resources */,
				B355488A27A0FBF000A6E6C3 /* a_z.json in Resources */,
				B3F51D5B269B590000049F17 /* npnan.json in Resources */,
				B3C412C8273E76B300CC7DCD /* model_test_suite.txt in Resources */,
				B3F51D9B269B590000049F17 /* bool_false.json in Resources */,
				B3F51D59269B590000049F17 /* bool_true.json in Resources */,
				B3F51D6A269B590000049F17 /* primitive_dict_unicode_emoji_01.json in Resources */,
				B3C412E4273E853D00CC7DCD /* 2_numeric_variants_no_givens_binary_reward in Resources */,
				B3F51D5D269B590000049F17 /* empty_list.json in Resources */,
				B3F51D71269B590000049F17 /* noise_1_string.json in Resources */,
				B3F51D81269B590000049F17 /* int_1.json in Resources */,
				B3C412E8273E853D00CC7DCD /* 1000_numeric_variants_20_same_nested_givens_large_binary_reward in Resources */,
				B3F51D95269B590000049F17 /* leading_zeros_in_feature_names_02.json in Resources */,
				B3F51D9D269B590000049F17 /* int64_small.json in Resources */,
				B3F51D96269B590000049F17 /* none.json in Resources */,
				B3C412D8273E84F500CC7DCD /* 0_and_nan in Resources */,
				B3F51D60269B590000049F17 /* primitive_dict_float_0.json in Resources */,
				B3F51D66269B590000049F17 /* primitive_dict_int64_big.json in Resources */,
				B3F51D61269B590000049F17 /* string.json in Resources */,
				B3C412EB273E853D00CC7DCD /* 2_numeric_variants_100_random_nested_dict_givens_binary_reward in Resources */,
				54A39AC525338DB800F895FF /* TestModel.mlmodel in Resources */,
				B3F51D8B269B590000049F17 /* primitive_dict_bool_false.json in Resources */,
				B3C412E6273E853D00CC7DCD /* 2_numeric_variants_no_givens_large_binary_reward in Resources */,
				B3F51D9A269B590000049F17 /* primitive_dict_float_1.json in Resources */,
				B3F34BD8271EB53B006636D8 /* TestModel.mlmodel.gz in Resources */,
				B3F51D99269B590000049F17 /* big_int_negative.json in Resources */,
				B3F51D76269B590000049F17 /* primitive_dict_small_float.json in Resources */,
				B3F51D85269B590000049F17 /* primitive_dict_big_int_negative.json in Resources */,
				B3F51D7A269B590000049F17 /* int_0.json in Resources */,
				B3F51D5C269B590000049F17 /* primitive_dict_int_1.json in Resources */,
				B3DADC4626298C7E004A82FA /* feature_encoder_test_suite.txt in Resources */,
				B3F51D65269B590000049F17 /* external_collisions_01.json in Resources */,
				B3F51D63269B590000049F17 /* unicode_emoji_01.json in Resources */,
				B3F51D78269B590000049F17 /* special_characters_in_key_string.json in Resources */,
				B3F51D7C269B590000049F17 /* unicode_string_02.json in Resources */,
				B3F51D8D269B590000049F17 /* primitive_dict_unicode_string_with_u0000.json in Resources */,
				B3F51D87269B590000049F17 /* external_collisions_02.json in Resources */,
				B3C412E7273E853D00CC7DCD /* primitive_variants_no_givens_binary_reward in Resources */,
				B3F51D56269B590000049F17 /* primitive_dict_unicode_string_02.json in Resources */,
				B3F51D6F269B590000049F17 /* noise_3_128.json in Resources */,
				B3F51D8F269B590000049F17 /* special_characters_string.json in Resources */,
				B3F51D73269B590000049F17 /* float_1.json in Resources */,
				B3F51D84269B590000049F17 /* primitive_dict_int_m1.json in Resources */,
				B3F51D7B269B590000049F17 /* noise_3_256.json in Resources */,
				B3F51D7D269B590000049F17 /* unicode_string_01.json in Resources */,
				B3F51D7F269B590000049F17 /* primitive_dict_bool_true.json in Resources */,
				B3F51D69269B590000049F17 /* unicode_emoji_in_key.json in Resources */,
				B3C412E9273E853D00CC7DCD /* 1000_numeric_variants_no_givens_small_binary_reward in Resources */,
				B3F51D86269B590000049F17 /* internal_collisions_02.json in Resources */,
				B3F51D58269B590000049F17 /* big_int_positive.json in Resources */,
				B3F51D9C269B590000049F17 /* newline_tab_return_symbols_string.json in Resources */,
				B3F51D64269B590000049F17 /* primitive_dict_big_float.json in Resources */,
				B3F51D98269B590000049F17 /* float_0.json in Resources */,
				B3F51D77269B590000049F17 /* primitive_dict_unicode_emoji_02.json in Resources */,
				B3F51DA326A077B000049F17 /* feature_names.txt in Resources */,
				B3F51D70269B590000049F17 /* primitive_dict_string.json in Resources */,
				B3F51D55269B590000049F17 /* nested_dict_string_keys.json in Resources */,
				B3F51D62269B590000049F17 /* primitive_dict_unicode_string_01.json in Resources */,
				B3F51D93269B590000049F17 /* primitive_dict_foo_bar.json in Resources */,
				B3F51D72269B590000049F17 /* float_m1.json in Resources */,
				B3C412EA273E853D00CC7DCD /* 1000_numeric_variants_20_random_nested_givens_small_binary_reward in Resources */,
				B3F51D5F269B590000049F17 /* primitive_dict_newline_tab_return_symbols_string.json in Resources */,
				B3C412EC273E853D00CC7DCD /* 2_variants_20_huge_givens in Resources */,
				B3F51D80269B590000049F17 /* dict_foo_bar.json in Resources */,
				B3F51D75269B590000049F17 /* primitive_dict_int_0.json in Resources */,
				B3F51D6B269B590000049F17 /* internal_collisions_03.json in Resources */,
				B355488D27A0FBFB00A6E6C3 /* a_z_model.mlmodel.gz in Resources */,
				B3C412E5273E853D00CC7DCD /* 1000_list_of_numeric_variants_20_same_nested_givens_binary_reward in Resources */,
				B3F51D68269B590000049F17 /* primitive_dict_float_m1.json in Resources */,
				B3F51D8C269B590000049F17 /* noise_0_string.json in Resources */,
				B3F51D88269B590000049F17 /* big_float.json in Resources */,
				B3F51D7E269B590000049F17 /* primitive_dict_zero_length_string.json in Resources */,
				B3F51D6E269B590000049F17 /* leading_zeros_in_feature_names_01.json in Resources */,
				B3F51D83269B590000049F17 /* unicode_u0000.json in Resources */,
				B3F51D57269B590000049F17 /* foo_bar.json in Resources */,
				B3F51D74269B590000049F17 /* sprinkled_equals_zero.json in Resources */,
				B3F51D53269B590000049F17 /* nested_list.json in Resources */,
				B3F51D5E269B590000049F17 /* noise_2_128.json in Resources */,
				B3F51D82269B590000049F17 /* primitive_dict_int64_small.json in Resources */,
				B3F51D5A269B590000049F17 /* unicode_string_with_u0000.json in Resources */,
				B3F51D54269B590000049F17 /* noise_2_256.json in Resources */,
				B3F51D91269B590000049F17 /* int_m1.json in Resources */,
				B3F51D90269B590000049F17 /* seed_int32_big.json in Resources */,
				B3F51D92269B590000049F17 /* unicode_emoji_02.json in Resources */,
				B3F51D8E269B590000049F17 /* primitive_dict_unicode_u0000.json in Resources */,
				B3F51D94269B590000049F17 /* empty_dict.json in Resources */,
				B3F51D8A269B590000049F17 /* small_float.json in Resources */,
				B3F51D89269B590000049F17 /* zero_length_string.json in Resources */,
			);
			runOnlyForDeploymentPostprocessing = 0;
		};
/* End PBXResourcesBuildPhase section */

/* Begin PBXSourcesBuildPhase section */
		54CB9B1B23D987800005BB94 /* Sources */ = {
			isa = PBXSourcesBuildPhase;
			buildActionMask = 2147483647;
			files = (
				B3CB2829272A80C00081C29F /* IMPConstants.m in Sources */,
				B371835A2734F51800FE03F1 /* NSString+KSUID.m in Sources */,
				B3213C8526099B3800052770 /* IMPUtils.m in Sources */,
				E761D2FF2600454700F6F238 /* NSDictionary+MLFeatureProvider.m in Sources */,
				B32938EA2613EA930071F78E /* IMPStreamDownloadHandler.m in Sources */,
				B3CB282C272A83620081C29F /* AppGivensProviderTest.m in Sources */,
				B371835E2734F8E000FE03F1 /* KSUIDTest.m in Sources */,
				54394F2925407690009D1CF1 /* IMPDecisionTracker.m in Sources */,
				B3F34C572727ECE0006636D8 /* IMPModelDictionary.m in Sources */,
				B3052C23279142810069FC51 /* IMPDecisionContext.m in Sources */,
				54394F99254AA752009D1CF1 /* IMPDecisionTrackerTest.m in Sources */,
				B3052C26279163EF0069FC51 /* IMPDecisionContextTest.m in Sources */,
				54394F21253DB815009D1CF1 /* IMPDecision.m in Sources */,
				544A0E8024BB7B5E007BB69D /* LoggingTest.m in Sources */,
				549EE78023EF3DD60040D880 /* IMPModelDownloader.m in Sources */,
				B32938E12612D80F0071F78E /* NSData+GZIP.m in Sources */,
				B37E1335262EDF5E0042B761 /* IMPStreamDownloadManager.m in Sources */,
				B352915E26453300000274D6 /* IMPDecisionTest.m in Sources */,
				549EE78223F1C4AC0040D880 /* DownloaderTest.m in Sources */,
				B3675EBA25FE2E900040FDBB /* IMPFeatureEncoder.m in Sources */,
				B3213C7C2608D67900052770 /* IMPDecisionModelTest.m in Sources */,
				54394F252540767F009D1CF1 /* IMPDecisionModel.m in Sources */,
				54CB9B4223D988F10005BB94 /* IMPJSONUtils.m in Sources */,
				B3F34C6627294D73006636D8 /* IMPGivensProvider.m in Sources */,
				B3675EA725FE2E460040FDBB /* xxhash.c in Sources */,
				B3675EBD25FE2EA80040FDBB /* FeatureEncoderTest.m in Sources */,
				54AC4DDD24537B80007CB073 /* TestUtils.m in Sources */,
				B3E850FB2733DDF6002F02CF /* ksuid.c in Sources */,
				B3E850F72733DAAC002F02CF /* base62.c in Sources */,
				5496CE5A23EC7CE7004E96C5 /* NSArray+Random.m in Sources */,
				B38D664728487C2700AFA725 /* version_6_0.mlmodel in Sources */,
				B3F34C6227294A5D006636D8 /* AppGivensProvider.m in Sources */,
			);
			runOnlyForDeploymentPostprocessing = 0;
		};
/* End PBXSourcesBuildPhase section */

/* Begin XCBuildConfiguration section */
		54CB9B1923D987590005BB94 /* Debug */ = {
			isa = XCBuildConfiguration;
			buildSettings = {
				CLANG_WARN_BLOCK_CAPTURE_AUTORELEASING = YES;
				CLANG_WARN_BOOL_CONVERSION = YES;
				CLANG_WARN_COMMA = YES;
				CLANG_WARN_CONSTANT_CONVERSION = YES;
				CLANG_WARN_DEPRECATED_OBJC_IMPLEMENTATIONS = YES;
				CLANG_WARN_EMPTY_BODY = YES;
				CLANG_WARN_ENUM_CONVERSION = YES;
				CLANG_WARN_INFINITE_RECURSION = YES;
				CLANG_WARN_INT_CONVERSION = YES;
				CLANG_WARN_NON_LITERAL_NULL_CONVERSION = YES;
				CLANG_WARN_OBJC_IMPLICIT_RETAIN_SELF = YES;
				CLANG_WARN_OBJC_LITERAL_CONVERSION = YES;
				CLANG_WARN_RANGE_LOOP_ANALYSIS = YES;
				CLANG_WARN_STRICT_PROTOTYPES = YES;
				CLANG_WARN_SUSPICIOUS_MOVE = YES;
				CLANG_WARN_UNREACHABLE_CODE = YES;
				CLANG_WARN__DUPLICATE_METHOD_MATCH = YES;
				ENABLE_STRICT_OBJC_MSGSEND = YES;
				ENABLE_TESTABILITY = YES;
				GCC_NO_COMMON_BLOCKS = YES;
				GCC_WARN_64_TO_32_BIT_CONVERSION = YES;
				GCC_WARN_ABOUT_RETURN_TYPE = YES;
				GCC_WARN_UNDECLARED_SELECTOR = YES;
				GCC_WARN_UNINITIALIZED_AUTOS = YES;
				GCC_WARN_UNUSED_FUNCTION = YES;
				GCC_WARN_UNUSED_VARIABLE = YES;
				IPHONEOS_DEPLOYMENT_TARGET = 12.0;
				ONLY_ACTIVE_ARCH = YES;
			};
			name = Debug;
		};
		54CB9B1A23D987590005BB94 /* Release */ = {
			isa = XCBuildConfiguration;
			buildSettings = {
				CLANG_WARN_BLOCK_CAPTURE_AUTORELEASING = YES;
				CLANG_WARN_BOOL_CONVERSION = YES;
				CLANG_WARN_COMMA = YES;
				CLANG_WARN_CONSTANT_CONVERSION = YES;
				CLANG_WARN_DEPRECATED_OBJC_IMPLEMENTATIONS = YES;
				CLANG_WARN_EMPTY_BODY = YES;
				CLANG_WARN_ENUM_CONVERSION = YES;
				CLANG_WARN_INFINITE_RECURSION = YES;
				CLANG_WARN_INT_CONVERSION = YES;
				CLANG_WARN_NON_LITERAL_NULL_CONVERSION = YES;
				CLANG_WARN_OBJC_IMPLICIT_RETAIN_SELF = YES;
				CLANG_WARN_OBJC_LITERAL_CONVERSION = YES;
				CLANG_WARN_RANGE_LOOP_ANALYSIS = YES;
				CLANG_WARN_STRICT_PROTOTYPES = YES;
				CLANG_WARN_SUSPICIOUS_MOVE = YES;
				CLANG_WARN_UNREACHABLE_CODE = YES;
				CLANG_WARN__DUPLICATE_METHOD_MATCH = YES;
				ENABLE_STRICT_OBJC_MSGSEND = YES;
				GCC_NO_COMMON_BLOCKS = YES;
				GCC_WARN_64_TO_32_BIT_CONVERSION = YES;
				GCC_WARN_ABOUT_RETURN_TYPE = YES;
				GCC_WARN_UNDECLARED_SELECTOR = YES;
				GCC_WARN_UNINITIALIZED_AUTOS = YES;
				GCC_WARN_UNUSED_FUNCTION = YES;
				GCC_WARN_UNUSED_VARIABLE = YES;
				IPHONEOS_DEPLOYMENT_TARGET = 12.0;
			};
			name = Release;
		};
		54CB9B2623D987800005BB94 /* Debug */ = {
			isa = XCBuildConfiguration;
			buildSettings = {
				ALWAYS_SEARCH_USER_PATHS = NO;
				CLANG_ANALYZER_NONNULL = YES;
				CLANG_ANALYZER_NUMBER_OBJECT_CONVERSION = YES_AGGRESSIVE;
				CLANG_CXX_LANGUAGE_STANDARD = "gnu++14";
				CLANG_CXX_LIBRARY = "libc++";
				CLANG_ENABLE_MODULES = YES;
				CLANG_ENABLE_OBJC_ARC = YES;
				CLANG_ENABLE_OBJC_WEAK = YES;
				CLANG_STATIC_ANALYZER_MODE = deep;
				CLANG_WARN_BLOCK_CAPTURE_AUTORELEASING = YES;
				CLANG_WARN_BOOL_CONVERSION = YES;
				CLANG_WARN_COMMA = YES;
				CLANG_WARN_CONSTANT_CONVERSION = YES;
				CLANG_WARN_DEPRECATED_OBJC_IMPLEMENTATIONS = YES;
				CLANG_WARN_DIRECT_OBJC_ISA_USAGE = YES_ERROR;
				CLANG_WARN_DOCUMENTATION_COMMENTS = YES;
				CLANG_WARN_EMPTY_BODY = YES;
				CLANG_WARN_ENUM_CONVERSION = YES;
				CLANG_WARN_INFINITE_RECURSION = YES;
				CLANG_WARN_INT_CONVERSION = YES;
				CLANG_WARN_NON_LITERAL_NULL_CONVERSION = YES;
				CLANG_WARN_OBJC_IMPLICIT_RETAIN_SELF = YES;
				CLANG_WARN_OBJC_LITERAL_CONVERSION = YES;
				CLANG_WARN_OBJC_ROOT_CLASS = YES_ERROR;
				CLANG_WARN_RANGE_LOOP_ANALYSIS = YES;
				CLANG_WARN_STRICT_PROTOTYPES = YES;
				CLANG_WARN_SUSPICIOUS_MOVE = YES;
				CLANG_WARN_UNGUARDED_AVAILABILITY = YES_AGGRESSIVE;
				CLANG_WARN_UNREACHABLE_CODE = YES;
				CLANG_WARN__DUPLICATE_METHOD_MATCH = YES;
				CODE_SIGN_STYLE = Automatic;
				COMBINE_HIDPI_IMAGES = YES;
				COPY_PHASE_STRIP = NO;
				DEBUG_INFORMATION_FORMAT = dwarf;
				DEVELOPMENT_TEAM = 95528648JL;
				ENABLE_STRICT_OBJC_MSGSEND = YES;
				ENABLE_TESTABILITY = YES;
				GCC_C_LANGUAGE_STANDARD = gnu11;
				GCC_DYNAMIC_NO_PIC = NO;
				GCC_NO_COMMON_BLOCKS = YES;
				GCC_OPTIMIZATION_LEVEL = 0;
				GCC_PREFIX_HEADER = ImproveUnitTests/Tests.pch;
				GCC_PREPROCESSOR_DEFINITIONS = (
					"DEBUG=1",
					"$(inherited)",
				);
				GCC_WARN_64_TO_32_BIT_CONVERSION = YES;
				GCC_WARN_ABOUT_RETURN_TYPE = YES_ERROR;
				GCC_WARN_UNDECLARED_SELECTOR = YES;
				GCC_WARN_UNINITIALIZED_AUTOS = YES_AGGRESSIVE;
				GCC_WARN_UNUSED_FUNCTION = YES;
				GCC_WARN_UNUSED_VARIABLE = YES;
				HEADER_SEARCH_PATHS = "$(PROJECT_DIR)/../../**";
				INFOPLIST_FILE = ImproveUnitTests/Info.plist;
				IPHONEOS_DEPLOYMENT_TARGET = 12.0;
				LD_RUNPATH_SEARCH_PATHS = (
					"$(inherited)",
					"@loader_path/../../ThirdParty",
					"@loader_path/../Frameworks",
				);
				LIBRARY_SEARCH_PATHS = "$(PROJECT_DIR)/../ThirdParty/**";
				MACOSX_DEPLOYMENT_TARGET = 10.15;
				MTL_ENABLE_DEBUG_INFO = INCLUDE_SOURCE;
				MTL_FAST_MATH = YES;
				ONLY_ACTIVE_ARCH = YES;
				PRODUCT_BUNDLE_IDENTIFIER = mindblownapps.ImproveUnitTests;
				PRODUCT_NAME = "$(TARGET_NAME)";
				RUN_CLANG_STATIC_ANALYZER = YES;
				SDKROOT = iphoneos;
				SWIFT_OBJC_BRIDGING_HEADER = "ImproveUnitTests/ImproveUnitTests-Bridging-Header.h";
				SWIFT_OPTIMIZATION_LEVEL = "-Onone";
				SWIFT_VERSION = 5.0;
			};
			name = Debug;
		};
		54CB9B2723D987800005BB94 /* Release */ = {
			isa = XCBuildConfiguration;
			buildSettings = {
				ALWAYS_SEARCH_USER_PATHS = NO;
				CLANG_ANALYZER_NONNULL = YES;
				CLANG_ANALYZER_NUMBER_OBJECT_CONVERSION = YES_AGGRESSIVE;
				CLANG_CXX_LANGUAGE_STANDARD = "gnu++14";
				CLANG_CXX_LIBRARY = "libc++";
				CLANG_ENABLE_MODULES = YES;
				CLANG_ENABLE_OBJC_ARC = YES;
				CLANG_ENABLE_OBJC_WEAK = YES;
				CLANG_STATIC_ANALYZER_MODE = deep;
				CLANG_WARN_BLOCK_CAPTURE_AUTORELEASING = YES;
				CLANG_WARN_BOOL_CONVERSION = YES;
				CLANG_WARN_COMMA = YES;
				CLANG_WARN_CONSTANT_CONVERSION = YES;
				CLANG_WARN_DEPRECATED_OBJC_IMPLEMENTATIONS = YES;
				CLANG_WARN_DIRECT_OBJC_ISA_USAGE = YES_ERROR;
				CLANG_WARN_DOCUMENTATION_COMMENTS = YES;
				CLANG_WARN_EMPTY_BODY = YES;
				CLANG_WARN_ENUM_CONVERSION = YES;
				CLANG_WARN_INFINITE_RECURSION = YES;
				CLANG_WARN_INT_CONVERSION = YES;
				CLANG_WARN_NON_LITERAL_NULL_CONVERSION = YES;
				CLANG_WARN_OBJC_IMPLICIT_RETAIN_SELF = YES;
				CLANG_WARN_OBJC_LITERAL_CONVERSION = YES;
				CLANG_WARN_OBJC_ROOT_CLASS = YES_ERROR;
				CLANG_WARN_RANGE_LOOP_ANALYSIS = YES;
				CLANG_WARN_STRICT_PROTOTYPES = YES;
				CLANG_WARN_SUSPICIOUS_MOVE = YES;
				CLANG_WARN_UNGUARDED_AVAILABILITY = YES_AGGRESSIVE;
				CLANG_WARN_UNREACHABLE_CODE = YES;
				CLANG_WARN__DUPLICATE_METHOD_MATCH = YES;
				CODE_SIGN_STYLE = Automatic;
				COMBINE_HIDPI_IMAGES = YES;
				COPY_PHASE_STRIP = NO;
				DEBUG_INFORMATION_FORMAT = "dwarf-with-dsym";
				DEVELOPMENT_TEAM = 95528648JL;
				ENABLE_NS_ASSERTIONS = NO;
				ENABLE_STRICT_OBJC_MSGSEND = YES;
				GCC_C_LANGUAGE_STANDARD = gnu11;
				GCC_NO_COMMON_BLOCKS = YES;
				GCC_PREFIX_HEADER = ImproveUnitTests/Tests.pch;
				GCC_WARN_64_TO_32_BIT_CONVERSION = YES;
				GCC_WARN_ABOUT_RETURN_TYPE = YES_ERROR;
				GCC_WARN_UNDECLARED_SELECTOR = YES;
				GCC_WARN_UNINITIALIZED_AUTOS = YES_AGGRESSIVE;
				GCC_WARN_UNUSED_FUNCTION = YES;
				GCC_WARN_UNUSED_VARIABLE = YES;
				HEADER_SEARCH_PATHS = "$(PROJECT_DIR)/../../**";
				INFOPLIST_FILE = ImproveUnitTests/Info.plist;
				IPHONEOS_DEPLOYMENT_TARGET = 12.0;
				LD_RUNPATH_SEARCH_PATHS = (
					"$(inherited)",
					"@loader_path/../../ThirdParty",
					"@loader_path/../Frameworks",
				);
				LIBRARY_SEARCH_PATHS = "$(PROJECT_DIR)/../ThirdParty/**";
				MACOSX_DEPLOYMENT_TARGET = 10.15;
				MTL_ENABLE_DEBUG_INFO = NO;
				MTL_FAST_MATH = YES;
				PRODUCT_BUNDLE_IDENTIFIER = mindblownapps.ImproveUnitTests;
				PRODUCT_NAME = "$(TARGET_NAME)";
				RUN_CLANG_STATIC_ANALYZER = YES;
				SDKROOT = iphoneos;
				SWIFT_OBJC_BRIDGING_HEADER = "ImproveUnitTests/ImproveUnitTests-Bridging-Header.h";
				SWIFT_VERSION = 5.0;
			};
			name = Release;
		};
/* End XCBuildConfiguration section */

/* Begin XCConfigurationList section */
		54CB9B1823D987590005BB94 /* Build configuration list for PBXProject "Tests" */ = {
			isa = XCConfigurationList;
			buildConfigurations = (
				54CB9B1923D987590005BB94 /* Debug */,
				54CB9B1A23D987590005BB94 /* Release */,
			);
			defaultConfigurationIsVisible = 0;
			defaultConfigurationName = Release;
		};
		54CB9B2523D987800005BB94 /* Build configuration list for PBXNativeTarget "ImproveUnitTests" */ = {
			isa = XCConfigurationList;
			buildConfigurations = (
				54CB9B2623D987800005BB94 /* Debug */,
				54CB9B2723D987800005BB94 /* Release */,
			);
			defaultConfigurationIsVisible = 0;
			defaultConfigurationName = Release;
		};
/* End XCConfigurationList section */
	};
	rootObject = 54CB9B1523D987590005BB94 /* Project object */;
}
